<?xml version="1.0" encoding="UTF-8"?>
<!DOCTYPE plist PUBLIC "-//Apple//DTD PLIST 1.0//EN" "http://www.apple.com/DTDs/PropertyList-1.0.dtd">
<plist version="1.0">
<dict>
	<key>archiveVersion</key>
	<string>1</string>
	<key>classes</key>
	<dict>
	</dict>
	<key>objectVersion</key>
	<string>46</string>
	<key>objects</key>
	<dict>
		<key>1DD70E29001F47FB00000000</key>
		<dict>
			<key>isa</key>
			<string>PBXFileReference</string>
			<key>name</key>
			<string>BUCK</string>
			<key>path</key>
			<string>BUCK</string>
			<key>sourceTree</key>
			<string>SOURCE_ROOT</string>
			<key>explicitFileType</key>
			<string>text.script.python</string>
		</dict>
		<key>1DD70E2935A1854E00000000</key>
		<dict>
			<key>isa</key>
			<string>PBXFileReference</string>
			<key>name</key>
			<string>ChartDetailsView.swift</string>
			<key>path</key>
			<string>Sources/Chart Screen/ChartDetailsView.swift</string>
			<key>sourceTree</key>
			<string>SOURCE_ROOT</string>
		</dict>
		<key>1DD70E29A497648000000000</key>
		<dict>
			<key>isa</key>
			<string>PBXFileReference</string>
			<key>name</key>
			<string>ChartStackSection.swift</string>
			<key>path</key>
			<string>Sources/Chart Screen/ChartStackSection.swift</string>
			<key>sourceTree</key>
			<string>SOURCE_ROOT</string>
		</dict>
		<key>1DD70E29538DC3E800000000</key>
		<dict>
			<key>isa</key>
			<string>PBXFileReference</string>
			<key>name</key>
			<string>ChartView.swift</string>
			<key>path</key>
			<string>Sources/Chart Screen/ChartView.swift</string>
			<key>sourceTree</key>
			<string>SOURCE_ROOT</string>
		</dict>
		<key>1DD70E2930768A8D00000000</key>
		<dict>
			<key>isa</key>
			<string>PBXFileReference</string>
			<key>name</key>
			<string>ChartVisibilityItemView.swift</string>
			<key>path</key>
			<string>Sources/Chart Screen/ChartVisibilityItemView.swift</string>
			<key>sourceTree</key>
			<string>SOURCE_ROOT</string>
		</dict>
		<key>1DD70E2938C2F71A00000000</key>
		<dict>
			<key>isa</key>
			<string>PBXFileReference</string>
			<key>name</key>
			<string>ChartVisibilityView.swift</string>
			<key>path</key>
			<string>Sources/Chart Screen/ChartVisibilityView.swift</string>
			<key>sourceTree</key>
			<string>SOURCE_ROOT</string>
		</dict>
		<key>1DD70E29DCA39FD700000000</key>
		<dict>
			<key>isa</key>
			<string>PBXFileReference</string>
			<key>name</key>
			<string>ChartsDataLoader.swift</string>
			<key>path</key>
			<string>Sources/Chart Screen/ChartsDataLoader.swift</string>
			<key>sourceTree</key>
			<string>SOURCE_ROOT</string>
		</dict>
		<key>1DD70E29B2DFADB900000000</key>
		<dict>
			<key>isa</key>
			<string>PBXFileReference</string>
			<key>name</key>
			<string>ChartsStackViewController.swift</string>
			<key>path</key>
			<string>Sources/Chart Screen/ChartsStackViewController.swift</string>
			<key>sourceTree</key>
			<string>SOURCE_ROOT</string>
		</dict>
		<key>1DD70E295C877D2B00000000</key>
		<dict>
			<key>isa</key>
			<string>PBXFileReference</string>
			<key>name</key>
			<string>RangeChartView.swift</string>
			<key>path</key>
			<string>Sources/Chart Screen/RangeChartView.swift</string>
			<key>sourceTree</key>
			<string>SOURCE_ROOT</string>
		</dict>
		<key>B401C97958CE9B2E00000000</key>
		<dict>
			<key>isa</key>
			<string>PBXGroup</string>
			<key>name</key>
			<string>Chart Screen</string>
			<key>path</key>
			<string>Sources/Chart Screen</string>
			<key>sourceTree</key>
			<string>SOURCE_ROOT</string>
			<key>children</key>
			<array>
				<string>1DD70E2935A1854E00000000</string>
				<string>1DD70E29A497648000000000</string>
				<string>1DD70E29538DC3E800000000</string>
				<string>1DD70E2930768A8D00000000</string>
				<string>1DD70E2938C2F71A00000000</string>
				<string>1DD70E29DCA39FD700000000</string>
				<string>1DD70E29B2DFADB900000000</string>
				<string>1DD70E295C877D2B00000000</string>
			</array>
		</dict>
		<key>1DD70E2960190B5100000000</key>
		<dict>
			<key>isa</key>
			<string>PBXFileReference</string>
			<key>name</key>
			<string>BaseLinesChartController.swift</string>
			<key>path</key>
			<string>Sources/Charts/Controllers/Lines/BaseLinesChartController.swift</string>
			<key>sourceTree</key>
			<string>SOURCE_ROOT</string>
		</dict>
		<key>1DD70E29766C026800000000</key>
		<dict>
			<key>isa</key>
			<string>PBXFileReference</string>
			<key>name</key>
			<string>GeneralLinesChartController.swift</string>
			<key>path</key>
			<string>Sources/Charts/Controllers/Lines/GeneralLinesChartController.swift</string>
			<key>sourceTree</key>
			<string>SOURCE_ROOT</string>
		</dict>
		<key>1DD70E297A04BD4D00000000</key>
		<dict>
			<key>isa</key>
			<string>PBXFileReference</string>
			<key>name</key>
			<string>TwoAxisLinesChartController.swift</string>
			<key>path</key>
			<string>Sources/Charts/Controllers/Lines/TwoAxisLinesChartController.swift</string>
			<key>sourceTree</key>
			<string>SOURCE_ROOT</string>
		</dict>
		<key>B401C97904605EDF00000000</key>
		<dict>
			<key>isa</key>
			<string>PBXGroup</string>
			<key>name</key>
			<string>Lines</string>
			<key>path</key>
			<string>Sources/Charts/Controllers/Lines</string>
			<key>sourceTree</key>
			<string>SOURCE_ROOT</string>
			<key>children</key>
			<array>
				<string>1DD70E2960190B5100000000</string>
				<string>1DD70E29766C026800000000</string>
				<string>1DD70E297A04BD4D00000000</string>
			</array>
		</dict>
		<key>1DD70E29B32327A500000000</key>
		<dict>
			<key>isa</key>
			<string>PBXFileReference</string>
			<key>name</key>
			<string>PercentChartComponentController.swift</string>
			<key>path</key>
			<string>Sources/Charts/Controllers/Percent And Pie/PercentChartComponentController.swift</string>
			<key>sourceTree</key>
			<string>SOURCE_ROOT</string>
		</dict>
		<key>1DD70E29E3E8985800000000</key>
		<dict>
			<key>isa</key>
			<string>PBXFileReference</string>
			<key>name</key>
			<string>PercentPieChartController.swift</string>
			<key>path</key>
			<string>Sources/Charts/Controllers/Percent And Pie/PercentPieChartController.swift</string>
			<key>sourceTree</key>
			<string>SOURCE_ROOT</string>
		</dict>
		<key>1DD70E290CAA2EAC00000000</key>
		<dict>
			<key>isa</key>
			<string>PBXFileReference</string>
			<key>name</key>
			<string>PieChartComponentController.swift</string>
			<key>path</key>
			<string>Sources/Charts/Controllers/Percent And Pie/PieChartComponentController.swift</string>
			<key>sourceTree</key>
			<string>SOURCE_ROOT</string>
		</dict>
		<key>B401C97971C9B68800000000</key>
		<dict>
			<key>isa</key>
			<string>PBXGroup</string>
			<key>name</key>
			<string>Percent And Pie</string>
			<key>path</key>
			<string>Sources/Charts/Controllers/Percent And Pie</string>
			<key>sourceTree</key>
			<string>SOURCE_ROOT</string>
			<key>children</key>
			<array>
				<string>1DD70E29B32327A500000000</string>
				<string>1DD70E29E3E8985800000000</string>
				<string>1DD70E290CAA2EAC00000000</string>
			</array>
		</dict>
		<key>1DD70E294CB8115E00000000</key>
		<dict>
			<key>isa</key>
			<string>PBXFileReference</string>
			<key>name</key>
			<string>BarsComponentController.swift</string>
			<key>path</key>
			<string>Sources/Charts/Controllers/Stacked Bars/BarsComponentController.swift</string>
			<key>sourceTree</key>
			<string>SOURCE_ROOT</string>
		</dict>
		<key>1DD70E29B2C7F66600000000</key>
		<dict>
			<key>isa</key>
			<string>PBXFileReference</string>
			<key>name</key>
			<string>DailyBarsChartController.swift</string>
			<key>path</key>
			<string>Sources/Charts/Controllers/Stacked Bars/DailyBarsChartController.swift</string>
			<key>sourceTree</key>
			<string>SOURCE_ROOT</string>
		</dict>
		<key>1DD70E291CA65A3F00000000</key>
		<dict>
			<key>isa</key>
			<string>PBXFileReference</string>
			<key>name</key>
			<string>LinesComponentController.swift</string>
			<key>path</key>
			<string>Sources/Charts/Controllers/Stacked Bars/LinesComponentController.swift</string>
			<key>sourceTree</key>
			<string>SOURCE_ROOT</string>
		</dict>
		<key>1DD70E29E3AD6B1800000000</key>
		<dict>
			<key>isa</key>
			<string>PBXFileReference</string>
			<key>name</key>
			<string>StackedBarsChartController.swift</string>
			<key>path</key>
			<string>Sources/Charts/Controllers/Stacked Bars/StackedBarsChartController.swift</string>
			<key>sourceTree</key>
			<string>SOURCE_ROOT</string>
		</dict>
		<key>B401C979D2FE925900000000</key>
		<dict>
			<key>isa</key>
			<string>PBXGroup</string>
			<key>name</key>
			<string>Stacked Bars</string>
			<key>path</key>
			<string>Sources/Charts/Controllers/Stacked Bars</string>
			<key>sourceTree</key>
			<string>SOURCE_ROOT</string>
			<key>children</key>
			<array>
				<string>1DD70E294CB8115E00000000</string>
				<string>1DD70E29B2C7F66600000000</string>
				<string>1DD70E291CA65A3F00000000</string>
				<string>1DD70E29E3AD6B1800000000</string>
			</array>
		</dict>
		<key>1DD70E29F8DECECE00000000</key>
		<dict>
			<key>isa</key>
			<string>PBXFileReference</string>
			<key>name</key>
			<string>BaseChartController.swift</string>
			<key>path</key>
			<string>Sources/Charts/Controllers/BaseChartController.swift</string>
			<key>sourceTree</key>
			<string>SOURCE_ROOT</string>
		</dict>
		<key>1DD70E29B3544D0800000000</key>
		<dict>
			<key>isa</key>
			<string>PBXFileReference</string>
			<key>name</key>
			<string>GeneralChartComponentController.swift</string>
			<key>path</key>
			<string>Sources/Charts/Controllers/GeneralChartComponentController.swift</string>
			<key>sourceTree</key>
			<string>SOURCE_ROOT</string>
		</dict>
		<key>B401C979FD37B83700000000</key>
		<dict>
			<key>isa</key>
			<string>PBXGroup</string>
			<key>name</key>
			<string>Controllers</string>
			<key>path</key>
			<string>Sources/Charts/Controllers</string>
			<key>sourceTree</key>
			<string>SOURCE_ROOT</string>
			<key>children</key>
			<array>
				<string>B401C97904605EDF00000000</string>
				<string>B401C97971C9B68800000000</string>
				<string>B401C979D2FE925900000000</string>
				<string>1DD70E29F8DECECE00000000</string>
				<string>1DD70E29B3544D0800000000</string>
			</array>
		</dict>
		<key>1DD70E29355C75B300000000</key>
		<dict>
			<key>isa</key>
			<string>PBXFileReference</string>
			<key>name</key>
			<string>BarChartRenderer.swift</string>
			<key>path</key>
			<string>Sources/Charts/Renderes/BarChartRenderer.swift</string>
			<key>sourceTree</key>
			<string>SOURCE_ROOT</string>
		</dict>
		<key>1DD70E29BFE0F1F500000000</key>
		<dict>
			<key>isa</key>
			<string>PBXFileReference</string>
			<key>name</key>
			<string>BaseChartRenderer.swift</string>
			<key>path</key>
			<string>Sources/Charts/Renderes/BaseChartRenderer.swift</string>
			<key>sourceTree</key>
			<string>SOURCE_ROOT</string>
		</dict>
		<key>1DD70E29E0C47AEC00000000</key>
		<dict>
			<key>isa</key>
			<string>PBXFileReference</string>
			<key>name</key>
			<string>ChartDetailsRenderer.swift</string>
			<key>path</key>
			<string>Sources/Charts/Renderes/ChartDetailsRenderer.swift</string>
			<key>sourceTree</key>
			<string>SOURCE_ROOT</string>
		</dict>
		<key>1DD70E29EF10E05500000000</key>
		<dict>
			<key>isa</key>
			<string>PBXFileReference</string>
			<key>name</key>
			<string>HorizontalScalesRenderer.swift</string>
			<key>path</key>
			<string>Sources/Charts/Renderes/HorizontalScalesRenderer.swift</string>
			<key>sourceTree</key>
			<string>SOURCE_ROOT</string>
		</dict>
		<key>1DD70E298D33061D00000000</key>
		<dict>
			<key>isa</key>
			<string>PBXFileReference</string>
			<key>name</key>
			<string>LineBulletsRenerer.swift</string>
			<key>path</key>
			<string>Sources/Charts/Renderes/LineBulletsRenerer.swift</string>
			<key>sourceTree</key>
			<string>SOURCE_ROOT</string>
		</dict>
		<key>1DD70E29AD2C7B4700000000</key>
		<dict>
			<key>isa</key>
			<string>PBXFileReference</string>
			<key>name</key>
			<string>LinesChartRenderer.swift</string>
			<key>path</key>
			<string>Sources/Charts/Renderes/LinesChartRenderer.swift</string>
			<key>sourceTree</key>
			<string>SOURCE_ROOT</string>
		</dict>
		<key>1DD70E297990D02900000000</key>
		<dict>
			<key>isa</key>
			<string>PBXFileReference</string>
			<key>name</key>
			<string>PecentChartRenderer.swift</string>
			<key>path</key>
			<string>Sources/Charts/Renderes/PecentChartRenderer.swift</string>
			<key>sourceTree</key>
			<string>SOURCE_ROOT</string>
		</dict>
		<key>1DD70E29B81E2AA500000000</key>
		<dict>
			<key>isa</key>
			<string>PBXFileReference</string>
			<key>name</key>
			<string>PercentPieAnimationRenderer.swift</string>
			<key>path</key>
			<string>Sources/Charts/Renderes/PercentPieAnimationRenderer.swift</string>
			<key>sourceTree</key>
			<string>SOURCE_ROOT</string>
		</dict>
		<key>1DD70E299183B55800000000</key>
		<dict>
			<key>isa</key>
			<string>PBXFileReference</string>
			<key>name</key>
			<string>PerformanceRenderer.swift</string>
			<key>path</key>
			<string>Sources/Charts/Renderes/PerformanceRenderer.swift</string>
			<key>sourceTree</key>
			<string>SOURCE_ROOT</string>
		</dict>
		<key>1DD70E29323C739A00000000</key>
		<dict>
			<key>isa</key>
			<string>PBXFileReference</string>
			<key>name</key>
			<string>PieChartRenderer.swift</string>
			<key>path</key>
			<string>Sources/Charts/Renderes/PieChartRenderer.swift</string>
			<key>sourceTree</key>
			<string>SOURCE_ROOT</string>
		</dict>
		<key>1DD70E29E142B69100000000</key>
		<dict>
			<key>isa</key>
			<string>PBXFileReference</string>
			<key>name</key>
			<string>VerticalLinesRenderer.swift</string>
			<key>path</key>
			<string>Sources/Charts/Renderes/VerticalLinesRenderer.swift</string>
			<key>sourceTree</key>
			<string>SOURCE_ROOT</string>
		</dict>
		<key>1DD70E29458F66A700000000</key>
		<dict>
			<key>isa</key>
			<string>PBXFileReference</string>
			<key>name</key>
			<string>VerticalScalesRenderer.swift</string>
			<key>path</key>
			<string>Sources/Charts/Renderes/VerticalScalesRenderer.swift</string>
			<key>sourceTree</key>
			<string>SOURCE_ROOT</string>
		</dict>
		<key>B401C979E65BA4E400000000</key>
		<dict>
			<key>isa</key>
			<string>PBXGroup</string>
			<key>name</key>
			<string>Renderes</string>
			<key>path</key>
			<string>Sources/Charts/Renderes</string>
			<key>sourceTree</key>
			<string>SOURCE_ROOT</string>
			<key>children</key>
			<array>
				<string>1DD70E29355C75B300000000</string>
				<string>1DD70E29BFE0F1F500000000</string>
				<string>1DD70E29E0C47AEC00000000</string>
				<string>1DD70E29EF10E05500000000</string>
				<string>1DD70E298D33061D00000000</string>
				<string>1DD70E29AD2C7B4700000000</string>
				<string>1DD70E297990D02900000000</string>
				<string>1DD70E29B81E2AA500000000</string>
				<string>1DD70E299183B55800000000</string>
				<string>1DD70E29323C739A00000000</string>
				<string>1DD70E29E142B69100000000</string>
				<string>1DD70E29458F66A700000000</string>
			</array>
		</dict>
		<key>B401C979783C107500000001</key>
		<dict>
			<key>isa</key>
			<string>PBXGroup</string>
			<key>name</key>
			<string>Charts</string>
			<key>path</key>
			<string>Sources/Charts</string>
			<key>sourceTree</key>
			<string>SOURCE_ROOT</string>
			<key>children</key>
			<array>
				<string>B401C979FD37B83700000000</string>
				<string>B401C979E65BA4E400000000</string>
			</array>
		</dict>
		<key>1DD70E291D61B55800000000</key>
		<dict>
			<key>isa</key>
			<string>PBXFileReference</string>
			<key>name</key>
			<string>ChartsCollection.swift</string>
			<key>path</key>
			<string>Sources/Charts Reader/ChartsCollection.swift</string>
			<key>sourceTree</key>
			<string>SOURCE_ROOT</string>
		</dict>
		<key>1DD70E2966AE111300000000</key>
		<dict>
			<key>isa</key>
			<string>PBXFileReference</string>
			<key>name</key>
			<string>ChartsDataManager.swift</string>
			<key>path</key>
			<string>Sources/Charts Reader/ChartsDataManager.swift</string>
			<key>sourceTree</key>
			<string>SOURCE_ROOT</string>
		</dict>
		<key>1DD70E29C7D082F800000000</key>
		<dict>
			<key>isa</key>
			<string>PBXFileReference</string>
			<key>name</key>
			<string>ChartsError.swift</string>
			<key>path</key>
			<string>Sources/Charts Reader/ChartsError.swift</string>
			<key>sourceTree</key>
			<string>SOURCE_ROOT</string>
		</dict>
		<key>1DD70E29651425F800000000</key>
		<dict>
			<key>isa</key>
			<string>PBXFileReference</string>
			<key>name</key>
			<string>Convert.swift</string>
			<key>path</key>
			<string>Sources/Charts Reader/Convert.swift</string>
			<key>sourceTree</key>
			<string>SOURCE_ROOT</string>
		</dict>
		<key>B401C979C76D1EEE00000000</key>
		<dict>
			<key>isa</key>
			<string>PBXGroup</string>
			<key>name</key>
			<string>Charts Reader</string>
			<key>path</key>
			<string>Sources/Charts Reader</string>
			<key>sourceTree</key>
			<string>SOURCE_ROOT</string>
			<key>children</key>
			<array>
				<string>1DD70E291D61B55800000000</string>
				<string>1DD70E2966AE111300000000</string>
				<string>1DD70E29C7D082F800000000</string>
				<string>1DD70E29651425F800000000</string>
			</array>
		</dict>
		<key>1DD70E292025A0C500000000</key>
		<dict>
			<key>isa</key>
			<string>PBXFileReference</string>
			<key>name</key>
			<string>AnimationController.swift</string>
			<key>path</key>
			<string>Sources/Helpers/AnimationController.swift</string>
			<key>sourceTree</key>
			<string>SOURCE_ROOT</string>
		</dict>
		<key>1DD70E296A58962400000000</key>
		<dict>
			<key>isa</key>
			<string>PBXFileReference</string>
			<key>name</key>
			<string>Array+Utils.swift</string>
			<key>path</key>
			<string>Sources/Helpers/Array+Utils.swift</string>
			<key>sourceTree</key>
			<string>SOURCE_ROOT</string>
		</dict>
		<key>1DD70E29477050FD00000000</key>
		<dict>
			<key>isa</key>
			<string>PBXFileReference</string>
			<key>name</key>
			<string>CGFloat.swift</string>
			<key>path</key>
			<string>Sources/Helpers/CGFloat.swift</string>
			<key>sourceTree</key>
			<string>SOURCE_ROOT</string>
		</dict>
		<key>1DD70E29CCF1D3F800000000</key>
		<dict>
			<key>isa</key>
			<string>PBXFileReference</string>
			<key>name</key>
			<string>CGPoint+Extensions.swift</string>
			<key>path</key>
			<string>Sources/Helpers/CGPoint+Extensions.swift</string>
			<key>sourceTree</key>
			<string>SOURCE_ROOT</string>
		</dict>
		<key>1DD70E29A919A2FC00000000</key>
		<dict>
			<key>isa</key>
			<string>PBXFileReference</string>
			<key>name</key>
			<string>ClosedRange+Utils.swift</string>
			<key>path</key>
			<string>Sources/Helpers/ClosedRange+Utils.swift</string>
			<key>sourceTree</key>
			<string>SOURCE_ROOT</string>
		</dict>
		<key>1DD70E29FA3FDFE600000000</key>
		<dict>
			<key>isa</key>
			<string>PBXFileReference</string>
			<key>name</key>
			<string>CustomNavigationController.swift</string>
			<key>path</key>
			<string>Sources/Helpers/CustomNavigationController.swift</string>
			<key>sourceTree</key>
			<string>SOURCE_ROOT</string>
		</dict>
		<key>1DD70E29CF0FC33E00000000</key>
		<dict>
			<key>isa</key>
			<string>PBXFileReference</string>
			<key>name</key>
			<string>DisplayLinkService.swift</string>
			<key>path</key>
			<string>Sources/Helpers/DisplayLinkService.swift</string>
			<key>sourceTree</key>
			<string>SOURCE_ROOT</string>
		</dict>
		<key>1DD70E2949498E6700000000</key>
		<dict>
			<key>isa</key>
			<string>PBXFileReference</string>
			<key>name</key>
			<string>GlobalHelpers.swift</string>
			<key>path</key>
			<string>Sources/Helpers/GlobalHelpers.swift</string>
			<key>sourceTree</key>
			<string>SOURCE_ROOT</string>
		</dict>
		<key>1DD70E295E9AE74C00000000</key>
		<dict>
			<key>isa</key>
			<string>PBXFileReference</string>
			<key>name</key>
			<string>NumberFormatter+Utils.swift</string>
			<key>path</key>
			<string>Sources/Helpers/NumberFormatter+Utils.swift</string>
			<key>sourceTree</key>
			<string>SOURCE_ROOT</string>
		</dict>
		<key>1DD70E29F2A4D2C200000000</key>
		<dict>
			<key>isa</key>
			<string>PBXFileReference</string>
			<key>name</key>
			<string>OnePixelConstraint.swift</string>
			<key>path</key>
			<string>Sources/Helpers/OnePixelConstraint.swift</string>
			<key>sourceTree</key>
			<string>SOURCE_ROOT</string>
		</dict>
		<key>1DD70E295A5C005D00000000</key>
		<dict>
			<key>isa</key>
			<string>PBXFileReference</string>
			<key>name</key>
			<string>ScalesNumberFormatter.swift</string>
			<key>path</key>
			<string>Sources/Helpers/ScalesNumberFormatter.swift</string>
			<key>sourceTree</key>
			<string>SOURCE_ROOT</string>
		</dict>
		<key>1DD70E29E99CC93D00000000</key>
		<dict>
			<key>isa</key>
			<string>PBXFileReference</string>
			<key>name</key>
			<string>TimeInterval+Utils.swift</string>
			<key>path</key>
			<string>Sources/Helpers/TimeInterval+Utils.swift</string>
			<key>sourceTree</key>
			<string>SOURCE_ROOT</string>
		</dict>
		<key>1DD70E29F7817C1E00000000</key>
		<dict>
			<key>isa</key>
			<string>PBXFileReference</string>
			<key>name</key>
			<string>TimeZone.swift</string>
			<key>path</key>
			<string>Sources/Helpers/TimeZone.swift</string>
			<key>sourceTree</key>
			<string>SOURCE_ROOT</string>
		</dict>
		<key>1DD70E29778A041A00000000</key>
		<dict>
			<key>isa</key>
			<string>PBXFileReference</string>
			<key>name</key>
			<string>UIColor+Utils.swift</string>
			<key>path</key>
			<string>Sources/Helpers/UIColor+Utils.swift</string>
			<key>sourceTree</key>
			<string>SOURCE_ROOT</string>
		</dict>
		<key>1DD70E29905E4A1200000000</key>
		<dict>
			<key>isa</key>
			<string>PBXFileReference</string>
			<key>name</key>
			<string>UIImage+Utils.swift</string>
			<key>path</key>
			<string>Sources/Helpers/UIImage+Utils.swift</string>
			<key>sourceTree</key>
			<string>SOURCE_ROOT</string>
		</dict>
		<key>1DD70E29D2634DD700000000</key>
		<dict>
			<key>isa</key>
			<string>PBXFileReference</string>
			<key>name</key>
			<string>UIImageView+Utils.swift</string>
			<key>path</key>
			<string>Sources/Helpers/UIImageView+Utils.swift</string>
			<key>sourceTree</key>
			<string>SOURCE_ROOT</string>
		</dict>
		<key>1DD70E290B3A822B00000000</key>
		<dict>
			<key>isa</key>
			<string>PBXFileReference</string>
			<key>name</key>
			<string>UILabel+Utils.swift</string>
			<key>path</key>
			<string>Sources/Helpers/UILabel+Utils.swift</string>
			<key>sourceTree</key>
			<string>SOURCE_ROOT</string>
		</dict>
		<key>1DD70E29115FF3CB00000000</key>
		<dict>
			<key>isa</key>
			<string>PBXFileReference</string>
			<key>name</key>
			<string>UIView+Extensions.swift</string>
			<key>path</key>
			<string>Sources/Helpers/UIView+Extensions.swift</string>
			<key>sourceTree</key>
			<string>SOURCE_ROOT</string>
		</dict>
		<key>B401C97993407E6500000000</key>
		<dict>
			<key>isa</key>
			<string>PBXGroup</string>
			<key>name</key>
			<string>Helpers</string>
			<key>path</key>
			<string>Sources/Helpers</string>
			<key>sourceTree</key>
			<string>SOURCE_ROOT</string>
			<key>children</key>
			<array>
				<string>1DD70E292025A0C500000000</string>
				<string>1DD70E296A58962400000000</string>
				<string>1DD70E29477050FD00000000</string>
				<string>1DD70E29CCF1D3F800000000</string>
				<string>1DD70E29A919A2FC00000000</string>
				<string>1DD70E29FA3FDFE600000000</string>
				<string>1DD70E29CF0FC33E00000000</string>
				<string>1DD70E2949498E6700000000</string>
				<string>1DD70E295E9AE74C00000000</string>
				<string>1DD70E29F2A4D2C200000000</string>
				<string>1DD70E295A5C005D00000000</string>
				<string>1DD70E29E99CC93D00000000</string>
				<string>1DD70E29F7817C1E00000000</string>
				<string>1DD70E29778A041A00000000</string>
				<string>1DD70E29905E4A1200000000</string>
				<string>1DD70E29D2634DD700000000</string>
				<string>1DD70E290B3A822B00000000</string>
				<string>1DD70E29115FF3CB00000000</string>
			</array>
		</dict>
		<key>1DD70E29DB7EAD4100000000</key>
		<dict>
			<key>isa</key>
			<string>PBXFileReference</string>
			<key>name</key>
			<string>ChartLineData.swift</string>
			<key>path</key>
			<string>Sources/Models/ChartLineData.swift</string>
			<key>sourceTree</key>
			<string>SOURCE_ROOT</string>
		</dict>
		<key>1DD70E29425581AB00000000</key>
		<dict>
			<key>isa</key>
			<string>PBXFileReference</string>
			<key>name</key>
			<string>ColorMode.swift</string>
			<key>path</key>
			<string>Sources/Models/ColorMode.swift</string>
			<key>sourceTree</key>
			<string>SOURCE_ROOT</string>
		</dict>
		<key>1DD70E29E1FC80DA00000000</key>
		<dict>
			<key>isa</key>
			<string>PBXFileReference</string>
			<key>name</key>
			<string>LinesChartLabel.swift</string>
			<key>path</key>
			<string>Sources/Models/LinesChartLabel.swift</string>
			<key>sourceTree</key>
			<string>SOURCE_ROOT</string>
		</dict>
		<key>1DD70E29ADE416EC00000000</key>
		<dict>
			<key>isa</key>
			<string>PBXFileReference</string>
			<key>name</key>
			<string>LinesSelectionLabel.swift</string>
			<key>path</key>
			<string>Sources/Models/LinesSelectionLabel.swift</string>
			<key>sourceTree</key>
			<string>SOURCE_ROOT</string>
		</dict>
		<key>B401C97989B0568A00000000</key>
		<dict>
			<key>isa</key>
			<string>PBXGroup</string>
			<key>name</key>
			<string>Models</string>
			<key>path</key>
			<string>Sources/Models</string>
			<key>sourceTree</key>
			<string>SOURCE_ROOT</string>
			<key>children</key>
			<array>
				<string>1DD70E29DB7EAD4100000000</string>
				<string>1DD70E29425581AB00000000</string>
				<string>1DD70E29E1FC80DA00000000</string>
				<string>1DD70E29ADE416EC00000000</string>
			</array>
		</dict>
		<key>1DD70E290ACB7D8500000000</key>
		<dict>
			<key>isa</key>
			<string>PBXFileReference</string>
			<key>name</key>
			<string>ChartNode.swift</string>
			<key>path</key>
			<string>Sources/ChartNode.swift</string>
			<key>sourceTree</key>
			<string>SOURCE_ROOT</string>
		</dict>
		<key>B401C979EAB5339800000000</key>
		<dict>
			<key>isa</key>
			<string>PBXGroup</string>
			<key>name</key>
			<string>Sources</string>
			<key>sourceTree</key>
			<string><![CDATA[<group>]]></string>
			<key>children</key>
			<array>
				<string>B401C97958CE9B2E00000000</string>
				<string>B401C979783C107500000001</string>
				<string>B401C979C76D1EEE00000000</string>
				<string>B401C97993407E6500000000</string>
				<string>B401C97989B0568A00000000</string>
				<string>1DD70E290ACB7D8500000000</string>
			</array>
		</dict>
		<key>B401C979783C107500000000</key>
		<dict>
			<key>isa</key>
			<string>PBXGroup</string>
			<key>name</key>
			<string>Charts</string>
			<key>sourceTree</key>
			<string><![CDATA[<group>]]></string>
			<key>children</key>
			<array>
				<string>1DD70E29001F47FB00000000</string>
				<string>B401C979EAB5339800000000</string>
			</array>
		</dict>
		<key>1DD70E29642E0FA000000000</key>
		<dict>
			<key>isa</key>
			<string>PBXFileReference</string>
			<key>name</key>
			<string>Charts-Debug.xcconfig</string>
			<key>path</key>
			<string>../../buck-out/gen/submodules/Charts/Charts-Debug.xcconfig</string>
			<key>sourceTree</key>
			<string>SOURCE_ROOT</string>
			<key>explicitFileType</key>
			<string>text.xcconfig</string>
		</dict>
		<key>1DD70E29F60B3F0A00000000</key>
		<dict>
			<key>isa</key>
			<string>PBXFileReference</string>
			<key>name</key>
			<string>Charts-Profile.xcconfig</string>
			<key>path</key>
			<string>../../buck-out/gen/submodules/Charts/Charts-Profile.xcconfig</string>
			<key>sourceTree</key>
			<string>SOURCE_ROOT</string>
			<key>explicitFileType</key>
			<string>text.xcconfig</string>
		</dict>
		<key>1DD70E2969A1EA6C00000000</key>
		<dict>
			<key>isa</key>
			<string>PBXFileReference</string>
			<key>name</key>
			<string>Charts-Release.xcconfig</string>
			<key>path</key>
			<string>../../buck-out/gen/submodules/Charts/Charts-Release.xcconfig</string>
			<key>sourceTree</key>
			<string>SOURCE_ROOT</string>
			<key>explicitFileType</key>
			<string>text.xcconfig</string>
		</dict>
		<key>B401C9792F7F325000000000</key>
		<dict>
			<key>isa</key>
			<string>PBXGroup</string>
			<key>name</key>
			<string>Buck (Do Not Modify)</string>
			<key>sourceTree</key>
			<string><![CDATA[<group>]]></string>
			<key>children</key>
			<array>
				<string>1DD70E29642E0FA000000000</string>
				<string>1DD70E29F60B3F0A00000000</string>
				<string>1DD70E2969A1EA6C00000000</string>
			</array>
		</dict>
		<key>B401C979B781F65D00000000</key>
		<dict>
			<key>isa</key>
			<string>PBXGroup</string>
			<key>name</key>
			<string>Configurations</string>
			<key>sourceTree</key>
			<string><![CDATA[<group>]]></string>
			<key>children</key>
			<array>
				<string>B401C9792F7F325000000000</string>
			</array>
		</dict>
		<key>1DD70E299D2580DA00000000</key>
		<dict>
			<key>isa</key>
			<string>PBXFileReference</string>
			<key>name</key>
			<string>libAccountContext.a</string>
			<key>path</key>
			<string>libAccountContext.a</string>
			<key>sourceTree</key>
			<string>BUILT_PRODUCTS_DIR</string>
			<key>explicitFileType</key>
			<string>archive.ar</string>
		</dict>
		<key>1DD70E29BF0846EE00000000</key>
		<dict>
			<key>isa</key>
			<string>PBXFileReference</string>
			<key>name</key>
			<string>libActivityIndicator.a</string>
			<key>path</key>
			<string>libActivityIndicator.a</string>
			<key>sourceTree</key>
			<string>BUILT_PRODUCTS_DIR</string>
			<key>explicitFileType</key>
			<string>archive.ar</string>
		</dict>
		<key>1DD70E29F523B9DE00000000</key>
		<dict>
			<key>isa</key>
			<string>PBXFileReference</string>
			<key>name</key>
			<string>libAlertUI.a</string>
			<key>path</key>
			<string>libAlertUI.a</string>
			<key>sourceTree</key>
			<string>BUILT_PRODUCTS_DIR</string>
			<key>explicitFileType</key>
			<string>archive.ar</string>
		</dict>
		<key>1DD70E29E3C578AA00000000</key>
		<dict>
			<key>isa</key>
			<string>PBXFileReference</string>
			<key>name</key>
			<string>libAnimatedStickerNode.a</string>
			<key>path</key>
			<string>libAnimatedStickerNode.a</string>
			<key>sourceTree</key>
			<string>BUILT_PRODUCTS_DIR</string>
			<key>explicitFileType</key>
			<string>archive.ar</string>
		</dict>
		<key>1DD70E292420028600000000</key>
		<dict>
			<key>isa</key>
			<string>PBXFileReference</string>
			<key>name</key>
			<string>libAnimationUI.a</string>
			<key>path</key>
			<string>libAnimationUI.a</string>
			<key>sourceTree</key>
			<string>BUILT_PRODUCTS_DIR</string>
			<key>explicitFileType</key>
			<string>archive.ar</string>
		</dict>
		<key>1DD70E29A54A195300000000</key>
		<dict>
			<key>isa</key>
			<string>PBXFileReference</string>
			<key>name</key>
			<string>libAvatarNode.a</string>
			<key>path</key>
			<string>libAvatarNode.a</string>
			<key>sourceTree</key>
			<string>BUILT_PRODUCTS_DIR</string>
			<key>explicitFileType</key>
			<string>archive.ar</string>
		</dict>
		<key>1DD70E2997B4D6D800000000</key>
		<dict>
			<key>isa</key>
			<string>PBXFileReference</string>
			<key>name</key>
			<string>libCheckNode.a</string>
			<key>path</key>
			<string>libCheckNode.a</string>
			<key>sourceTree</key>
			<string>BUILT_PRODUCTS_DIR</string>
			<key>explicitFileType</key>
			<string>archive.ar</string>
		</dict>
		<key>1DD70E292417E0B200000000</key>
		<dict>
			<key>isa</key>
			<string>PBXFileReference</string>
			<key>name</key>
			<string>libDeviceAccess.a</string>
			<key>path</key>
			<string>libDeviceAccess.a</string>
			<key>sourceTree</key>
			<string>BUILT_PRODUCTS_DIR</string>
			<key>explicitFileType</key>
			<string>archive.ar</string>
		</dict>
		<key>1DD70E295915423000000000</key>
		<dict>
			<key>isa</key>
			<string>PBXFileReference</string>
			<key>name</key>
			<string>libDeviceLocationManager.a</string>
			<key>path</key>
			<string>libDeviceLocationManager.a</string>
			<key>sourceTree</key>
			<string>BUILT_PRODUCTS_DIR</string>
			<key>explicitFileType</key>
			<string>archive.ar</string>
		</dict>
		<key>1DD70E29FF334B1F00000000</key>
		<dict>
			<key>isa</key>
			<string>PBXFileReference</string>
			<key>name</key>
			<string>libDisplay.dylib</string>
			<key>path</key>
			<string>libDisplay.dylib</string>
			<key>sourceTree</key>
			<string>BUILT_PRODUCTS_DIR</string>
			<key>explicitFileType</key>
			<string>compiled.mach-o.dylib</string>
		</dict>
		<key>1DD70E29D6F14E1000000000</key>
		<dict>
			<key>isa</key>
			<string>PBXFileReference</string>
			<key>name</key>
			<string>libImageBlur.a</string>
			<key>path</key>
			<string>libImageBlur.a</string>
			<key>sourceTree</key>
			<string>BUILT_PRODUCTS_DIR</string>
			<key>explicitFileType</key>
			<string>archive.ar</string>
		</dict>
		<key>1DD70E295A26607D00000000</key>
		<dict>
			<key>isa</key>
			<string>PBXFileReference</string>
			<key>name</key>
			<string>libItemListUI.a</string>
			<key>path</key>
			<string>libItemListUI.a</string>
			<key>sourceTree</key>
			<string>BUILT_PRODUCTS_DIR</string>
			<key>explicitFileType</key>
			<string>archive.ar</string>
		</dict>
		<key>1DD70E29CE34063500000000</key>
		<dict>
			<key>isa</key>
			<string>PBXFileReference</string>
			<key>name</key>
			<string>libLocalizedPeerData.a</string>
			<key>path</key>
			<string>libLocalizedPeerData.a</string>
			<key>sourceTree</key>
			<string>BUILT_PRODUCTS_DIR</string>
			<key>explicitFileType</key>
			<string>archive.ar</string>
		</dict>
		<key>1DD70E297E2E5F8700000000</key>
		<dict>
			<key>isa</key>
			<string>PBXFileReference</string>
			<key>name</key>
			<string>libMarkdown.a</string>
			<key>path</key>
			<string>libMarkdown.a</string>
			<key>sourceTree</key>
			<string>BUILT_PRODUCTS_DIR</string>
			<key>explicitFileType</key>
			<string>archive.ar</string>
		</dict>
		<key>1DD70E2936DE2CF900000000</key>
		<dict>
			<key>isa</key>
			<string>PBXFileReference</string>
			<key>name</key>
			<string>libMediaResources.a</string>
			<key>path</key>
			<string>libMediaResources.a</string>
			<key>sourceTree</key>
			<string>BUILT_PRODUCTS_DIR</string>
			<key>explicitFileType</key>
			<string>archive.ar</string>
		</dict>
		<key>1DD70E29C37F741500000000</key>
		<dict>
			<key>isa</key>
			<string>PBXFileReference</string>
			<key>name</key>
			<string>libMergeLists.a</string>
			<key>path</key>
			<string>libMergeLists.a</string>
			<key>sourceTree</key>
			<string>BUILT_PRODUCTS_DIR</string>
			<key>explicitFileType</key>
			<string>archive.ar</string>
		</dict>
		<key>1DD70E29BBAF750C00000000</key>
		<dict>
			<key>isa</key>
			<string>PBXFileReference</string>
			<key>name</key>
			<string>libOverlayStatusController.a</string>
			<key>path</key>
			<string>libOverlayStatusController.a</string>
			<key>sourceTree</key>
			<string>BUILT_PRODUCTS_DIR</string>
			<key>explicitFileType</key>
			<string>archive.ar</string>
		</dict>
		<key>1DD70E29B2B7F8DC00000000</key>
		<dict>
			<key>isa</key>
			<string>PBXFileReference</string>
			<key>name</key>
			<string>libPhoneNumberFormat.a</string>
			<key>path</key>
			<string>libPhoneNumberFormat.a</string>
			<key>sourceTree</key>
			<string>BUILT_PRODUCTS_DIR</string>
			<key>explicitFileType</key>
			<string>archive.ar</string>
		</dict>
		<key>1DD70E290F1A3C6400000000</key>
		<dict>
			<key>isa</key>
			<string>PBXFileReference</string>
			<key>name</key>
			<string>libPlatformRestrictionMatching.a</string>
			<key>path</key>
			<string>libPlatformRestrictionMatching.a</string>
			<key>sourceTree</key>
			<string>BUILT_PRODUCTS_DIR</string>
			<key>explicitFileType</key>
			<string>archive.ar</string>
		</dict>
		<key>1DD70E29DB6520C800000000</key>
		<dict>
			<key>isa</key>
			<string>PBXFileReference</string>
			<key>name</key>
			<string>libPostbox.dylib</string>
			<key>path</key>
			<string>libPostbox.dylib</string>
			<key>sourceTree</key>
			<string>BUILT_PRODUCTS_DIR</string>
			<key>explicitFileType</key>
			<string>compiled.mach-o.dylib</string>
		</dict>
		<key>1DD70E294E24879B00000000</key>
		<dict>
			<key>isa</key>
			<string>PBXFileReference</string>
			<key>name</key>
			<string>libPresentationDataUtils.a</string>
			<key>path</key>
			<string>libPresentationDataUtils.a</string>
			<key>sourceTree</key>
			<string>BUILT_PRODUCTS_DIR</string>
			<key>explicitFileType</key>
			<string>archive.ar</string>
		</dict>
		<key>1DD70E29CBE117ED00000000</key>
		<dict>
			<key>isa</key>
			<string>PBXFileReference</string>
			<key>name</key>
			<string>libProgressNavigationButtonNode.a</string>
			<key>path</key>
			<string>libProgressNavigationButtonNode.a</string>
			<key>sourceTree</key>
			<string>BUILT_PRODUCTS_DIR</string>
			<key>explicitFileType</key>
			<string>archive.ar</string>
		</dict>
		<key>1DD70E2957B5522500000000</key>
		<dict>
			<key>isa</key>
			<string>PBXFileReference</string>
			<key>name</key>
			<string>libSegmentedControlNode.a</string>
			<key>path</key>
			<string>libSegmentedControlNode.a</string>
			<key>sourceTree</key>
			<string>BUILT_PRODUCTS_DIR</string>
			<key>explicitFileType</key>
			<string>archive.ar</string>
		</dict>
		<key>1DD70E29524F478E00000000</key>
		<dict>
			<key>isa</key>
			<string>PBXFileReference</string>
			<key>name</key>
			<string>libSolidRoundedButtonNode.a</string>
			<key>path</key>
			<string>libSolidRoundedButtonNode.a</string>
			<key>sourceTree</key>
			<string>BUILT_PRODUCTS_DIR</string>
			<key>explicitFileType</key>
			<string>archive.ar</string>
		</dict>
		<key>1DD70E293594DCC000000000</key>
		<dict>
			<key>isa</key>
			<string>PBXFileReference</string>
			<key>name</key>
			<string>libStickerResources.a</string>
			<key>path</key>
			<string>libStickerResources.a</string>
			<key>sourceTree</key>
			<string>BUILT_PRODUCTS_DIR</string>
			<key>explicitFileType</key>
			<string>archive.ar</string>
		</dict>
		<key>1DD70E2958CFD47D00000000</key>
		<dict>
			<key>isa</key>
			<string>PBXFileReference</string>
			<key>name</key>
			<string>libStringPluralization.a</string>
			<key>path</key>
			<string>libStringPluralization.a</string>
			<key>sourceTree</key>
			<string>BUILT_PRODUCTS_DIR</string>
			<key>explicitFileType</key>
			<string>archive.ar</string>
		</dict>
		<key>1DD70E29D65BA68200000000</key>
		<dict>
			<key>isa</key>
			<string>PBXFileReference</string>
			<key>name</key>
			<string>libSwiftSignalKit.dylib</string>
			<key>path</key>
			<string>libSwiftSignalKit.dylib</string>
			<key>sourceTree</key>
			<string>BUILT_PRODUCTS_DIR</string>
			<key>explicitFileType</key>
			<string>compiled.mach-o.dylib</string>
		</dict>
		<key>1DD70E2925BBFEEE00000000</key>
		<dict>
			<key>isa</key>
			<string>PBXFileReference</string>
			<key>name</key>
			<string>libSwitchNode.a</string>
			<key>path</key>
			<string>libSwitchNode.a</string>
			<key>sourceTree</key>
			<string>BUILT_PRODUCTS_DIR</string>
			<key>explicitFileType</key>
			<string>archive.ar</string>
		</dict>
		<key>1DD70E297A51CDA100000000</key>
		<dict>
			<key>isa</key>
			<string>PBXFileReference</string>
			<key>name</key>
			<string>libSyncCore.dylib</string>
			<key>path</key>
			<string>libSyncCore.dylib</string>
			<key>sourceTree</key>
			<string>BUILT_PRODUCTS_DIR</string>
			<key>explicitFileType</key>
			<string>compiled.mach-o.dylib</string>
		</dict>
		<key>1DD70E2934FE8F2900000000</key>
		<dict>
			<key>isa</key>
			<string>PBXFileReference</string>
			<key>name</key>
			<string>libTelegramAnimatedStickerNode.a</string>
			<key>path</key>
			<string>libTelegramAnimatedStickerNode.a</string>
			<key>sourceTree</key>
			<string>BUILT_PRODUCTS_DIR</string>
			<key>explicitFileType</key>
			<string>archive.ar</string>
		</dict>
		<key>1DD70E29F33FDAC300000000</key>
		<dict>
			<key>isa</key>
			<string>PBXFileReference</string>
			<key>name</key>
			<string>libTelegramAudio.a</string>
			<key>path</key>
			<string>libTelegramAudio.a</string>
			<key>sourceTree</key>
			<string>BUILT_PRODUCTS_DIR</string>
			<key>explicitFileType</key>
			<string>archive.ar</string>
		</dict>
		<key>1DD70E29119CDA0700000000</key>
		<dict>
			<key>isa</key>
			<string>PBXFileReference</string>
			<key>name</key>
			<string>libTelegramCore.dylib</string>
			<key>path</key>
			<string>libTelegramCore.dylib</string>
			<key>sourceTree</key>
			<string>BUILT_PRODUCTS_DIR</string>
			<key>explicitFileType</key>
			<string>compiled.mach-o.dylib</string>
		</dict>
		<key>1DD70E2988BAAFC800000000</key>
		<dict>
			<key>isa</key>
			<string>PBXFileReference</string>
			<key>name</key>
			<string>libTelegramNotices.a</string>
			<key>path</key>
			<string>libTelegramNotices.a</string>
			<key>sourceTree</key>
			<string>BUILT_PRODUCTS_DIR</string>
			<key>explicitFileType</key>
			<string>archive.ar</string>
		</dict>
		<key>1DD70E290DD17C7100000000</key>
		<dict>
			<key>isa</key>
			<string>PBXFileReference</string>
			<key>name</key>
			<string>libTelegramPermissions.a</string>
			<key>path</key>
			<string>libTelegramPermissions.a</string>
			<key>sourceTree</key>
			<string>BUILT_PRODUCTS_DIR</string>
			<key>explicitFileType</key>
			<string>archive.ar</string>
		</dict>
		<key>1DD70E2984A59C1D00000000</key>
		<dict>
			<key>isa</key>
			<string>PBXFileReference</string>
			<key>name</key>
			<string>libTelegramPresentationData.a</string>
			<key>path</key>
			<string>libTelegramPresentationData.a</string>
			<key>sourceTree</key>
			<string>BUILT_PRODUCTS_DIR</string>
			<key>explicitFileType</key>
			<string>archive.ar</string>
		</dict>
		<key>1DD70E29DD3C940F00000000</key>
		<dict>
			<key>isa</key>
			<string>PBXFileReference</string>
			<key>name</key>
			<string>libTelegramStringFormatting.a</string>
			<key>path</key>
			<string>libTelegramStringFormatting.a</string>
			<key>sourceTree</key>
			<string>BUILT_PRODUCTS_DIR</string>
			<key>explicitFileType</key>
			<string>archive.ar</string>
		</dict>
		<key>1DD70E292395015100000000</key>
		<dict>
			<key>isa</key>
			<string>PBXFileReference</string>
			<key>name</key>
			<string>libTelegramUIPreferences.a</string>
			<key>path</key>
			<string>libTelegramUIPreferences.a</string>
			<key>sourceTree</key>
			<string>BUILT_PRODUCTS_DIR</string>
			<key>explicitFileType</key>
			<string>archive.ar</string>
		</dict>
		<key>1DD70E29BA06E3A600000000</key>
		<dict>
			<key>isa</key>
			<string>PBXFileReference</string>
			<key>name</key>
			<string>libTemporaryCachedPeerDataManager.a</string>
			<key>path</key>
			<string>libTemporaryCachedPeerDataManager.a</string>
			<key>sourceTree</key>
			<string>BUILT_PRODUCTS_DIR</string>
			<key>explicitFileType</key>
			<string>archive.ar</string>
		</dict>
		<key>1DD70E29F0C15F9C00000000</key>
		<dict>
			<key>isa</key>
			<string>PBXFileReference</string>
			<key>name</key>
			<string>libTextFormat.a</string>
			<key>path</key>
			<string>libTextFormat.a</string>
			<key>sourceTree</key>
			<string>BUILT_PRODUCTS_DIR</string>
			<key>explicitFileType</key>
			<string>archive.ar</string>
		</dict>
		<key>1DD70E29CD296A8300000000</key>
		<dict>
			<key>isa</key>
			<string>PBXFileReference</string>
			<key>name</key>
			<string>libTuples.a</string>
			<key>path</key>
			<string>libTuples.a</string>
			<key>sourceTree</key>
			<string>BUILT_PRODUCTS_DIR</string>
			<key>explicitFileType</key>
			<string>archive.ar</string>
		</dict>
		<key>1DD70E2951398CF200000000</key>
		<dict>
			<key>isa</key>
			<string>PBXFileReference</string>
			<key>name</key>
			<string>libUniversalMediaPlayer.a</string>
			<key>path</key>
			<string>libUniversalMediaPlayer.a</string>
			<key>sourceTree</key>
			<string>BUILT_PRODUCTS_DIR</string>
			<key>explicitFileType</key>
			<string>archive.ar</string>
		</dict>
		<key>B401C97968022A5500000000</key>
		<dict>
			<key>isa</key>
			<string>PBXGroup</string>
			<key>name</key>
			<string>Frameworks</string>
			<key>sourceTree</key>
			<string><![CDATA[<group>]]></string>
			<key>children</key>
			<array>
				<string>1DD70E299D2580DA00000000</string>
				<string>1DD70E29BF0846EE00000000</string>
				<string>1DD70E29F523B9DE00000000</string>
				<string>1DD70E29E3C578AA00000000</string>
				<string>1DD70E292420028600000000</string>
				<string>1DD70E29A54A195300000000</string>
				<string>1DD70E2997B4D6D800000000</string>
				<string>1DD70E292417E0B200000000</string>
				<string>1DD70E295915423000000000</string>
				<string>1DD70E29FF334B1F00000000</string>
				<string>1DD70E29D6F14E1000000000</string>
				<string>1DD70E295A26607D00000000</string>
				<string>1DD70E29CE34063500000000</string>
				<string>1DD70E297E2E5F8700000000</string>
				<string>1DD70E2936DE2CF900000000</string>
				<string>1DD70E29C37F741500000000</string>
				<string>1DD70E29BBAF750C00000000</string>
				<string>1DD70E29B2B7F8DC00000000</string>
				<string>1DD70E290F1A3C6400000000</string>
				<string>1DD70E29DB6520C800000000</string>
				<string>1DD70E294E24879B00000000</string>
				<string>1DD70E29CBE117ED00000000</string>
				<string>1DD70E2957B5522500000000</string>
				<string>1DD70E29524F478E00000000</string>
				<string>1DD70E293594DCC000000000</string>
				<string>1DD70E2958CFD47D00000000</string>
				<string>1DD70E29D65BA68200000000</string>
				<string>1DD70E2925BBFEEE00000000</string>
				<string>1DD70E297A51CDA100000000</string>
				<string>1DD70E2934FE8F2900000000</string>
				<string>1DD70E29F33FDAC300000000</string>
				<string>1DD70E29119CDA0700000000</string>
				<string>1DD70E2988BAAFC800000000</string>
				<string>1DD70E290DD17C7100000000</string>
				<string>1DD70E2984A59C1D00000000</string>
				<string>1DD70E29DD3C940F00000000</string>
				<string>1DD70E292395015100000000</string>
				<string>1DD70E29BA06E3A600000000</string>
				<string>1DD70E29F0C15F9C00000000</string>
				<string>1DD70E29CD296A8300000000</string>
				<string>1DD70E2951398CF200000000</string>
			</array>
		</dict>
		<key>1DD70E291E471AAD00000000</key>
		<dict>
			<key>isa</key>
			<string>PBXFileReference</string>
			<key>name</key>
			<string>libCharts.a</string>
			<key>path</key>
			<string>libCharts.a</string>
			<key>sourceTree</key>
			<string>BUILT_PRODUCTS_DIR</string>
			<key>explicitFileType</key>
			<string>archive.ar</string>
		</dict>
		<key>B401C979C806358400000000</key>
		<dict>
			<key>isa</key>
			<string>PBXGroup</string>
			<key>name</key>
			<string>Products</string>
			<key>sourceTree</key>
			<string><![CDATA[<group>]]></string>
			<key>children</key>
			<array>
				<string>1DD70E291E471AAD00000000</string>
			</array>
		</dict>
		<key>B401C979EFB6AC4600000000</key>
		<dict>
			<key>isa</key>
			<string>PBXGroup</string>
			<key>name</key>
			<string>mainGroup</string>
			<key>sourceTree</key>
			<string><![CDATA[<group>]]></string>
			<key>children</key>
			<array>
				<string>B401C979783C107500000000</string>
				<string>B401C979B781F65D00000000</string>
				<string>B401C97968022A5500000000</string>
				<string>B401C979C806358400000000</string>
			</array>
		</dict>
		<key>E7A30F0435A1854E00000000</key>
		<dict>
			<key>isa</key>
			<string>PBXBuildFile</string>
			<key>fileRef</key>
			<string>1DD70E2935A1854E00000000</string>
		</dict>
		<key>E7A30F04A497648000000000</key>
		<dict>
			<key>isa</key>
			<string>PBXBuildFile</string>
			<key>fileRef</key>
			<string>1DD70E29A497648000000000</string>
		</dict>
		<key>E7A30F04538DC3E800000000</key>
		<dict>
			<key>isa</key>
			<string>PBXBuildFile</string>
			<key>fileRef</key>
			<string>1DD70E29538DC3E800000000</string>
		</dict>
		<key>E7A30F0430768A8D00000000</key>
		<dict>
			<key>isa</key>
			<string>PBXBuildFile</string>
			<key>fileRef</key>
			<string>1DD70E2930768A8D00000000</string>
		</dict>
		<key>E7A30F0438C2F71A00000000</key>
		<dict>
			<key>isa</key>
			<string>PBXBuildFile</string>
			<key>fileRef</key>
			<string>1DD70E2938C2F71A00000000</string>
		</dict>
		<key>E7A30F04DCA39FD700000000</key>
		<dict>
			<key>isa</key>
			<string>PBXBuildFile</string>
			<key>fileRef</key>
			<string>1DD70E29DCA39FD700000000</string>
		</dict>
		<key>E7A30F04B2DFADB900000000</key>
		<dict>
			<key>isa</key>
			<string>PBXBuildFile</string>
			<key>fileRef</key>
			<string>1DD70E29B2DFADB900000000</string>
		</dict>
		<key>E7A30F045C877D2B00000000</key>
		<dict>
			<key>isa</key>
			<string>PBXBuildFile</string>
			<key>fileRef</key>
			<string>1DD70E295C877D2B00000000</string>
		</dict>
		<key>E7A30F0460190B5100000000</key>
		<dict>
			<key>isa</key>
			<string>PBXBuildFile</string>
			<key>fileRef</key>
			<string>1DD70E2960190B5100000000</string>
		</dict>
		<key>E7A30F04766C026800000000</key>
		<dict>
			<key>isa</key>
			<string>PBXBuildFile</string>
			<key>fileRef</key>
			<string>1DD70E29766C026800000000</string>
		</dict>
		<key>E7A30F047A04BD4D00000000</key>
		<dict>
			<key>isa</key>
			<string>PBXBuildFile</string>
			<key>fileRef</key>
			<string>1DD70E297A04BD4D00000000</string>
		</dict>
		<key>E7A30F04B32327A500000000</key>
		<dict>
			<key>isa</key>
			<string>PBXBuildFile</string>
			<key>fileRef</key>
			<string>1DD70E29B32327A500000000</string>
		</dict>
		<key>E7A30F04E3E8985800000000</key>
		<dict>
			<key>isa</key>
			<string>PBXBuildFile</string>
			<key>fileRef</key>
			<string>1DD70E29E3E8985800000000</string>
		</dict>
		<key>E7A30F040CAA2EAC00000000</key>
		<dict>
			<key>isa</key>
			<string>PBXBuildFile</string>
			<key>fileRef</key>
			<string>1DD70E290CAA2EAC00000000</string>
		</dict>
		<key>E7A30F044CB8115E00000000</key>
		<dict>
			<key>isa</key>
			<string>PBXBuildFile</string>
			<key>fileRef</key>
			<string>1DD70E294CB8115E00000000</string>
		</dict>
		<key>E7A30F04B2C7F66600000000</key>
		<dict>
			<key>isa</key>
			<string>PBXBuildFile</string>
			<key>fileRef</key>
			<string>1DD70E29B2C7F66600000000</string>
		</dict>
		<key>E7A30F041CA65A3F00000000</key>
		<dict>
			<key>isa</key>
			<string>PBXBuildFile</string>
			<key>fileRef</key>
			<string>1DD70E291CA65A3F00000000</string>
		</dict>
		<key>E7A30F04E3AD6B1800000000</key>
		<dict>
			<key>isa</key>
			<string>PBXBuildFile</string>
			<key>fileRef</key>
			<string>1DD70E29E3AD6B1800000000</string>
		</dict>
		<key>E7A30F04F8DECECE00000000</key>
		<dict>
			<key>isa</key>
			<string>PBXBuildFile</string>
			<key>fileRef</key>
			<string>1DD70E29F8DECECE00000000</string>
		</dict>
		<key>E7A30F04B3544D0800000000</key>
		<dict>
			<key>isa</key>
			<string>PBXBuildFile</string>
			<key>fileRef</key>
			<string>1DD70E29B3544D0800000000</string>
		</dict>
		<key>E7A30F04355C75B300000000</key>
		<dict>
			<key>isa</key>
			<string>PBXBuildFile</string>
			<key>fileRef</key>
			<string>1DD70E29355C75B300000000</string>
		</dict>
		<key>E7A30F04BFE0F1F500000000</key>
		<dict>
			<key>isa</key>
			<string>PBXBuildFile</string>
			<key>fileRef</key>
			<string>1DD70E29BFE0F1F500000000</string>
		</dict>
		<key>E7A30F04E0C47AEC00000000</key>
		<dict>
			<key>isa</key>
			<string>PBXBuildFile</string>
			<key>fileRef</key>
			<string>1DD70E29E0C47AEC00000000</string>
		</dict>
		<key>E7A30F04EF10E05500000000</key>
		<dict>
			<key>isa</key>
			<string>PBXBuildFile</string>
			<key>fileRef</key>
			<string>1DD70E29EF10E05500000000</string>
		</dict>
		<key>E7A30F048D33061D00000000</key>
		<dict>
			<key>isa</key>
			<string>PBXBuildFile</string>
			<key>fileRef</key>
			<string>1DD70E298D33061D00000000</string>
		</dict>
		<key>E7A30F04AD2C7B4700000000</key>
		<dict>
			<key>isa</key>
			<string>PBXBuildFile</string>
			<key>fileRef</key>
			<string>1DD70E29AD2C7B4700000000</string>
		</dict>
		<key>E7A30F047990D02900000000</key>
		<dict>
			<key>isa</key>
			<string>PBXBuildFile</string>
			<key>fileRef</key>
			<string>1DD70E297990D02900000000</string>
		</dict>
		<key>E7A30F04B81E2AA500000000</key>
		<dict>
			<key>isa</key>
			<string>PBXBuildFile</string>
			<key>fileRef</key>
			<string>1DD70E29B81E2AA500000000</string>
		</dict>
		<key>E7A30F049183B55800000000</key>
		<dict>
			<key>isa</key>
			<string>PBXBuildFile</string>
			<key>fileRef</key>
			<string>1DD70E299183B55800000000</string>
		</dict>
		<key>E7A30F04323C739A00000000</key>
		<dict>
			<key>isa</key>
			<string>PBXBuildFile</string>
			<key>fileRef</key>
			<string>1DD70E29323C739A00000000</string>
		</dict>
		<key>E7A30F04E142B69100000000</key>
		<dict>
			<key>isa</key>
			<string>PBXBuildFile</string>
			<key>fileRef</key>
			<string>1DD70E29E142B69100000000</string>
		</dict>
		<key>E7A30F04458F66A700000000</key>
		<dict>
			<key>isa</key>
			<string>PBXBuildFile</string>
			<key>fileRef</key>
			<string>1DD70E29458F66A700000000</string>
		</dict>
		<key>E7A30F041D61B55800000000</key>
		<dict>
			<key>isa</key>
			<string>PBXBuildFile</string>
			<key>fileRef</key>
			<string>1DD70E291D61B55800000000</string>
		</dict>
		<key>E7A30F0466AE111300000000</key>
		<dict>
			<key>isa</key>
			<string>PBXBuildFile</string>
			<key>fileRef</key>
			<string>1DD70E2966AE111300000000</string>
		</dict>
		<key>E7A30F04C7D082F800000000</key>
		<dict>
			<key>isa</key>
			<string>PBXBuildFile</string>
			<key>fileRef</key>
			<string>1DD70E29C7D082F800000000</string>
		</dict>
		<key>E7A30F04651425F800000000</key>
		<dict>
			<key>isa</key>
			<string>PBXBuildFile</string>
			<key>fileRef</key>
			<string>1DD70E29651425F800000000</string>
		</dict>
		<key>E7A30F042025A0C500000000</key>
		<dict>
			<key>isa</key>
			<string>PBXBuildFile</string>
			<key>fileRef</key>
			<string>1DD70E292025A0C500000000</string>
		</dict>
		<key>E7A30F046A58962400000000</key>
		<dict>
			<key>isa</key>
			<string>PBXBuildFile</string>
			<key>fileRef</key>
			<string>1DD70E296A58962400000000</string>
		</dict>
		<key>E7A30F04477050FD00000000</key>
		<dict>
			<key>isa</key>
			<string>PBXBuildFile</string>
			<key>fileRef</key>
			<string>1DD70E29477050FD00000000</string>
		</dict>
		<key>E7A30F04CCF1D3F800000000</key>
		<dict>
			<key>isa</key>
			<string>PBXBuildFile</string>
			<key>fileRef</key>
			<string>1DD70E29CCF1D3F800000000</string>
		</dict>
		<key>E7A30F04A919A2FC00000000</key>
		<dict>
			<key>isa</key>
			<string>PBXBuildFile</string>
			<key>fileRef</key>
			<string>1DD70E29A919A2FC00000000</string>
		</dict>
		<key>E7A30F04FA3FDFE600000000</key>
		<dict>
			<key>isa</key>
			<string>PBXBuildFile</string>
			<key>fileRef</key>
			<string>1DD70E29FA3FDFE600000000</string>
		</dict>
		<key>E7A30F04CF0FC33E00000000</key>
		<dict>
			<key>isa</key>
			<string>PBXBuildFile</string>
			<key>fileRef</key>
			<string>1DD70E29CF0FC33E00000000</string>
		</dict>
		<key>E7A30F0449498E6700000000</key>
		<dict>
			<key>isa</key>
			<string>PBXBuildFile</string>
			<key>fileRef</key>
			<string>1DD70E2949498E6700000000</string>
		</dict>
		<key>E7A30F045E9AE74C00000000</key>
		<dict>
			<key>isa</key>
			<string>PBXBuildFile</string>
			<key>fileRef</key>
			<string>1DD70E295E9AE74C00000000</string>
		</dict>
		<key>E7A30F04F2A4D2C200000000</key>
		<dict>
			<key>isa</key>
			<string>PBXBuildFile</string>
			<key>fileRef</key>
			<string>1DD70E29F2A4D2C200000000</string>
		</dict>
		<key>E7A30F045A5C005D00000000</key>
		<dict>
			<key>isa</key>
			<string>PBXBuildFile</string>
			<key>fileRef</key>
			<string>1DD70E295A5C005D00000000</string>
		</dict>
		<key>E7A30F04E99CC93D00000000</key>
		<dict>
			<key>isa</key>
			<string>PBXBuildFile</string>
			<key>fileRef</key>
			<string>1DD70E29E99CC93D00000000</string>
		</dict>
		<key>E7A30F04F7817C1E00000000</key>
		<dict>
			<key>isa</key>
			<string>PBXBuildFile</string>
			<key>fileRef</key>
			<string>1DD70E29F7817C1E00000000</string>
		</dict>
		<key>E7A30F04778A041A00000000</key>
		<dict>
			<key>isa</key>
			<string>PBXBuildFile</string>
			<key>fileRef</key>
			<string>1DD70E29778A041A00000000</string>
		</dict>
		<key>E7A30F04905E4A1200000000</key>
		<dict>
			<key>isa</key>
			<string>PBXBuildFile</string>
			<key>fileRef</key>
			<string>1DD70E29905E4A1200000000</string>
		</dict>
		<key>E7A30F04D2634DD700000000</key>
		<dict>
			<key>isa</key>
			<string>PBXBuildFile</string>
			<key>fileRef</key>
			<string>1DD70E29D2634DD700000000</string>
		</dict>
		<key>E7A30F040B3A822B00000000</key>
		<dict>
			<key>isa</key>
			<string>PBXBuildFile</string>
			<key>fileRef</key>
			<string>1DD70E290B3A822B00000000</string>
		</dict>
		<key>E7A30F04115FF3CB00000000</key>
		<dict>
			<key>isa</key>
			<string>PBXBuildFile</string>
			<key>fileRef</key>
			<string>1DD70E29115FF3CB00000000</string>
		</dict>
		<key>E7A30F04DB7EAD4100000000</key>
		<dict>
			<key>isa</key>
			<string>PBXBuildFile</string>
			<key>fileRef</key>
			<string>1DD70E29DB7EAD4100000000</string>
		</dict>
		<key>E7A30F04425581AB00000000</key>
		<dict>
			<key>isa</key>
			<string>PBXBuildFile</string>
			<key>fileRef</key>
			<string>1DD70E29425581AB00000000</string>
		</dict>
		<key>E7A30F04E1FC80DA00000000</key>
		<dict>
			<key>isa</key>
			<string>PBXBuildFile</string>
			<key>fileRef</key>
			<string>1DD70E29E1FC80DA00000000</string>
		</dict>
		<key>E7A30F04ADE416EC00000000</key>
		<dict>
			<key>isa</key>
			<string>PBXBuildFile</string>
			<key>fileRef</key>
			<string>1DD70E29ADE416EC00000000</string>
		</dict>
		<key>E7A30F040ACB7D8500000000</key>
		<dict>
			<key>isa</key>
			<string>PBXBuildFile</string>
			<key>fileRef</key>
			<string>1DD70E290ACB7D8500000000</string>
		</dict>
		<key>1870857F0000000000000000</key>
		<dict>
			<key>isa</key>
			<string>PBXSourcesBuildPhase</string>
			<key>files</key>
			<array>
				<string>E7A30F0435A1854E00000000</string>
				<string>E7A30F04A497648000000000</string>
				<string>E7A30F04538DC3E800000000</string>
				<string>E7A30F0430768A8D00000000</string>
				<string>E7A30F0438C2F71A00000000</string>
				<string>E7A30F04DCA39FD700000000</string>
				<string>E7A30F04B2DFADB900000000</string>
				<string>E7A30F045C877D2B00000000</string>
				<string>E7A30F0460190B5100000000</string>
				<string>E7A30F04766C026800000000</string>
				<string>E7A30F047A04BD4D00000000</string>
				<string>E7A30F04B32327A500000000</string>
				<string>E7A30F04E3E8985800000000</string>
				<string>E7A30F040CAA2EAC00000000</string>
				<string>E7A30F044CB8115E00000000</string>
				<string>E7A30F04B2C7F66600000000</string>
				<string>E7A30F041CA65A3F00000000</string>
				<string>E7A30F04E3AD6B1800000000</string>
				<string>E7A30F04F8DECECE00000000</string>
				<string>E7A30F04B3544D0800000000</string>
				<string>E7A30F04355C75B300000000</string>
				<string>E7A30F04BFE0F1F500000000</string>
				<string>E7A30F04E0C47AEC00000000</string>
				<string>E7A30F04EF10E05500000000</string>
				<string>E7A30F048D33061D00000000</string>
				<string>E7A30F04AD2C7B4700000000</string>
				<string>E7A30F047990D02900000000</string>
				<string>E7A30F04B81E2AA500000000</string>
				<string>E7A30F049183B55800000000</string>
				<string>E7A30F04323C739A00000000</string>
				<string>E7A30F04E142B69100000000</string>
				<string>E7A30F04458F66A700000000</string>
				<string>E7A30F041D61B55800000000</string>
				<string>E7A30F0466AE111300000000</string>
				<string>E7A30F04C7D082F800000000</string>
				<string>E7A30F04651425F800000000</string>
				<string>E7A30F042025A0C500000000</string>
				<string>E7A30F046A58962400000000</string>
				<string>E7A30F04477050FD00000000</string>
				<string>E7A30F04CCF1D3F800000000</string>
				<string>E7A30F04A919A2FC00000000</string>
				<string>E7A30F04FA3FDFE600000000</string>
				<string>E7A30F04CF0FC33E00000000</string>
				<string>E7A30F0449498E6700000000</string>
				<string>E7A30F045E9AE74C00000000</string>
				<string>E7A30F04F2A4D2C200000000</string>
				<string>E7A30F045A5C005D00000000</string>
				<string>E7A30F04E99CC93D00000000</string>
				<string>E7A30F04F7817C1E00000000</string>
				<string>E7A30F04778A041A00000000</string>
				<string>E7A30F04905E4A1200000000</string>
				<string>E7A30F04D2634DD700000000</string>
				<string>E7A30F040B3A822B00000000</string>
				<string>E7A30F04115FF3CB00000000</string>
				<string>E7A30F04DB7EAD4100000000</string>
				<string>E7A30F04425581AB00000000</string>
				<string>E7A30F04E1FC80DA00000000</string>
				<string>E7A30F04ADE416EC00000000</string>
				<string>E7A30F040ACB7D8500000000</string>
			</array>
		</dict>
		<key>E7A30F04D65BA68200000000</key>
		<dict>
			<key>isa</key>
			<string>PBXBuildFile</string>
			<key>fileRef</key>
			<string>1DD70E29D65BA68200000000</string>
		</dict>
		<key>E7A30F045915423000000000</key>
		<dict>
			<key>isa</key>
			<string>PBXBuildFile</string>
			<key>fileRef</key>
			<string>1DD70E295915423000000000</string>
		</dict>
		<key>E7A30F04FF334B1F00000000</key>
		<dict>
			<key>isa</key>
			<string>PBXBuildFile</string>
			<key>fileRef</key>
			<string>1DD70E29FF334B1F00000000</string>
		</dict>
		<key>E7A30F04DB6520C800000000</key>
		<dict>
			<key>isa</key>
			<string>PBXBuildFile</string>
			<key>fileRef</key>
			<string>1DD70E29DB6520C800000000</string>
		</dict>
		<key>E7A30F047A51CDA100000000</key>
		<dict>
			<key>isa</key>
			<string>PBXBuildFile</string>
			<key>fileRef</key>
			<string>1DD70E297A51CDA100000000</string>
		</dict>
		<key>E7A30F04F33FDAC300000000</key>
		<dict>
			<key>isa</key>
			<string>PBXBuildFile</string>
			<key>fileRef</key>
			<string>1DD70E29F33FDAC300000000</string>
		</dict>
		<key>E7A30F04119CDA0700000000</key>
		<dict>
			<key>isa</key>
			<string>PBXBuildFile</string>
			<key>fileRef</key>
			<string>1DD70E29119CDA0700000000</string>
		</dict>
		<key>E7A30F0451398CF200000000</key>
		<dict>
			<key>isa</key>
			<string>PBXBuildFile</string>
			<key>fileRef</key>
			<string>1DD70E2951398CF200000000</string>
		</dict>
		<key>E7A30F0436DE2CF900000000</key>
		<dict>
			<key>isa</key>
			<string>PBXBuildFile</string>
			<key>fileRef</key>
			<string>1DD70E2936DE2CF900000000</string>
		</dict>
		<key>E7A30F0458CFD47D00000000</key>
		<dict>
			<key>isa</key>
			<string>PBXBuildFile</string>
			<key>fileRef</key>
			<string>1DD70E2958CFD47D00000000</string>
		</dict>
		<key>E7A30F042395015100000000</key>
		<dict>
			<key>isa</key>
			<string>PBXBuildFile</string>
			<key>fileRef</key>
			<string>1DD70E292395015100000000</string>
		</dict>
		<key>E7A30F0484A59C1D00000000</key>
		<dict>
			<key>isa</key>
			<string>PBXBuildFile</string>
			<key>fileRef</key>
			<string>1DD70E2984A59C1D00000000</string>
		</dict>
		<key>E7A30F04B2B7F8DC00000000</key>
		<dict>
			<key>isa</key>
			<string>PBXBuildFile</string>
			<key>fileRef</key>
			<string>1DD70E29B2B7F8DC00000000</string>
		</dict>
		<key>E7A30F04CE34063500000000</key>
		<dict>
			<key>isa</key>
			<string>PBXBuildFile</string>
			<key>fileRef</key>
			<string>1DD70E29CE34063500000000</string>
		</dict>
		<key>E7A30F047E2E5F8700000000</key>
		<dict>
			<key>isa</key>
			<string>PBXBuildFile</string>
			<key>fileRef</key>
			<string>1DD70E297E2E5F8700000000</string>
		</dict>
		<key>E7A30F040F1A3C6400000000</key>
		<dict>
			<key>isa</key>
			<string>PBXBuildFile</string>
			<key>fileRef</key>
			<string>1DD70E290F1A3C6400000000</string>
		</dict>
		<key>E7A30F04F0C15F9C00000000</key>
		<dict>
			<key>isa</key>
			<string>PBXBuildFile</string>
			<key>fileRef</key>
			<string>1DD70E29F0C15F9C00000000</string>
		</dict>
		<key>E7A30F04DD3C940F00000000</key>
		<dict>
			<key>isa</key>
			<string>PBXBuildFile</string>
			<key>fileRef</key>
			<string>1DD70E29DD3C940F00000000</string>
		</dict>
		<key>E7A30F04BA06E3A600000000</key>
		<dict>
			<key>isa</key>
			<string>PBXBuildFile</string>
			<key>fileRef</key>
			<string>1DD70E29BA06E3A600000000</string>
		</dict>
		<key>E7A30F049D2580DA00000000</key>
		<dict>
			<key>isa</key>
			<string>PBXBuildFile</string>
			<key>fileRef</key>
			<string>1DD70E299D2580DA00000000</string>
		</dict>
		<key>E7A30F04F523B9DE00000000</key>
		<dict>
			<key>isa</key>
			<string>PBXBuildFile</string>
			<key>fileRef</key>
			<string>1DD70E29F523B9DE00000000</string>
		</dict>
		<key>E7A30F04D6F14E1000000000</key>
		<dict>
			<key>isa</key>
			<string>PBXBuildFile</string>
			<key>fileRef</key>
			<string>1DD70E29D6F14E1000000000</string>
		</dict>
		<key>E7A30F04CD296A8300000000</key>
		<dict>
			<key>isa</key>
			<string>PBXBuildFile</string>
			<key>fileRef</key>
			<string>1DD70E29CD296A8300000000</string>
		</dict>
		<key>E7A30F043594DCC000000000</key>
		<dict>
			<key>isa</key>
			<string>PBXBuildFile</string>
			<key>fileRef</key>
			<string>1DD70E293594DCC000000000</string>
		</dict>
		<key>E7A30F042420028600000000</key>
		<dict>
			<key>isa</key>
			<string>PBXBuildFile</string>
			<key>fileRef</key>
			<string>1DD70E292420028600000000</string>
		</dict>
		<key>E7A30F04A54A195300000000</key>
		<dict>
			<key>isa</key>
			<string>PBXBuildFile</string>
			<key>fileRef</key>
			<string>1DD70E29A54A195300000000</string>
		</dict>
		<key>E7A30F04E3C578AA00000000</key>
		<dict>
			<key>isa</key>
			<string>PBXBuildFile</string>
			<key>fileRef</key>
			<string>1DD70E29E3C578AA00000000</string>
		</dict>
		<key>E7A30F0497B4D6D800000000</key>
		<dict>
			<key>isa</key>
			<string>PBXBuildFile</string>
			<key>fileRef</key>
			<string>1DD70E2997B4D6D800000000</string>
		</dict>
		<key>E7A30F04C37F741500000000</key>
		<dict>
			<key>isa</key>
			<string>PBXBuildFile</string>
			<key>fileRef</key>
			<string>1DD70E29C37F741500000000</string>
		</dict>
		<key>E7A30F04BF0846EE00000000</key>
		<dict>
			<key>isa</key>
			<string>PBXBuildFile</string>
			<key>fileRef</key>
			<string>1DD70E29BF0846EE00000000</string>
		</dict>
		<key>E7A30F04CBE117ED00000000</key>
		<dict>
			<key>isa</key>
			<string>PBXBuildFile</string>
			<key>fileRef</key>
			<string>1DD70E29CBE117ED00000000</string>
		</dict>
		<key>E7A30F0457B5522500000000</key>
		<dict>
			<key>isa</key>
			<string>PBXBuildFile</string>
			<key>fileRef</key>
			<string>1DD70E2957B5522500000000</string>
		</dict>
		<key>E7A30F0425BBFEEE00000000</key>
		<dict>
			<key>isa</key>
			<string>PBXBuildFile</string>
			<key>fileRef</key>
			<string>1DD70E2925BBFEEE00000000</string>
		</dict>
		<key>E7A30F0434FE8F2900000000</key>
		<dict>
			<key>isa</key>
			<string>PBXBuildFile</string>
			<key>fileRef</key>
			<string>1DD70E2934FE8F2900000000</string>
		</dict>
		<key>E7A30F045A26607D00000000</key>
		<dict>
			<key>isa</key>
			<string>PBXBuildFile</string>
			<key>fileRef</key>
			<string>1DD70E295A26607D00000000</string>
		</dict>
		<key>E7A30F04BBAF750C00000000</key>
		<dict>
			<key>isa</key>
			<string>PBXBuildFile</string>
			<key>fileRef</key>
			<string>1DD70E29BBAF750C00000000</string>
		</dict>
		<key>E7A30F04524F478E00000000</key>
		<dict>
			<key>isa</key>
			<string>PBXBuildFile</string>
			<key>fileRef</key>
			<string>1DD70E29524F478E00000000</string>
		</dict>
		<key>E7A30F044E24879B00000000</key>
		<dict>
			<key>isa</key>
			<string>PBXBuildFile</string>
			<key>fileRef</key>
			<string>1DD70E294E24879B00000000</string>
		</dict>
		<key>E7A30F042417E0B200000000</key>
		<dict>
			<key>isa</key>
			<string>PBXBuildFile</string>
			<key>fileRef</key>
			<string>1DD70E292417E0B200000000</string>
		</dict>
		<key>E7A30F040DD17C7100000000</key>
		<dict>
			<key>isa</key>
			<string>PBXBuildFile</string>
			<key>fileRef</key>
			<string>1DD70E290DD17C7100000000</string>
		</dict>
		<key>E7A30F0488BAAFC800000000</key>
		<dict>
			<key>isa</key>
			<string>PBXBuildFile</string>
			<key>fileRef</key>
			<string>1DD70E2988BAAFC800000000</string>
		</dict>
		<key>FAF5FAC90000000000000000</key>
		<dict>
			<key>isa</key>
			<string>PBXCopyFilesBuildPhase</string>
			<key>files</key>
			<array>
				<string>E7A30F04D65BA68200000000</string>
				<string>E7A30F045915423000000000</string>
				<string>E7A30F04FF334B1F00000000</string>
				<string>E7A30F04DB6520C800000000</string>
				<string>E7A30F047A51CDA100000000</string>
				<string>E7A30F04F33FDAC300000000</string>
				<string>E7A30F04119CDA0700000000</string>
				<string>E7A30F0451398CF200000000</string>
				<string>E7A30F0436DE2CF900000000</string>
				<string>E7A30F0458CFD47D00000000</string>
				<string>E7A30F042395015100000000</string>
				<string>E7A30F0484A59C1D00000000</string>
				<string>E7A30F04B2B7F8DC00000000</string>
				<string>E7A30F04CE34063500000000</string>
				<string>E7A30F047E2E5F8700000000</string>
				<string>E7A30F040F1A3C6400000000</string>
				<string>E7A30F04F0C15F9C00000000</string>
				<string>E7A30F04DD3C940F00000000</string>
				<string>E7A30F04BA06E3A600000000</string>
				<string>E7A30F049D2580DA00000000</string>
				<string>E7A30F04F523B9DE00000000</string>
				<string>E7A30F04D6F14E1000000000</string>
				<string>E7A30F04CD296A8300000000</string>
				<string>E7A30F043594DCC000000000</string>
				<string>E7A30F042420028600000000</string>
				<string>E7A30F04A54A195300000000</string>
				<string>E7A30F04E3C578AA00000000</string>
				<string>E7A30F0497B4D6D800000000</string>
				<string>E7A30F04C37F741500000000</string>
				<string>E7A30F04BF0846EE00000000</string>
				<string>E7A30F04CBE117ED00000000</string>
				<string>E7A30F0457B5522500000000</string>
				<string>E7A30F0425BBFEEE00000000</string>
				<string>E7A30F0434FE8F2900000000</string>
				<string>E7A30F045A26607D00000000</string>
				<string>E7A30F04BBAF750C00000000</string>
				<string>E7A30F04524F478E00000000</string>
				<string>E7A30F044E24879B00000000</string>
				<string>E7A30F042417E0B200000000</string>
				<string>E7A30F040DD17C7100000000</string>
				<string>E7A30F0488BAAFC800000000</string>
			</array>
			<key>name</key>
			<string>Fake Swift Dependencies (Copy Files Phase)</string>
			<key>runOnlyForDeploymentPostprocessing</key>
			<integer>1</integer>
			<key>dstSubfolderSpec</key>
			<integer>16</integer>
			<key>dstPath</key>
			<string></string>
		</dict>
		<key>4952437303EDA63300000000</key>
		<dict>
			<key>isa</key>
			<string>XCBuildConfiguration</string>
			<key>name</key>
			<string>Debug</string>
			<key>buildSettings</key>
			<dict>
			</dict>
			<key>baseConfigurationReference</key>
			<string>1DD70E29642E0FA000000000</string>
		</dict>
		<key>4952437350C7218900000000</key>
		<dict>
			<key>isa</key>
			<string>XCBuildConfiguration</string>
			<key>name</key>
			<string>Profile</string>
			<key>buildSettings</key>
			<dict>
			</dict>
			<key>baseConfigurationReference</key>
			<string>1DD70E29F60B3F0A00000000</string>
		</dict>
		<key>49524373A439BFE700000000</key>
		<dict>
			<key>isa</key>
			<string>XCBuildConfiguration</string>
			<key>name</key>
			<string>Release</string>
			<key>buildSettings</key>
			<dict>
			</dict>
			<key>baseConfigurationReference</key>
			<string>1DD70E2969A1EA6C00000000</string>
		</dict>
		<key>218C37090000000000000000</key>
		<dict>
			<key>isa</key>
			<string>XCConfigurationList</string>
			<key>buildConfigurations</key>
			<array>
				<string>4952437303EDA63300000000</string>
				<string>4952437350C7218900000000</string>
				<string>49524373A439BFE700000000</string>
			</array>
			<key>defaultConfigurationIsVisible</key>
			<false/>
		</dict>
		<key>E66DC04E783C107500000000</key>
		<dict>
			<key>isa</key>
			<string>PBXNativeTarget</string>
			<key>name</key>
			<string>Charts</string>
			<key>productName</key>
			<string>Charts</string>
			<key>productReference</key>
			<string>1DD70E291E471AAD00000000</string>
			<key>productType</key>
			<string>com.apple.product-type.library.static</string>
			<key>dependencies</key>
			<array>
			</array>
			<key>buildPhases</key>
			<array>
				<string>1870857F0000000000000000</string>
				<string>FAF5FAC90000000000000000</string>
			</array>
			<key>buildConfigurationList</key>
			<string>218C37090000000000000000</string>
		</dict>
		<key>4952437303EDA63300000001</key>
		<dict>
			<key>isa</key>
			<string>XCBuildConfiguration</string>
			<key>name</key>
			<string>Debug</string>
			<key>buildSettings</key>
			<dict>
			</dict>
		</dict>
		<key>4952437350C7218900000001</key>
		<dict>
			<key>isa</key>
			<string>XCBuildConfiguration</string>
			<key>name</key>
			<string>Profile</string>
			<key>buildSettings</key>
			<dict>
			</dict>
		</dict>
		<key>49524373A439BFE700000001</key>
		<dict>
			<key>isa</key>
			<string>XCBuildConfiguration</string>
			<key>name</key>
			<string>Release</string>
			<key>buildSettings</key>
			<dict>
			</dict>
		</dict>
		<key>218C37090000000000000001</key>
		<dict>
			<key>isa</key>
			<string>XCConfigurationList</string>
			<key>buildConfigurations</key>
			<array>
				<string>4952437303EDA63300000001</string>
				<string>4952437350C7218900000001</string>
				<string>49524373A439BFE700000001</string>
			</array>
			<key>defaultConfigurationIsVisible</key>
			<false/>
		</dict>
		<key>96C84793783C107500000000</key>
		<dict>
			<key>isa</key>
			<string>PBXProject</string>
			<key>mainGroup</key>
			<string>B401C979EFB6AC4600000000</string>
			<key>targets</key>
			<array>
				<string>E66DC04E783C107500000000</string>
			</array>
			<key>buildConfigurationList</key>
			<string>218C37090000000000000001</string>
			<key>compatibilityVersion</key>
			<string>Xcode 3.2</string>
			<key>attributes</key>
			<dict>
				<key>LastUpgradeCheck</key>
				<string>9999</string>
			</dict>
		</dict>
	</dict>
	<key>rootObject</key>
	<string>96C84793783C107500000000</string>
</dict>
</plist>