<?xml version="1.0" encoding="UTF-8"?>
<!DOCTYPE plist PUBLIC "-//Apple//DTD PLIST 1.0//EN" "http://www.apple.com/DTDs/PropertyList-1.0.dtd">
<plist version="1.0">
<dict>
	<key>archiveVersion</key>
	<string>1</string>
	<key>classes</key>
	<dict>
	</dict>
	<key>objectVersion</key>
	<string>46</string>
	<key>objects</key>
	<dict>
		<key>1DD70E29E1A31EE700000000</key>
		<dict>
			<key>isa</key>
			<string>PBXFileReference</string>
			<key>name</key>
			<string>SyncCore#shared-Debug.xcconfig</string>
			<key>path</key>
			<string>../../buck-out/gen/submodules/SyncCore/SyncCore#shared-Debug.xcconfig</string>
			<key>sourceTree</key>
			<string>SOURCE_ROOT</string>
			<key>explicitFileType</key>
			<string>text.xcconfig</string>
		</dict>
		<key>1DD70E29EA79989100000000</key>
		<dict>
			<key>isa</key>
			<string>PBXFileReference</string>
			<key>name</key>
			<string>SyncCore#shared-Profile.xcconfig</string>
			<key>path</key>
			<string>../../buck-out/gen/submodules/SyncCore/SyncCore#shared-Profile.xcconfig</string>
			<key>sourceTree</key>
			<string>SOURCE_ROOT</string>
			<key>explicitFileType</key>
			<string>text.xcconfig</string>
		</dict>
		<key>1DD70E295E1043F300000000</key>
		<dict>
			<key>isa</key>
			<string>PBXFileReference</string>
			<key>name</key>
			<string>SyncCore#shared-Release.xcconfig</string>
			<key>path</key>
			<string>../../buck-out/gen/submodules/SyncCore/SyncCore#shared-Release.xcconfig</string>
			<key>sourceTree</key>
			<string>SOURCE_ROOT</string>
			<key>explicitFileType</key>
			<string>text.xcconfig</string>
		</dict>
		<key>B401C9792F7F325000000000</key>
		<dict>
			<key>isa</key>
			<string>PBXGroup</string>
			<key>name</key>
			<string>Buck (Do Not Modify)</string>
			<key>sourceTree</key>
			<string><![CDATA[<group>]]></string>
			<key>children</key>
			<array>
				<string>1DD70E29E1A31EE700000000</string>
				<string>1DD70E29EA79989100000000</string>
				<string>1DD70E295E1043F300000000</string>
			</array>
		</dict>
		<key>B401C979B781F65D00000000</key>
		<dict>
			<key>isa</key>
			<string>PBXGroup</string>
			<key>name</key>
			<string>Configurations</string>
			<key>sourceTree</key>
			<string><![CDATA[<group>]]></string>
			<key>children</key>
			<array>
				<string>B401C9792F7F325000000000</string>
			</array>
		</dict>
		<key>1DD70E29AE317AA300000000</key>
		<dict>
			<key>isa</key>
			<string>PBXFileReference</string>
			<key>name</key>
			<string>Foundation.framework</string>
			<key>path</key>
			<string>System/Library/Frameworks/Foundation.framework</string>
			<key>sourceTree</key>
			<string>SDKROOT</string>
			<key>explicitFileType</key>
			<string>wrapper.framework</string>
		</dict>
		<key>1DD70E29A613725A00000000</key>
		<dict>
			<key>isa</key>
			<string>PBXFileReference</string>
			<key>name</key>
			<string>libConfig.a</string>
			<key>path</key>
			<string>libConfig.a</string>
			<key>sourceTree</key>
			<string>BUILT_PRODUCTS_DIR</string>
			<key>explicitFileType</key>
			<string>archive.ar</string>
		</dict>
		<key>1DD70E2932FCFFB000000000</key>
		<dict>
			<key>isa</key>
			<string>PBXFileReference</string>
			<key>name</key>
			<string>libLanguage.a</string>
			<key>path</key>
			<string>libLanguage.a</string>
			<key>sourceTree</key>
			<string>BUILT_PRODUCTS_DIR</string>
			<key>explicitFileType</key>
			<string>archive.ar</string>
		</dict>
		<key>1DD70E29DB6520C800000000</key>
		<dict>
			<key>isa</key>
			<string>PBXFileReference</string>
			<key>name</key>
			<string>libPostbox.dylib</string>
			<key>path</key>
			<string>libPostbox.dylib</string>
			<key>sourceTree</key>
			<string>BUILT_PRODUCTS_DIR</string>
			<key>explicitFileType</key>
			<string>compiled.mach-o.dylib</string>
		</dict>
		<key>1DD70E29D65BA68200000000</key>
		<dict>
			<key>isa</key>
			<string>PBXFileReference</string>
			<key>name</key>
			<string>libSwiftSignalKit.dylib</string>
			<key>path</key>
			<string>libSwiftSignalKit.dylib</string>
			<key>sourceTree</key>
			<string>BUILT_PRODUCTS_DIR</string>
			<key>explicitFileType</key>
			<string>compiled.mach-o.dylib</string>
		</dict>
		<key>B401C97968022A5500000000</key>
		<dict>
			<key>isa</key>
			<string>PBXGroup</string>
			<key>name</key>
			<string>Frameworks</string>
			<key>sourceTree</key>
			<string><![CDATA[<group>]]></string>
			<key>children</key>
			<array>
				<string>1DD70E29AE317AA300000000</string>
				<string>1DD70E29A613725A00000000</string>
				<string>1DD70E2932FCFFB000000000</string>
				<string>1DD70E29DB6520C800000000</string>
				<string>1DD70E29D65BA68200000000</string>
			</array>
		</dict>
		<key>1DD70E297A51CDA100000000</key>
		<dict>
			<key>isa</key>
			<string>PBXFileReference</string>
			<key>name</key>
			<string>libSyncCore.dylib</string>
			<key>path</key>
			<string>libSyncCore.dylib</string>
			<key>sourceTree</key>
			<string>BUILT_PRODUCTS_DIR</string>
			<key>explicitFileType</key>
			<string>compiled.mach-o.dylib</string>
		</dict>
		<key>B401C979C806358400000000</key>
		<dict>
			<key>isa</key>
			<string>PBXGroup</string>
			<key>name</key>
			<string>Products</string>
			<key>sourceTree</key>
			<string><![CDATA[<group>]]></string>
			<key>children</key>
			<array>
				<string>1DD70E297A51CDA100000000</string>
			</array>
		</dict>
		<key>1DD70E29001F47FB00000000</key>
		<dict>
			<key>isa</key>
			<string>PBXFileReference</string>
			<key>name</key>
			<string>BUCK</string>
			<key>path</key>
			<string>BUCK</string>
			<key>sourceTree</key>
			<string>SOURCE_ROOT</string>
			<key>explicitFileType</key>
			<string>text.script.python</string>
		</dict>
		<key>1DD70E295CEC0C8800000000</key>
		<dict>
			<key>isa</key>
			<string>PBXFileReference</string>
			<key>name</key>
			<string>AccountBackupDataAttribute.swift</string>
			<key>path</key>
			<string>Sources/AccountBackupDataAttribute.swift</string>
			<key>sourceTree</key>
			<string>SOURCE_ROOT</string>
		</dict>
		<key>1DD70E29632B459B00000000</key>
		<dict>
			<key>isa</key>
			<string>PBXFileReference</string>
			<key>name</key>
			<string>AccountEnvironmentAttribute.swift</string>
			<key>path</key>
			<string>Sources/AccountEnvironmentAttribute.swift</string>
			<key>sourceTree</key>
			<string>SOURCE_ROOT</string>
		</dict>
		<key>1DD70E29BF29B8FE00000000</key>
		<dict>
			<key>isa</key>
			<string>PBXFileReference</string>
			<key>name</key>
			<string>AccountSortOrderAttribute.swift</string>
			<key>path</key>
			<string>Sources/AccountSortOrderAttribute.swift</string>
			<key>sourceTree</key>
			<string>SOURCE_ROOT</string>
		</dict>
		<key>1DD70E29F23B9BE300000000</key>
		<dict>
			<key>isa</key>
			<string>PBXFileReference</string>
			<key>name</key>
			<string>AppChangelogState.swift</string>
			<key>path</key>
			<string>Sources/AppChangelogState.swift</string>
			<key>sourceTree</key>
			<string>SOURCE_ROOT</string>
		</dict>
		<key>1DD70E29CA75EB5A00000000</key>
		<dict>
			<key>isa</key>
			<string>PBXFileReference</string>
			<key>name</key>
			<string>AppConfiguration.swift</string>
			<key>path</key>
			<string>Sources/AppConfiguration.swift</string>
			<key>sourceTree</key>
			<string>SOURCE_ROOT</string>
		</dict>
		<key>1DD70E2966A8699200000000</key>
		<dict>
			<key>isa</key>
			<string>PBXFileReference</string>
			<key>name</key>
			<string>ArchivedStickerPacksInfo.swift</string>
			<key>path</key>
			<string>Sources/ArchivedStickerPacksInfo.swift</string>
			<key>sourceTree</key>
			<string>SOURCE_ROOT</string>
		</dict>
		<key>1DD70E29783498E700000000</key>
		<dict>
			<key>isa</key>
			<string>PBXFileReference</string>
			<key>name</key>
			<string>AuthorSignatureMessageAttribute.swift</string>
			<key>path</key>
			<string>Sources/AuthorSignatureMessageAttribute.swift</string>
			<key>sourceTree</key>
			<string>SOURCE_ROOT</string>
		</dict>
		<key>1DD70E2901D6232400000000</key>
		<dict>
			<key>isa</key>
			<string>PBXFileReference</string>
			<key>name</key>
			<string>AuthorizedAccountState.swift</string>
			<key>path</key>
			<string>Sources/AuthorizedAccountState.swift</string>
			<key>sourceTree</key>
			<string>SOURCE_ROOT</string>
		</dict>
		<key>1DD70E29D9F683BF00000000</key>
		<dict>
			<key>isa</key>
			<string>PBXFileReference</string>
			<key>name</key>
			<string>AutodownloadSettings.swift</string>
			<key>path</key>
			<string>Sources/AutodownloadSettings.swift</string>
			<key>sourceTree</key>
			<string>SOURCE_ROOT</string>
		</dict>
		<key>1DD70E29EFD11DA800000000</key>
		<dict>
			<key>isa</key>
			<string>PBXFileReference</string>
			<key>name</key>
			<string>AutoremoveTimeoutMessageAttribute.swift</string>
			<key>path</key>
			<string>Sources/AutoremoveTimeoutMessageAttribute.swift</string>
			<key>sourceTree</key>
			<string>SOURCE_ROOT</string>
		</dict>
		<key>1DD70E29525F11DA00000000</key>
		<dict>
			<key>isa</key>
			<string>PBXFileReference</string>
			<key>name</key>
			<string>BotInfo.swift</string>
			<key>path</key>
			<string>Sources/BotInfo.swift</string>
			<key>sourceTree</key>
			<string>SOURCE_ROOT</string>
		</dict>
		<key>1DD70E29D864FDA100000000</key>
		<dict>
			<key>isa</key>
			<string>PBXFileReference</string>
			<key>name</key>
			<string>CacheStorageSettings.swift</string>
			<key>path</key>
			<string>Sources/CacheStorageSettings.swift</string>
			<key>sourceTree</key>
			<string>SOURCE_ROOT</string>
		</dict>
		<key>1DD70E29FC87631000000000</key>
		<dict>
			<key>isa</key>
			<string>PBXFileReference</string>
			<key>name</key>
			<string>CachedChannelData.swift</string>
			<key>path</key>
			<string>Sources/CachedChannelData.swift</string>
			<key>sourceTree</key>
			<string>SOURCE_ROOT</string>
		</dict>
		<key>1DD70E297BEE510C00000000</key>
		<dict>
			<key>isa</key>
			<string>PBXFileReference</string>
			<key>name</key>
			<string>CachedGroupData.swift</string>
			<key>path</key>
			<string>Sources/CachedGroupData.swift</string>
			<key>sourceTree</key>
			<string>SOURCE_ROOT</string>
		</dict>
		<key>1DD70E291F2B7B8200000000</key>
		<dict>
			<key>isa</key>
			<string>PBXFileReference</string>
			<key>name</key>
			<string>CachedGroupParticipants.swift</string>
			<key>path</key>
			<string>Sources/CachedGroupParticipants.swift</string>
			<key>sourceTree</key>
			<string>SOURCE_ROOT</string>
		</dict>
		<key>1DD70E2994353C6F00000000</key>
		<dict>
			<key>isa</key>
			<string>PBXFileReference</string>
			<key>name</key>
			<string>CachedLocalizationInfos.swift</string>
			<key>path</key>
			<string>Sources/CachedLocalizationInfos.swift</string>
			<key>sourceTree</key>
			<string>SOURCE_ROOT</string>
		</dict>
		<key>1DD70E29B60CCEB900000000</key>
		<dict>
			<key>isa</key>
			<string>PBXFileReference</string>
			<key>name</key>
			<string>CachedRecentPeers.swift</string>
			<key>path</key>
			<string>Sources/CachedRecentPeers.swift</string>
			<key>sourceTree</key>
			<string>SOURCE_ROOT</string>
		</dict>
		<key>1DD70E299EC89F2300000000</key>
		<dict>
			<key>isa</key>
			<string>PBXFileReference</string>
			<key>name</key>
			<string>CachedResolvedByNamePeer.swift</string>
			<key>path</key>
			<string>Sources/CachedResolvedByNamePeer.swift</string>
			<key>sourceTree</key>
			<string>SOURCE_ROOT</string>
		</dict>
		<key>1DD70E29D7F6DC2700000000</key>
		<dict>
			<key>isa</key>
			<string>PBXFileReference</string>
			<key>name</key>
			<string>CachedSecureIdConfiguration.swift</string>
			<key>path</key>
			<string>Sources/CachedSecureIdConfiguration.swift</string>
			<key>sourceTree</key>
			<string>SOURCE_ROOT</string>
		</dict>
		<key>1DD70E29049E11F900000000</key>
		<dict>
			<key>isa</key>
			<string>PBXFileReference</string>
			<key>name</key>
			<string>CachedStickerPack.swift</string>
			<key>path</key>
			<string>Sources/CachedStickerPack.swift</string>
			<key>sourceTree</key>
			<string>SOURCE_ROOT</string>
		</dict>
		<key>1DD70E29B0158D8F00000000</key>
		<dict>
			<key>isa</key>
			<string>PBXFileReference</string>
			<key>name</key>
			<string>CachedStickerQueryResult.swift</string>
			<key>path</key>
			<string>Sources/CachedStickerQueryResult.swift</string>
			<key>sourceTree</key>
			<string>SOURCE_ROOT</string>
		</dict>
		<key>1DD70E29FADB9BCF00000000</key>
		<dict>
			<key>isa</key>
			<string>PBXFileReference</string>
			<key>name</key>
			<string>CachedThemesConfiguration.swift</string>
			<key>path</key>
			<string>Sources/CachedThemesConfiguration.swift</string>
			<key>sourceTree</key>
			<string>SOURCE_ROOT</string>
		</dict>
		<key>1DD70E296CC696DC00000000</key>
		<dict>
			<key>isa</key>
			<string>PBXFileReference</string>
			<key>name</key>
			<string>CachedUserData.swift</string>
			<key>path</key>
			<string>Sources/CachedUserData.swift</string>
			<key>sourceTree</key>
			<string>SOURCE_ROOT</string>
		</dict>
		<key>1DD70E2921193E8800000000</key>
		<dict>
			<key>isa</key>
			<string>PBXFileReference</string>
			<key>name</key>
			<string>CachedWallpapersConfiguration.swift</string>
			<key>path</key>
			<string>Sources/CachedWallpapersConfiguration.swift</string>
			<key>sourceTree</key>
			<string>SOURCE_ROOT</string>
		</dict>
		<key>1DD70E29D78FB1F600000000</key>
		<dict>
			<key>isa</key>
			<string>PBXFileReference</string>
			<key>name</key>
			<string>ChannelMessageStateVersionAttribute.swift</string>
			<key>path</key>
			<string>Sources/ChannelMessageStateVersionAttribute.swift</string>
			<key>sourceTree</key>
			<string>SOURCE_ROOT</string>
		</dict>
		<key>1DD70E291CF1359300000000</key>
		<dict>
			<key>isa</key>
			<string>PBXFileReference</string>
			<key>name</key>
			<string>ChannelState.swift</string>
			<key>path</key>
			<string>Sources/ChannelState.swift</string>
			<key>sourceTree</key>
			<string>SOURCE_ROOT</string>
		</dict>
		<key>1DD70E29B6893AAF00000000</key>
		<dict>
			<key>isa</key>
			<string>PBXFileReference</string>
			<key>name</key>
			<string>CloudChatRemoveMessagesOperation.swift</string>
			<key>path</key>
			<string>Sources/CloudChatRemoveMessagesOperation.swift</string>
			<key>sourceTree</key>
			<string>SOURCE_ROOT</string>
		</dict>
		<key>1DD70E29066E344600000000</key>
		<dict>
			<key>isa</key>
			<string>PBXFileReference</string>
			<key>name</key>
			<string>CloudFileMediaResource.swift</string>
			<key>path</key>
			<string>Sources/CloudFileMediaResource.swift</string>
			<key>sourceTree</key>
			<string>SOURCE_ROOT</string>
		</dict>
		<key>1DD70E293E88D15000000000</key>
		<dict>
			<key>isa</key>
			<string>PBXFileReference</string>
			<key>name</key>
			<string>ConsumableContentMessageAttribute.swift</string>
			<key>path</key>
			<string>Sources/ConsumableContentMessageAttribute.swift</string>
			<key>sourceTree</key>
			<string>SOURCE_ROOT</string>
		</dict>
		<key>1DD70E29D51B04A100000000</key>
		<dict>
			<key>isa</key>
			<string>PBXFileReference</string>
			<key>name</key>
			<string>ConsumablePersonalMentionMessageAttribute.swift</string>
			<key>path</key>
			<string>Sources/ConsumablePersonalMentionMessageAttribute.swift</string>
			<key>sourceTree</key>
			<string>SOURCE_ROOT</string>
		</dict>
		<key>1DD70E29B43E6E2600000000</key>
		<dict>
			<key>isa</key>
			<string>PBXFileReference</string>
			<key>name</key>
			<string>ConsumePersonalMessageAction.swift</string>
			<key>path</key>
			<string>Sources/ConsumePersonalMessageAction.swift</string>
			<key>sourceTree</key>
			<string>SOURCE_ROOT</string>
		</dict>
		<key>1DD70E29B9034BDB00000000</key>
		<dict>
			<key>isa</key>
			<string>PBXFileReference</string>
			<key>name</key>
			<string>ContactsSettings.swift</string>
			<key>path</key>
			<string>Sources/ContactsSettings.swift</string>
			<key>sourceTree</key>
			<string>SOURCE_ROOT</string>
		</dict>
		<key>1DD70E293971075700000000</key>
		<dict>
			<key>isa</key>
			<string>PBXFileReference</string>
			<key>name</key>
			<string>ContentPrivacySettings.swift</string>
			<key>path</key>
			<string>Sources/ContentPrivacySettings.swift</string>
			<key>sourceTree</key>
			<string>SOURCE_ROOT</string>
		</dict>
		<key>1DD70E29885B385A00000000</key>
		<dict>
			<key>isa</key>
			<string>PBXFileReference</string>
			<key>name</key>
			<string>ContentRequiresValidationMessageAttribute.swift</string>
			<key>path</key>
			<string>Sources/ContentRequiresValidationMessageAttribute.swift</string>
			<key>sourceTree</key>
			<string>SOURCE_ROOT</string>
		</dict>
		<key>1DD70E2972C9A4E300000000</key>
		<dict>
			<key>isa</key>
			<string>PBXFileReference</string>
			<key>name</key>
			<string>EditedMessageAttribute.swift</string>
			<key>path</key>
			<string>Sources/EditedMessageAttribute.swift</string>
			<key>sourceTree</key>
			<string>SOURCE_ROOT</string>
		</dict>
		<key>1DD70E29454DEDAA00000000</key>
		<dict>
			<key>isa</key>
			<string>PBXFileReference</string>
			<key>name</key>
			<string>EmbeddedMediaStickersMessageAttribute.swift</string>
			<key>path</key>
			<string>Sources/EmbeddedMediaStickersMessageAttribute.swift</string>
			<key>sourceTree</key>
			<string>SOURCE_ROOT</string>
		</dict>
		<key>1DD70E29EEF6E59400000000</key>
		<dict>
			<key>isa</key>
			<string>PBXFileReference</string>
			<key>name</key>
			<string>EmojiKeywordCollectionInfo.swift</string>
			<key>path</key>
			<string>Sources/EmojiKeywordCollectionInfo.swift</string>
			<key>sourceTree</key>
			<string>SOURCE_ROOT</string>
		</dict>
		<key>1DD70E299DF676BB00000000</key>
		<dict>
			<key>isa</key>
			<string>PBXFileReference</string>
			<key>name</key>
			<string>EmojiKeywordItem.swift</string>
			<key>path</key>
			<string>Sources/EmojiKeywordItem.swift</string>
			<key>sourceTree</key>
			<string>SOURCE_ROOT</string>
		</dict>
		<key>1DD70E29CDA1311100000000</key>
		<dict>
			<key>isa</key>
			<string>PBXFileReference</string>
			<key>name</key>
			<string>ExportedInvitation.swift</string>
			<key>path</key>
			<string>Sources/ExportedInvitation.swift</string>
			<key>sourceTree</key>
			<string>SOURCE_ROOT</string>
		</dict>
		<key>1DD70E293340F06D00000000</key>
		<dict>
			<key>isa</key>
			<string>PBXFileReference</string>
			<key>name</key>
			<string>FeaturedStickerPack.swift</string>
			<key>path</key>
			<string>Sources/FeaturedStickerPack.swift</string>
			<key>sourceTree</key>
			<string>SOURCE_ROOT</string>
		</dict>
		<key>1DD70E29D6E5167300000000</key>
		<dict>
			<key>isa</key>
			<string>PBXFileReference</string>
			<key>name</key>
			<string>ForwardSourceInfoAttribute.swift</string>
			<key>path</key>
			<string>Sources/ForwardSourceInfoAttribute.swift</string>
			<key>sourceTree</key>
			<string>SOURCE_ROOT</string>
		</dict>
		<key>1DD70E298C6F6C7600000000</key>
		<dict>
			<key>isa</key>
			<string>PBXFileReference</string>
			<key>name</key>
			<string>GlobalNotificationSettings.swift</string>
			<key>path</key>
			<string>Sources/GlobalNotificationSettings.swift</string>
			<key>sourceTree</key>
			<string>SOURCE_ROOT</string>
		</dict>
		<key>1DD70E2954702DBA00000000</key>
		<dict>
			<key>isa</key>
			<string>PBXFileReference</string>
			<key>name</key>
			<string>ImportableDeviceContactData.swift</string>
			<key>path</key>
			<string>Sources/ImportableDeviceContactData.swift</string>
			<key>sourceTree</key>
			<string>SOURCE_ROOT</string>
		</dict>
		<key>1DD70E29DDF5672800000000</key>
		<dict>
			<key>isa</key>
			<string>PBXFileReference</string>
			<key>name</key>
			<string>InlineBotMessageAttribute.swift</string>
			<key>path</key>
			<string>Sources/InlineBotMessageAttribute.swift</string>
			<key>sourceTree</key>
			<string>SOURCE_ROOT</string>
		</dict>
		<key>1DD70E294D24429500000000</key>
		<dict>
			<key>isa</key>
			<string>PBXFileReference</string>
			<key>name</key>
			<string>InstantPage.swift</string>
			<key>path</key>
			<string>Sources/InstantPage.swift</string>
			<key>sourceTree</key>
			<string>SOURCE_ROOT</string>
		</dict>
		<key>1DD70E293118C18D00000000</key>
		<dict>
			<key>isa</key>
			<string>PBXFileReference</string>
			<key>name</key>
			<string>JSON.swift</string>
			<key>path</key>
			<string>Sources/JSON.swift</string>
			<key>sourceTree</key>
			<string>SOURCE_ROOT</string>
		</dict>
		<key>1DD70E29EABD23C300000000</key>
		<dict>
			<key>isa</key>
			<string>PBXFileReference</string>
			<key>name</key>
			<string>LimitsConfiguration.swift</string>
			<key>path</key>
			<string>Sources/LimitsConfiguration.swift</string>
			<key>sourceTree</key>
			<string>SOURCE_ROOT</string>
		</dict>
		<key>1DD70E296B15969E00000000</key>
		<dict>
			<key>isa</key>
			<string>PBXFileReference</string>
			<key>name</key>
			<string>Localization.swift</string>
			<key>path</key>
			<string>Sources/Localization.swift</string>
			<key>sourceTree</key>
			<string>SOURCE_ROOT</string>
		</dict>
		<key>1DD70E29F981786C00000000</key>
		<dict>
			<key>isa</key>
			<string>PBXFileReference</string>
			<key>name</key>
			<string>LocalizationInfo.swift</string>
			<key>path</key>
			<string>Sources/LocalizationInfo.swift</string>
			<key>sourceTree</key>
			<string>SOURCE_ROOT</string>
		</dict>
		<key>1DD70E29C0A73AFF00000000</key>
		<dict>
			<key>isa</key>
			<string>PBXFileReference</string>
			<key>name</key>
			<string>LocalizationListState.swift</string>
			<key>path</key>
			<string>Sources/LocalizationListState.swift</string>
			<key>sourceTree</key>
			<string>SOURCE_ROOT</string>
		</dict>
		<key>1DD70E2951512FA100000000</key>
		<dict>
			<key>isa</key>
			<string>PBXFileReference</string>
			<key>name</key>
			<string>LocalizationSettings.swift</string>
			<key>path</key>
			<string>Sources/LocalizationSettings.swift</string>
			<key>sourceTree</key>
			<string>SOURCE_ROOT</string>
		</dict>
		<key>1DD70E29B54E63C000000000</key>
		<dict>
			<key>isa</key>
			<string>PBXFileReference</string>
			<key>name</key>
			<string>LoggedOutAccountAttribute.swift</string>
			<key>path</key>
			<string>Sources/LoggedOutAccountAttribute.swift</string>
			<key>sourceTree</key>
			<string>SOURCE_ROOT</string>
		</dict>
		<key>1DD70E2940C715A700000000</key>
		<dict>
			<key>isa</key>
			<string>PBXFileReference</string>
			<key>name</key>
			<string>LoggingSettings.swift</string>
			<key>path</key>
			<string>Sources/LoggingSettings.swift</string>
			<key>sourceTree</key>
			<string>SOURCE_ROOT</string>
		</dict>
		<key>1DD70E29E114BD4C00000000</key>
		<dict>
			<key>isa</key>
			<string>PBXFileReference</string>
			<key>name</key>
			<string>MediaReference.swift</string>
			<key>path</key>
			<string>Sources/MediaReference.swift</string>
			<key>sourceTree</key>
			<string>SOURCE_ROOT</string>
		</dict>
		<key>1DD70E299F2A0B3D00000000</key>
		<dict>
			<key>isa</key>
			<string>PBXFileReference</string>
			<key>name</key>
			<string>Namespaces.swift</string>
			<key>path</key>
			<string>Sources/Namespaces.swift</string>
			<key>sourceTree</key>
			<string>SOURCE_ROOT</string>
		</dict>
		<key>1DD70E29DA1C0E3600000000</key>
		<dict>
			<key>isa</key>
			<string>PBXFileReference</string>
			<key>name</key>
			<string>NetworkSettings.swift</string>
			<key>path</key>
			<string>Sources/NetworkSettings.swift</string>
			<key>sourceTree</key>
			<string>SOURCE_ROOT</string>
		</dict>
		<key>1DD70E29E19664F300000000</key>
		<dict>
			<key>isa</key>
			<string>PBXFileReference</string>
			<key>name</key>
			<string>NotificationInfoMessageAttribute.swift</string>
			<key>path</key>
			<string>Sources/NotificationInfoMessageAttribute.swift</string>
			<key>sourceTree</key>
			<string>SOURCE_ROOT</string>
		</dict>
		<key>1DD70E2931AE576200000000</key>
		<dict>
			<key>isa</key>
			<string>PBXFileReference</string>
			<key>name</key>
			<string>OutgoingChatContextResultMessageAttribute.swift</string>
			<key>path</key>
			<string>Sources/OutgoingChatContextResultMessageAttribute.swift</string>
			<key>sourceTree</key>
			<string>SOURCE_ROOT</string>
		</dict>
		<key>1DD70E2973BD38B500000000</key>
		<dict>
			<key>isa</key>
			<string>PBXFileReference</string>
			<key>name</key>
			<string>OutgoingContentInfoMessageAttribute.swift</string>
			<key>path</key>
			<string>Sources/OutgoingContentInfoMessageAttribute.swift</string>
			<key>sourceTree</key>
			<string>SOURCE_ROOT</string>
		</dict>
		<key>1DD70E29487252D800000000</key>
		<dict>
			<key>isa</key>
			<string>PBXFileReference</string>
			<key>name</key>
			<string>OutgoingMessageInfoAttribute.swift</string>
			<key>path</key>
			<string>Sources/OutgoingMessageInfoAttribute.swift</string>
			<key>sourceTree</key>
			<string>SOURCE_ROOT</string>
		</dict>
		<key>1DD70E29E556342B00000000</key>
		<dict>
			<key>isa</key>
			<string>PBXFileReference</string>
			<key>name</key>
			<string>OutgoingScheduleInfoMessageAttribute.swift</string>
			<key>path</key>
			<string>Sources/OutgoingScheduleInfoMessageAttribute.swift</string>
			<key>sourceTree</key>
			<string>SOURCE_ROOT</string>
		</dict>
		<key>1DD70E292F32735900000000</key>
		<dict>
			<key>isa</key>
			<string>PBXFileReference</string>
			<key>name</key>
			<string>PeerAccessHash.swift</string>
			<key>path</key>
			<string>Sources/PeerAccessHash.swift</string>
			<key>sourceTree</key>
			<string>SOURCE_ROOT</string>
		</dict>
		<key>1DD70E297E06B7D900000000</key>
		<dict>
			<key>isa</key>
			<string>PBXFileReference</string>
			<key>name</key>
			<string>PeerAccessRestrictionInfo.swift</string>
			<key>path</key>
			<string>Sources/PeerAccessRestrictionInfo.swift</string>
			<key>sourceTree</key>
			<string>SOURCE_ROOT</string>
		</dict>
		<key>1DD70E29899110B000000000</key>
		<dict>
			<key>isa</key>
			<string>PBXFileReference</string>
			<key>name</key>
			<string>PeerGroupMessageStateVersionAttribute.swift</string>
			<key>path</key>
			<string>Sources/PeerGroupMessageStateVersionAttribute.swift</string>
			<key>sourceTree</key>
			<string>SOURCE_ROOT</string>
		</dict>
		<key>1DD70E29D30763CE00000000</key>
		<dict>
			<key>isa</key>
			<string>PBXFileReference</string>
			<key>name</key>
			<string>PeerReference.swift</string>
			<key>path</key>
			<string>Sources/PeerReference.swift</string>
			<key>sourceTree</key>
			<string>SOURCE_ROOT</string>
		</dict>
		<key>1DD70E29916711BC00000000</key>
		<dict>
			<key>isa</key>
			<string>PBXFileReference</string>
			<key>name</key>
			<string>PeerStatusSettings.swift</string>
			<key>path</key>
			<string>Sources/PeerStatusSettings.swift</string>
			<key>sourceTree</key>
			<string>SOURCE_ROOT</string>
		</dict>
		<key>1DD70E296137373800000000</key>
		<dict>
			<key>isa</key>
			<string>PBXFileReference</string>
			<key>name</key>
			<string>PixelDimensions.swift</string>
			<key>path</key>
			<string>Sources/PixelDimensions.swift</string>
			<key>sourceTree</key>
			<string>SOURCE_ROOT</string>
		</dict>
		<key>1DD70E291143867600000000</key>
		<dict>
			<key>isa</key>
			<string>PBXFileReference</string>
			<key>name</key>
			<string>ProxySettings.swift</string>
			<key>path</key>
			<string>Sources/ProxySettings.swift</string>
			<key>sourceTree</key>
			<string>SOURCE_ROOT</string>
		</dict>
		<key>1DD70E297E537D2400000000</key>
		<dict>
			<key>isa</key>
			<string>PBXFileReference</string>
			<key>name</key>
			<string>ReactionsMessageAttribute.swift</string>
			<key>path</key>
			<string>Sources/ReactionsMessageAttribute.swift</string>
			<key>sourceTree</key>
			<string>SOURCE_ROOT</string>
		</dict>
		<key>1DD70E29663C072900000000</key>
		<dict>
			<key>isa</key>
			<string>PBXFileReference</string>
			<key>name</key>
			<string>RecentHashtagItem.swift</string>
			<key>path</key>
			<string>Sources/RecentHashtagItem.swift</string>
			<key>sourceTree</key>
			<string>SOURCE_ROOT</string>
		</dict>
		<key>1DD70E29F16F6A8100000000</key>
		<dict>
			<key>isa</key>
			<string>PBXFileReference</string>
			<key>name</key>
			<string>RecentMediaItem.swift</string>
			<key>path</key>
			<string>Sources/RecentMediaItem.swift</string>
			<key>sourceTree</key>
			<string>SOURCE_ROOT</string>
		</dict>
		<key>1DD70E298662D1D500000000</key>
		<dict>
			<key>isa</key>
			<string>PBXFileReference</string>
			<key>name</key>
			<string>RecentPeerItem.swift</string>
			<key>path</key>
			<string>Sources/RecentPeerItem.swift</string>
			<key>sourceTree</key>
			<string>SOURCE_ROOT</string>
		</dict>
		<key>1DD70E29BEF724E200000000</key>
		<dict>
			<key>isa</key>
			<string>PBXFileReference</string>
			<key>name</key>
			<string>RegularChatState.swift</string>
			<key>path</key>
			<string>Sources/RegularChatState.swift</string>
			<key>sourceTree</key>
			<string>SOURCE_ROOT</string>
		</dict>
		<key>1DD70E29D21C01A600000000</key>
		<dict>
			<key>isa</key>
			<string>PBXFileReference</string>
			<key>name</key>
			<string>RemoteStorageConfiguration.swift</string>
			<key>path</key>
			<string>Sources/RemoteStorageConfiguration.swift</string>
			<key>sourceTree</key>
			<string>SOURCE_ROOT</string>
		</dict>
		<key>1DD70E29F252716C00000000</key>
		<dict>
			<key>isa</key>
			<string>PBXFileReference</string>
			<key>name</key>
			<string>ReplyMarkupMessageAttribute.swift</string>
			<key>path</key>
			<string>Sources/ReplyMarkupMessageAttribute.swift</string>
			<key>sourceTree</key>
			<string>SOURCE_ROOT</string>
		</dict>
		<key>1DD70E2964B574A400000000</key>
		<dict>
			<key>isa</key>
			<string>PBXFileReference</string>
			<key>name</key>
			<string>ReplyMessageAttribute.swift</string>
			<key>path</key>
			<string>Sources/ReplyMessageAttribute.swift</string>
			<key>sourceTree</key>
			<string>SOURCE_ROOT</string>
		</dict>
		<key>1DD70E29E1E40A5800000000</key>
		<dict>
			<key>isa</key>
			<string>PBXFileReference</string>
			<key>name</key>
			<string>RestrictedContentMessageAttribute.swift</string>
			<key>path</key>
			<string>Sources/RestrictedContentMessageAttribute.swift</string>
			<key>sourceTree</key>
			<string>SOURCE_ROOT</string>
		</dict>
		<key>1DD70E294967C82E00000000</key>
		<dict>
			<key>isa</key>
			<string>PBXFileReference</string>
			<key>name</key>
			<string>RichText.swift</string>
			<key>path</key>
			<string>Sources/RichText.swift</string>
			<key>sourceTree</key>
			<string>SOURCE_ROOT</string>
		</dict>
		<key>1DD70E295C9B84EE00000000</key>
		<dict>
			<key>isa</key>
			<string>PBXFileReference</string>
			<key>name</key>
			<string>SavedStickerItem.swift</string>
			<key>path</key>
			<string>Sources/SavedStickerItem.swift</string>
			<key>sourceTree</key>
			<string>SOURCE_ROOT</string>
		</dict>
		<key>1DD70E2971BD7D0700000000</key>
		<dict>
			<key>isa</key>
			<string>PBXFileReference</string>
			<key>name</key>
			<string>SearchBotsConfiguration.swift</string>
			<key>path</key>
			<string>Sources/SearchBotsConfiguration.swift</string>
			<key>sourceTree</key>
			<string>SOURCE_ROOT</string>
		</dict>
		<key>1DD70E29B12A8BF200000000</key>
		<dict>
			<key>isa</key>
			<string>PBXFileReference</string>
			<key>name</key>
			<string>SecretChatEncryptionConfig.swift</string>
			<key>path</key>
			<string>Sources/SecretChatEncryptionConfig.swift</string>
			<key>sourceTree</key>
			<string>SOURCE_ROOT</string>
		</dict>
		<key>1DD70E2925BF992C00000000</key>
		<dict>
			<key>isa</key>
			<string>PBXFileReference</string>
			<key>name</key>
			<string>SecretChatFileReference.swift</string>
			<key>path</key>
			<string>Sources/SecretChatFileReference.swift</string>
			<key>sourceTree</key>
			<string>SOURCE_ROOT</string>
		</dict>
		<key>1DD70E2932682AEE00000000</key>
		<dict>
			<key>isa</key>
			<string>PBXFileReference</string>
			<key>name</key>
			<string>SecretChatIncomingDecryptedOperation.swift</string>
			<key>path</key>
			<string>Sources/SecretChatIncomingDecryptedOperation.swift</string>
			<key>sourceTree</key>
			<string>SOURCE_ROOT</string>
		</dict>
		<key>1DD70E29CA281D1600000000</key>
		<dict>
			<key>isa</key>
			<string>PBXFileReference</string>
			<key>name</key>
			<string>SecretChatIncomingEncryptedOperation.swift</string>
			<key>path</key>
			<string>Sources/SecretChatIncomingEncryptedOperation.swift</string>
			<key>sourceTree</key>
			<string>SOURCE_ROOT</string>
		</dict>
		<key>1DD70E292B02B54F00000000</key>
		<dict>
			<key>isa</key>
			<string>PBXFileReference</string>
			<key>name</key>
			<string>SecretChatKeychain.swift</string>
			<key>path</key>
			<string>Sources/SecretChatKeychain.swift</string>
			<key>sourceTree</key>
			<string>SOURCE_ROOT</string>
		</dict>
		<key>1DD70E29F608425800000000</key>
		<dict>
			<key>isa</key>
			<string>PBXFileReference</string>
			<key>name</key>
			<string>SecretChatOutgoingOperation.swift</string>
			<key>path</key>
			<string>Sources/SecretChatOutgoingOperation.swift</string>
			<key>sourceTree</key>
			<string>SOURCE_ROOT</string>
		</dict>
		<key>1DD70E29AB2888F000000000</key>
		<dict>
			<key>isa</key>
			<string>PBXFileReference</string>
			<key>name</key>
			<string>SecretChatSettings.swift</string>
			<key>path</key>
			<string>Sources/SecretChatSettings.swift</string>
			<key>sourceTree</key>
			<string>SOURCE_ROOT</string>
		</dict>
		<key>1DD70E2921580F0E00000000</key>
		<dict>
			<key>isa</key>
			<string>PBXFileReference</string>
			<key>name</key>
			<string>SecretChatState.swift</string>
			<key>path</key>
			<string>Sources/SecretChatState.swift</string>
			<key>sourceTree</key>
			<string>SOURCE_ROOT</string>
		</dict>
		<key>1DD70E293DC0157500000000</key>
		<dict>
			<key>isa</key>
			<string>PBXFileReference</string>
			<key>name</key>
			<string>SecretFileEncryptionKey.swift</string>
			<key>path</key>
			<string>Sources/SecretFileEncryptionKey.swift</string>
			<key>sourceTree</key>
			<string>SOURCE_ROOT</string>
		</dict>
		<key>1DD70E29DDC7488400000000</key>
		<dict>
			<key>isa</key>
			<string>PBXFileReference</string>
			<key>name</key>
			<string>SecureFileMediaResource.swift</string>
			<key>path</key>
			<string>Sources/SecureFileMediaResource.swift</string>
			<key>sourceTree</key>
			<string>SOURCE_ROOT</string>
		</dict>
		<key>1DD70E2967FCD42200000000</key>
		<dict>
			<key>isa</key>
			<string>PBXFileReference</string>
			<key>name</key>
			<string>SecureIdFileReference.swift</string>
			<key>path</key>
			<string>Sources/SecureIdFileReference.swift</string>
			<key>sourceTree</key>
			<string>SOURCE_ROOT</string>
		</dict>
		<key>1DD70E29BAD8F3B700000000</key>
		<dict>
			<key>isa</key>
			<string>PBXFileReference</string>
			<key>name</key>
			<string>SendScheduledMessageImmediatelyAction.swift</string>
			<key>path</key>
			<string>Sources/SendScheduledMessageImmediatelyAction.swift</string>
			<key>sourceTree</key>
			<string>SOURCE_ROOT</string>
		</dict>
		<key>1DD70E29B304A6AA00000000</key>
		<dict>
			<key>isa</key>
			<string>PBXFileReference</string>
			<key>name</key>
			<string>SourceReferenceMessageAttribute.swift</string>
			<key>path</key>
			<string>Sources/SourceReferenceMessageAttribute.swift</string>
			<key>sourceTree</key>
			<string>SOURCE_ROOT</string>
		</dict>
		<key>1DD70E297870D5DB00000000</key>
		<dict>
			<key>isa</key>
			<string>PBXFileReference</string>
			<key>name</key>
			<string>StandaloneAccountTransaction.swift</string>
			<key>path</key>
			<string>Sources/StandaloneAccountTransaction.swift</string>
			<key>sourceTree</key>
			<string>SOURCE_ROOT</string>
		</dict>
		<key>1DD70E29DFB0400700000000</key>
		<dict>
			<key>isa</key>
			<string>PBXFileReference</string>
			<key>name</key>
			<string>StickerPackCollectionInfo.swift</string>
			<key>path</key>
			<string>Sources/StickerPackCollectionInfo.swift</string>
			<key>sourceTree</key>
			<string>SOURCE_ROOT</string>
		</dict>
		<key>1DD70E29FC95B4EE00000000</key>
		<dict>
			<key>isa</key>
			<string>PBXFileReference</string>
			<key>name</key>
			<string>StickerPackItem.swift</string>
			<key>path</key>
			<string>Sources/StickerPackItem.swift</string>
			<key>sourceTree</key>
			<string>SOURCE_ROOT</string>
		</dict>
		<key>1DD70E290AABE6BB00000000</key>
		<dict>
			<key>isa</key>
			<string>PBXFileReference</string>
			<key>name</key>
			<string>SuggestedLocalizationEntry.swift</string>
			<key>path</key>
			<string>Sources/SuggestedLocalizationEntry.swift</string>
			<key>sourceTree</key>
			<string>SOURCE_ROOT</string>
		</dict>
		<key>1DD70E296E0E50FE00000000</key>
		<dict>
			<key>isa</key>
			<string>PBXFileReference</string>
			<key>name</key>
			<string>SuggestedLocalizationUpdatesOperation.swift</string>
			<key>path</key>
			<string>Sources/SuggestedLocalizationUpdatesOperation.swift</string>
			<key>sourceTree</key>
			<string>SOURCE_ROOT</string>
		</dict>
		<key>1DD70E297F527F8000000000</key>
		<dict>
			<key>isa</key>
			<string>PBXFileReference</string>
			<key>name</key>
			<string>SynchronizeAppLogEventsOperation.swift</string>
			<key>path</key>
			<string>Sources/SynchronizeAppLogEventsOperation.swift</string>
			<key>sourceTree</key>
			<string>SOURCE_ROOT</string>
		</dict>
		<key>1DD70E299A4CA91D00000000</key>
		<dict>
			<key>isa</key>
			<string>PBXFileReference</string>
			<key>name</key>
			<string>SynchronizeChatInputStateOperation.swift</string>
			<key>path</key>
			<string>Sources/SynchronizeChatInputStateOperation.swift</string>
			<key>sourceTree</key>
			<string>SOURCE_ROOT</string>
		</dict>
		<key>1DD70E29F8A7041700000000</key>
		<dict>
			<key>isa</key>
			<string>PBXFileReference</string>
			<key>name</key>
			<string>SynchronizeConsumeMessageContentsOperation.swift</string>
			<key>path</key>
			<string>Sources/SynchronizeConsumeMessageContentsOperation.swift</string>
			<key>sourceTree</key>
			<string>SOURCE_ROOT</string>
		</dict>
		<key>1DD70E29251847EC00000000</key>
		<dict>
			<key>isa</key>
			<string>PBXFileReference</string>
			<key>name</key>
			<string>SynchronizeEmojiKeywordsOperation.swift</string>
			<key>path</key>
			<string>Sources/SynchronizeEmojiKeywordsOperation.swift</string>
			<key>sourceTree</key>
			<string>SOURCE_ROOT</string>
		</dict>
		<key>1DD70E298A2C7C6900000000</key>
		<dict>
			<key>isa</key>
			<string>PBXFileReference</string>
			<key>name</key>
			<string>SynchronizeGroupedPeersOperation.swift</string>
			<key>path</key>
			<string>Sources/SynchronizeGroupedPeersOperation.swift</string>
			<key>sourceTree</key>
			<string>SOURCE_ROOT</string>
		</dict>
		<key>1DD70E294ECEA33800000000</key>
		<dict>
			<key>isa</key>
			<string>PBXFileReference</string>
			<key>name</key>
			<string>SynchronizeInstalledStickerPacksOperations.swift</string>
			<key>path</key>
			<string>Sources/SynchronizeInstalledStickerPacksOperations.swift</string>
			<key>sourceTree</key>
			<string>SOURCE_ROOT</string>
		</dict>
		<key>1DD70E29B6E75C6800000000</key>
		<dict>
			<key>isa</key>
			<string>PBXFileReference</string>
			<key>name</key>
			<string>SynchronizeMarkAllUnseenPersonalMessagesOperation.swift</string>
			<key>path</key>
			<string>Sources/SynchronizeMarkAllUnseenPersonalMessagesOperation.swift</string>
			<key>sourceTree</key>
			<string>SOURCE_ROOT</string>
		</dict>
		<key>1DD70E292F0C967900000000</key>
		<dict>
			<key>isa</key>
			<string>PBXFileReference</string>
			<key>name</key>
			<string>SynchronizePinnedChatsOperation.swift</string>
			<key>path</key>
			<string>Sources/SynchronizePinnedChatsOperation.swift</string>
			<key>sourceTree</key>
			<string>SOURCE_ROOT</string>
		</dict>
		<key>1DD70E29C1A8603D00000000</key>
		<dict>
			<key>isa</key>
			<string>PBXFileReference</string>
			<key>name</key>
			<string>SynchronizeRecentlyUsedMediaOperation.swift</string>
			<key>path</key>
			<string>Sources/SynchronizeRecentlyUsedMediaOperation.swift</string>
			<key>sourceTree</key>
			<string>SOURCE_ROOT</string>
		</dict>
		<key>1DD70E29356408E600000000</key>
		<dict>
			<key>isa</key>
			<string>PBXFileReference</string>
			<key>name</key>
			<string>SynchronizeSavedGifsOperation.swift</string>
			<key>path</key>
			<string>Sources/SynchronizeSavedGifsOperation.swift</string>
			<key>sourceTree</key>
			<string>SOURCE_ROOT</string>
		</dict>
		<key>1DD70E29B518A3DF00000000</key>
		<dict>
			<key>isa</key>
			<string>PBXFileReference</string>
			<key>name</key>
			<string>SynchronizeSavedStickersOperation.swift</string>
			<key>path</key>
			<string>Sources/SynchronizeSavedStickersOperation.swift</string>
			<key>sourceTree</key>
			<string>SOURCE_ROOT</string>
		</dict>
		<key>1DD70E292E26E96E00000000</key>
		<dict>
			<key>isa</key>
			<string>PBXFileReference</string>
			<key>name</key>
			<string>SynchronizeableChatInputState.swift</string>
			<key>path</key>
			<string>Sources/SynchronizeableChatInputState.swift</string>
			<key>sourceTree</key>
			<string>SOURCE_ROOT</string>
		</dict>
		<key>1DD70E293B6F99C700000000</key>
		<dict>
			<key>isa</key>
			<string>PBXFileReference</string>
			<key>name</key>
			<string>TelegramChannel.swift</string>
			<key>path</key>
			<string>Sources/TelegramChannel.swift</string>
			<key>sourceTree</key>
			<string>SOURCE_ROOT</string>
		</dict>
		<key>1DD70E29DE47811200000000</key>
		<dict>
			<key>isa</key>
			<string>PBXFileReference</string>
			<key>name</key>
			<string>TelegramChatAdminRights.swift</string>
			<key>path</key>
			<string>Sources/TelegramChatAdminRights.swift</string>
			<key>sourceTree</key>
			<string>SOURCE_ROOT</string>
		</dict>
		<key>1DD70E29F9D5E97300000000</key>
		<dict>
			<key>isa</key>
			<string>PBXFileReference</string>
			<key>name</key>
			<string>TelegramChatBannedRights.swift</string>
			<key>path</key>
			<string>Sources/TelegramChatBannedRights.swift</string>
			<key>sourceTree</key>
			<string>SOURCE_ROOT</string>
		</dict>
		<key>1DD70E29F60F921C00000000</key>
		<dict>
			<key>isa</key>
			<string>PBXFileReference</string>
			<key>name</key>
			<string>TelegramDeviceContactImportedData.swift</string>
			<key>path</key>
			<string>Sources/TelegramDeviceContactImportedData.swift</string>
			<key>sourceTree</key>
			<string>SOURCE_ROOT</string>
		</dict>
		<key>1DD70E29C37D920300000000</key>
		<dict>
			<key>isa</key>
			<string>PBXFileReference</string>
			<key>name</key>
			<string>TelegramGroup.swift</string>
			<key>path</key>
			<string>Sources/TelegramGroup.swift</string>
			<key>sourceTree</key>
			<string>SOURCE_ROOT</string>
		</dict>
		<key>1DD70E2986E56F3E00000000</key>
		<dict>
			<key>isa</key>
			<string>PBXFileReference</string>
			<key>name</key>
			<string>TelegramMediaAction.swift</string>
			<key>path</key>
			<string>Sources/TelegramMediaAction.swift</string>
			<key>sourceTree</key>
			<string>SOURCE_ROOT</string>
		</dict>
		<key>1DD70E29FF86CC4200000000</key>
		<dict>
			<key>isa</key>
			<string>PBXFileReference</string>
			<key>name</key>
			<string>TelegramMediaContact.swift</string>
			<key>path</key>
			<string>Sources/TelegramMediaContact.swift</string>
			<key>sourceTree</key>
			<string>SOURCE_ROOT</string>
		</dict>
		<key>1DD70E298114A11C00000000</key>
		<dict>
			<key>isa</key>
			<string>PBXFileReference</string>
			<key>name</key>
			<string>TelegramMediaExpiredContent.swift</string>
			<key>path</key>
			<string>Sources/TelegramMediaExpiredContent.swift</string>
			<key>sourceTree</key>
			<string>SOURCE_ROOT</string>
		</dict>
		<key>1DD70E29869F36C400000000</key>
		<dict>
			<key>isa</key>
			<string>PBXFileReference</string>
			<key>name</key>
			<string>TelegramMediaFile.swift</string>
			<key>path</key>
			<string>Sources/TelegramMediaFile.swift</string>
			<key>sourceTree</key>
			<string>SOURCE_ROOT</string>
		</dict>
		<key>1DD70E2940A65CBA00000000</key>
		<dict>
			<key>isa</key>
			<string>PBXFileReference</string>
			<key>name</key>
			<string>TelegramMediaGame.swift</string>
			<key>path</key>
			<string>Sources/TelegramMediaGame.swift</string>
			<key>sourceTree</key>
			<string>SOURCE_ROOT</string>
		</dict>
		<key>1DD70E293573747D00000000</key>
		<dict>
			<key>isa</key>
			<string>PBXFileReference</string>
			<key>name</key>
			<string>TelegramMediaImage.swift</string>
			<key>path</key>
			<string>Sources/TelegramMediaImage.swift</string>
			<key>sourceTree</key>
			<string>SOURCE_ROOT</string>
		</dict>
		<key>1DD70E29F943AD8F00000000</key>
		<dict>
			<key>isa</key>
			<string>PBXFileReference</string>
			<key>name</key>
			<string>TelegramMediaInvoice.swift</string>
			<key>path</key>
			<string>Sources/TelegramMediaInvoice.swift</string>
			<key>sourceTree</key>
			<string>SOURCE_ROOT</string>
		</dict>
		<key>1DD70E29D0DAB6FE00000000</key>
		<dict>
			<key>isa</key>
			<string>PBXFileReference</string>
			<key>name</key>
			<string>TelegramMediaMap.swift</string>
			<key>path</key>
			<string>Sources/TelegramMediaMap.swift</string>
			<key>sourceTree</key>
			<string>SOURCE_ROOT</string>
		</dict>
		<key>1DD70E29FD63DAC700000000</key>
		<dict>
			<key>isa</key>
			<string>PBXFileReference</string>
			<key>name</key>
			<string>TelegramMediaPoll.swift</string>
			<key>path</key>
			<string>Sources/TelegramMediaPoll.swift</string>
			<key>sourceTree</key>
			<string>SOURCE_ROOT</string>
		</dict>
		<key>1DD70E29E185C65600000000</key>
		<dict>
			<key>isa</key>
			<string>PBXFileReference</string>
			<key>name</key>
			<string>TelegramMediaResource.swift</string>
			<key>path</key>
			<string>Sources/TelegramMediaResource.swift</string>
			<key>sourceTree</key>
			<string>SOURCE_ROOT</string>
		</dict>
		<key>1DD70E29AFB1201700000000</key>
		<dict>
			<key>isa</key>
			<string>PBXFileReference</string>
			<key>name</key>
			<string>TelegramMediaUnsupported.swift</string>
			<key>path</key>
			<string>Sources/TelegramMediaUnsupported.swift</string>
			<key>sourceTree</key>
			<string>SOURCE_ROOT</string>
		</dict>
		<key>1DD70E29A478B71200000000</key>
		<dict>
			<key>isa</key>
			<string>PBXFileReference</string>
			<key>name</key>
			<string>TelegramMediaWebFile.swift</string>
			<key>path</key>
			<string>Sources/TelegramMediaWebFile.swift</string>
			<key>sourceTree</key>
			<string>SOURCE_ROOT</string>
		</dict>
		<key>1DD70E290EFBEDC500000000</key>
		<dict>
			<key>isa</key>
			<string>PBXFileReference</string>
			<key>name</key>
			<string>TelegramMediaWebpage.swift</string>
			<key>path</key>
			<string>Sources/TelegramMediaWebpage.swift</string>
			<key>sourceTree</key>
			<string>SOURCE_ROOT</string>
		</dict>
		<key>1DD70E29E8CAFED600000000</key>
		<dict>
			<key>isa</key>
			<string>PBXFileReference</string>
			<key>name</key>
			<string>TelegramPeerNotificationSettings.swift</string>
			<key>path</key>
			<string>Sources/TelegramPeerNotificationSettings.swift</string>
			<key>sourceTree</key>
			<string>SOURCE_ROOT</string>
		</dict>
		<key>1DD70E29C4D59A0E00000000</key>
		<dict>
			<key>isa</key>
			<string>PBXFileReference</string>
			<key>name</key>
			<string>TelegramSecretChat.swift</string>
			<key>path</key>
			<string>Sources/TelegramSecretChat.swift</string>
			<key>sourceTree</key>
			<string>SOURCE_ROOT</string>
		</dict>
		<key>1DD70E2978A1F1CD00000000</key>
		<dict>
			<key>isa</key>
			<string>PBXFileReference</string>
			<key>name</key>
			<string>TelegramTheme.swift</string>
			<key>path</key>
			<string>Sources/TelegramTheme.swift</string>
			<key>sourceTree</key>
			<string>SOURCE_ROOT</string>
		</dict>
		<key>1DD70E29ECCAC63100000000</key>
		<dict>
			<key>isa</key>
			<string>PBXFileReference</string>
			<key>name</key>
			<string>TelegramUser.swift</string>
			<key>path</key>
			<string>Sources/TelegramUser.swift</string>
			<key>sourceTree</key>
			<string>SOURCE_ROOT</string>
		</dict>
		<key>1DD70E291B31FB0C00000000</key>
		<dict>
			<key>isa</key>
			<string>PBXFileReference</string>
			<key>name</key>
			<string>TelegramUserPresence.swift</string>
			<key>path</key>
			<string>Sources/TelegramUserPresence.swift</string>
			<key>sourceTree</key>
			<string>SOURCE_ROOT</string>
		</dict>
		<key>1DD70E29707493C600000000</key>
		<dict>
			<key>isa</key>
			<string>PBXFileReference</string>
			<key>name</key>
			<string>TelegramWallpaper.swift</string>
			<key>path</key>
			<string>Sources/TelegramWallpaper.swift</string>
			<key>sourceTree</key>
			<string>SOURCE_ROOT</string>
		</dict>
		<key>1DD70E290CEE98FC00000000</key>
		<dict>
			<key>isa</key>
			<string>PBXFileReference</string>
			<key>name</key>
			<string>TemporaryTwoStepPasswordToken.swift</string>
			<key>path</key>
			<string>Sources/TemporaryTwoStepPasswordToken.swift</string>
			<key>sourceTree</key>
			<string>SOURCE_ROOT</string>
		</dict>
		<key>1DD70E297A6B370800000000</key>
		<dict>
			<key>isa</key>
			<string>PBXFileReference</string>
			<key>name</key>
			<string>TextEntitiesMessageAttribute.swift</string>
			<key>path</key>
			<string>Sources/TextEntitiesMessageAttribute.swift</string>
			<key>sourceTree</key>
			<string>SOURCE_ROOT</string>
		</dict>
		<key>1DD70E29BD2EB69100000000</key>
		<dict>
			<key>isa</key>
			<string>PBXFileReference</string>
			<key>name</key>
			<string>ThemeSettings.swift</string>
			<key>path</key>
			<string>Sources/ThemeSettings.swift</string>
			<key>sourceTree</key>
			<string>SOURCE_ROOT</string>
		</dict>
		<key>1DD70E2915A03A3D00000000</key>
		<dict>
			<key>isa</key>
			<string>PBXFileReference</string>
			<key>name</key>
			<string>UnauthorizedAccountState.swift</string>
			<key>path</key>
			<string>Sources/UnauthorizedAccountState.swift</string>
			<key>sourceTree</key>
			<string>SOURCE_ROOT</string>
		</dict>
		<key>1DD70E297BA434A700000000</key>
		<dict>
			<key>isa</key>
			<string>PBXFileReference</string>
			<key>name</key>
			<string>UpdateMessageReactionsAction.swift</string>
			<key>path</key>
			<string>Sources/UpdateMessageReactionsAction.swift</string>
			<key>sourceTree</key>
			<string>SOURCE_ROOT</string>
		</dict>
		<key>1DD70E29C024972400000000</key>
		<dict>
			<key>isa</key>
			<string>PBXFileReference</string>
			<key>name</key>
			<string>ViewCountMessageAttribute.swift</string>
			<key>path</key>
			<string>Sources/ViewCountMessageAttribute.swift</string>
			<key>sourceTree</key>
			<string>SOURCE_ROOT</string>
		</dict>
		<key>1DD70E298AF8393B00000000</key>
		<dict>
			<key>isa</key>
			<string>PBXFileReference</string>
			<key>name</key>
			<string>VoipConfiguration.swift</string>
			<key>path</key>
			<string>Sources/VoipConfiguration.swift</string>
			<key>sourceTree</key>
			<string>SOURCE_ROOT</string>
		</dict>
		<key>1DD70E2935B91CFC00000000</key>
		<dict>
			<key>isa</key>
			<string>PBXFileReference</string>
			<key>name</key>
			<string>WalletCollection.swift</string>
			<key>path</key>
			<string>Sources/WalletCollection.swift</string>
			<key>sourceTree</key>
			<string>SOURCE_ROOT</string>
		</dict>
		<key>1DD70E29F682C23E00000000</key>
		<dict>
			<key>isa</key>
			<string>PBXFileReference</string>
			<key>name</key>
			<string>WasScheduledMessageAttribute.swift</string>
			<key>path</key>
			<string>Sources/WasScheduledMessageAttribute.swift</string>
			<key>sourceTree</key>
			<string>SOURCE_ROOT</string>
		</dict>
		<key>B401C979EAB5339800000000</key>
		<dict>
			<key>isa</key>
			<string>PBXGroup</string>
			<key>name</key>
			<string>Sources</string>
			<key>sourceTree</key>
			<string><![CDATA[<group>]]></string>
			<key>children</key>
			<array>
				<string>1DD70E295CEC0C8800000000</string>
				<string>1DD70E29632B459B00000000</string>
				<string>1DD70E29BF29B8FE00000000</string>
				<string>1DD70E29F23B9BE300000000</string>
				<string>1DD70E29CA75EB5A00000000</string>
				<string>1DD70E2966A8699200000000</string>
				<string>1DD70E29783498E700000000</string>
				<string>1DD70E2901D6232400000000</string>
				<string>1DD70E29D9F683BF00000000</string>
				<string>1DD70E29EFD11DA800000000</string>
				<string>1DD70E29525F11DA00000000</string>
				<string>1DD70E29D864FDA100000000</string>
				<string>1DD70E29FC87631000000000</string>
				<string>1DD70E297BEE510C00000000</string>
				<string>1DD70E291F2B7B8200000000</string>
				<string>1DD70E2994353C6F00000000</string>
				<string>1DD70E29B60CCEB900000000</string>
				<string>1DD70E299EC89F2300000000</string>
				<string>1DD70E29D7F6DC2700000000</string>
				<string>1DD70E29049E11F900000000</string>
				<string>1DD70E29B0158D8F00000000</string>
				<string>1DD70E29FADB9BCF00000000</string>
				<string>1DD70E296CC696DC00000000</string>
				<string>1DD70E2921193E8800000000</string>
				<string>1DD70E29D78FB1F600000000</string>
				<string>1DD70E291CF1359300000000</string>
				<string>1DD70E29B6893AAF00000000</string>
				<string>1DD70E29066E344600000000</string>
				<string>1DD70E293E88D15000000000</string>
				<string>1DD70E29D51B04A100000000</string>
				<string>1DD70E29B43E6E2600000000</string>
				<string>1DD70E29B9034BDB00000000</string>
				<string>1DD70E293971075700000000</string>
				<string>1DD70E29885B385A00000000</string>
				<string>1DD70E2972C9A4E300000000</string>
				<string>1DD70E29454DEDAA00000000</string>
				<string>1DD70E29EEF6E59400000000</string>
				<string>1DD70E299DF676BB00000000</string>
				<string>1DD70E29CDA1311100000000</string>
				<string>1DD70E293340F06D00000000</string>
				<string>1DD70E29D6E5167300000000</string>
				<string>1DD70E298C6F6C7600000000</string>
				<string>1DD70E2954702DBA00000000</string>
				<string>1DD70E29DDF5672800000000</string>
				<string>1DD70E294D24429500000000</string>
				<string>1DD70E293118C18D00000000</string>
				<string>1DD70E29EABD23C300000000</string>
				<string>1DD70E296B15969E00000000</string>
				<string>1DD70E29F981786C00000000</string>
				<string>1DD70E29C0A73AFF00000000</string>
				<string>1DD70E2951512FA100000000</string>
				<string>1DD70E29B54E63C000000000</string>
				<string>1DD70E2940C715A700000000</string>
				<string>1DD70E29E114BD4C00000000</string>
				<string>1DD70E299F2A0B3D00000000</string>
				<string>1DD70E29DA1C0E3600000000</string>
				<string>1DD70E29E19664F300000000</string>
				<string>1DD70E2931AE576200000000</string>
				<string>1DD70E2973BD38B500000000</string>
				<string>1DD70E29487252D800000000</string>
				<string>1DD70E29E556342B00000000</string>
				<string>1DD70E292F32735900000000</string>
				<string>1DD70E297E06B7D900000000</string>
				<string>1DD70E29899110B000000000</string>
				<string>1DD70E29D30763CE00000000</string>
				<string>1DD70E29916711BC00000000</string>
				<string>1DD70E296137373800000000</string>
				<string>1DD70E291143867600000000</string>
				<string>1DD70E297E537D2400000000</string>
				<string>1DD70E29663C072900000000</string>
				<string>1DD70E29F16F6A8100000000</string>
				<string>1DD70E298662D1D500000000</string>
				<string>1DD70E29BEF724E200000000</string>
				<string>1DD70E29D21C01A600000000</string>
				<string>1DD70E29F252716C00000000</string>
				<string>1DD70E2964B574A400000000</string>
				<string>1DD70E29E1E40A5800000000</string>
				<string>1DD70E294967C82E00000000</string>
				<string>1DD70E295C9B84EE00000000</string>
				<string>1DD70E2971BD7D0700000000</string>
				<string>1DD70E29B12A8BF200000000</string>
				<string>1DD70E2925BF992C00000000</string>
				<string>1DD70E2932682AEE00000000</string>
				<string>1DD70E29CA281D1600000000</string>
				<string>1DD70E292B02B54F00000000</string>
				<string>1DD70E29F608425800000000</string>
				<string>1DD70E29AB2888F000000000</string>
				<string>1DD70E2921580F0E00000000</string>
				<string>1DD70E293DC0157500000000</string>
				<string>1DD70E29DDC7488400000000</string>
				<string>1DD70E2967FCD42200000000</string>
				<string>1DD70E29BAD8F3B700000000</string>
				<string>1DD70E29B304A6AA00000000</string>
				<string>1DD70E297870D5DB00000000</string>
				<string>1DD70E29DFB0400700000000</string>
				<string>1DD70E29FC95B4EE00000000</string>
				<string>1DD70E290AABE6BB00000000</string>
				<string>1DD70E296E0E50FE00000000</string>
				<string>1DD70E297F527F8000000000</string>
				<string>1DD70E299A4CA91D00000000</string>
				<string>1DD70E29F8A7041700000000</string>
				<string>1DD70E29251847EC00000000</string>
				<string>1DD70E298A2C7C6900000000</string>
				<string>1DD70E294ECEA33800000000</string>
				<string>1DD70E29B6E75C6800000000</string>
				<string>1DD70E292F0C967900000000</string>
				<string>1DD70E29C1A8603D00000000</string>
				<string>1DD70E29356408E600000000</string>
				<string>1DD70E29B518A3DF00000000</string>
				<string>1DD70E292E26E96E00000000</string>
				<string>1DD70E293B6F99C700000000</string>
				<string>1DD70E29DE47811200000000</string>
				<string>1DD70E29F9D5E97300000000</string>
				<string>1DD70E29F60F921C00000000</string>
				<string>1DD70E29C37D920300000000</string>
				<string>1DD70E2986E56F3E00000000</string>
				<string>1DD70E29FF86CC4200000000</string>
				<string>1DD70E298114A11C00000000</string>
				<string>1DD70E29869F36C400000000</string>
				<string>1DD70E2940A65CBA00000000</string>
				<string>1DD70E293573747D00000000</string>
				<string>1DD70E29F943AD8F00000000</string>
				<string>1DD70E29D0DAB6FE00000000</string>
				<string>1DD70E29FD63DAC700000000</string>
				<string>1DD70E29E185C65600000000</string>
				<string>1DD70E29AFB1201700000000</string>
				<string>1DD70E29A478B71200000000</string>
				<string>1DD70E290EFBEDC500000000</string>
				<string>1DD70E29E8CAFED600000000</string>
				<string>1DD70E29C4D59A0E00000000</string>
				<string>1DD70E2978A1F1CD00000000</string>
				<string>1DD70E29ECCAC63100000000</string>
				<string>1DD70E291B31FB0C00000000</string>
				<string>1DD70E29707493C600000000</string>
				<string>1DD70E290CEE98FC00000000</string>
				<string>1DD70E297A6B370800000000</string>
				<string>1DD70E29BD2EB69100000000</string>
				<string>1DD70E2915A03A3D00000000</string>
				<string>1DD70E297BA434A700000000</string>
				<string>1DD70E29C024972400000000</string>
				<string>1DD70E298AF8393B00000000</string>
				<string>1DD70E2935B91CFC00000000</string>
				<string>1DD70E29F682C23E00000000</string>
			</array>
		</dict>
		<key>B401C97945993C0E00000000</key>
		<dict>
			<key>isa</key>
			<string>PBXGroup</string>
			<key>name</key>
			<string>SyncCore#shared</string>
			<key>sourceTree</key>
			<string><![CDATA[<group>]]></string>
			<key>children</key>
			<array>
				<string>1DD70E29001F47FB00000000</string>
				<string>B401C979EAB5339800000000</string>
			</array>
		</dict>
		<key>B401C979EFB6AC4600000000</key>
		<dict>
			<key>isa</key>
			<string>PBXGroup</string>
			<key>name</key>
			<string>mainGroup</string>
			<key>sourceTree</key>
			<string><![CDATA[<group>]]></string>
			<key>children</key>
			<array>
				<string>B401C979B781F65D00000000</string>
				<string>B401C97968022A5500000000</string>
				<string>B401C979C806358400000000</string>
				<string>B401C97945993C0E00000000</string>
			</array>
		</dict>
		<key>E7A30F045CEC0C8800000000</key>
		<dict>
			<key>isa</key>
			<string>PBXBuildFile</string>
			<key>fileRef</key>
			<string>1DD70E295CEC0C8800000000</string>
		</dict>
		<key>E7A30F04632B459B00000000</key>
		<dict>
			<key>isa</key>
			<string>PBXBuildFile</string>
			<key>fileRef</key>
			<string>1DD70E29632B459B00000000</string>
		</dict>
		<key>E7A30F04BF29B8FE00000000</key>
		<dict>
			<key>isa</key>
			<string>PBXBuildFile</string>
			<key>fileRef</key>
			<string>1DD70E29BF29B8FE00000000</string>
		</dict>
		<key>E7A30F04F23B9BE300000000</key>
		<dict>
			<key>isa</key>
			<string>PBXBuildFile</string>
			<key>fileRef</key>
			<string>1DD70E29F23B9BE300000000</string>
		</dict>
		<key>E7A30F04CA75EB5A00000000</key>
		<dict>
			<key>isa</key>
			<string>PBXBuildFile</string>
			<key>fileRef</key>
			<string>1DD70E29CA75EB5A00000000</string>
		</dict>
		<key>E7A30F0466A8699200000000</key>
		<dict>
			<key>isa</key>
			<string>PBXBuildFile</string>
			<key>fileRef</key>
			<string>1DD70E2966A8699200000000</string>
		</dict>
		<key>E7A30F04783498E700000000</key>
		<dict>
			<key>isa</key>
			<string>PBXBuildFile</string>
			<key>fileRef</key>
			<string>1DD70E29783498E700000000</string>
		</dict>
		<key>E7A30F0401D6232400000000</key>
		<dict>
			<key>isa</key>
			<string>PBXBuildFile</string>
			<key>fileRef</key>
			<string>1DD70E2901D6232400000000</string>
		</dict>
		<key>E7A30F04D9F683BF00000000</key>
		<dict>
			<key>isa</key>
			<string>PBXBuildFile</string>
			<key>fileRef</key>
			<string>1DD70E29D9F683BF00000000</string>
		</dict>
		<key>E7A30F04EFD11DA800000000</key>
		<dict>
			<key>isa</key>
			<string>PBXBuildFile</string>
			<key>fileRef</key>
			<string>1DD70E29EFD11DA800000000</string>
		</dict>
		<key>E7A30F04525F11DA00000000</key>
		<dict>
			<key>isa</key>
			<string>PBXBuildFile</string>
			<key>fileRef</key>
			<string>1DD70E29525F11DA00000000</string>
		</dict>
		<key>E7A30F04D864FDA100000000</key>
		<dict>
			<key>isa</key>
			<string>PBXBuildFile</string>
			<key>fileRef</key>
			<string>1DD70E29D864FDA100000000</string>
		</dict>
		<key>E7A30F04FC87631000000000</key>
		<dict>
			<key>isa</key>
			<string>PBXBuildFile</string>
			<key>fileRef</key>
			<string>1DD70E29FC87631000000000</string>
		</dict>
		<key>E7A30F047BEE510C00000000</key>
		<dict>
			<key>isa</key>
			<string>PBXBuildFile</string>
			<key>fileRef</key>
			<string>1DD70E297BEE510C00000000</string>
		</dict>
		<key>E7A30F041F2B7B8200000000</key>
		<dict>
			<key>isa</key>
			<string>PBXBuildFile</string>
			<key>fileRef</key>
			<string>1DD70E291F2B7B8200000000</string>
		</dict>
		<key>E7A30F0494353C6F00000000</key>
		<dict>
			<key>isa</key>
			<string>PBXBuildFile</string>
			<key>fileRef</key>
			<string>1DD70E2994353C6F00000000</string>
		</dict>
		<key>E7A30F04B60CCEB900000000</key>
		<dict>
			<key>isa</key>
			<string>PBXBuildFile</string>
			<key>fileRef</key>
			<string>1DD70E29B60CCEB900000000</string>
		</dict>
		<key>E7A30F049EC89F2300000000</key>
		<dict>
			<key>isa</key>
			<string>PBXBuildFile</string>
			<key>fileRef</key>
			<string>1DD70E299EC89F2300000000</string>
		</dict>
		<key>E7A30F04D7F6DC2700000000</key>
		<dict>
			<key>isa</key>
			<string>PBXBuildFile</string>
			<key>fileRef</key>
			<string>1DD70E29D7F6DC2700000000</string>
		</dict>
		<key>E7A30F04049E11F900000000</key>
		<dict>
			<key>isa</key>
			<string>PBXBuildFile</string>
			<key>fileRef</key>
			<string>1DD70E29049E11F900000000</string>
		</dict>
		<key>E7A30F04B0158D8F00000000</key>
		<dict>
			<key>isa</key>
			<string>PBXBuildFile</string>
			<key>fileRef</key>
			<string>1DD70E29B0158D8F00000000</string>
		</dict>
		<key>E7A30F04FADB9BCF00000000</key>
		<dict>
			<key>isa</key>
			<string>PBXBuildFile</string>
			<key>fileRef</key>
			<string>1DD70E29FADB9BCF00000000</string>
		</dict>
		<key>E7A30F046CC696DC00000000</key>
		<dict>
			<key>isa</key>
			<string>PBXBuildFile</string>
			<key>fileRef</key>
			<string>1DD70E296CC696DC00000000</string>
		</dict>
		<key>E7A30F0421193E8800000000</key>
		<dict>
			<key>isa</key>
			<string>PBXBuildFile</string>
			<key>fileRef</key>
			<string>1DD70E2921193E8800000000</string>
		</dict>
		<key>E7A30F04D78FB1F600000000</key>
		<dict>
			<key>isa</key>
			<string>PBXBuildFile</string>
			<key>fileRef</key>
			<string>1DD70E29D78FB1F600000000</string>
		</dict>
		<key>E7A30F041CF1359300000000</key>
		<dict>
			<key>isa</key>
			<string>PBXBuildFile</string>
			<key>fileRef</key>
			<string>1DD70E291CF1359300000000</string>
		</dict>
		<key>E7A30F04B6893AAF00000000</key>
		<dict>
			<key>isa</key>
			<string>PBXBuildFile</string>
			<key>fileRef</key>
			<string>1DD70E29B6893AAF00000000</string>
		</dict>
		<key>E7A30F04066E344600000000</key>
		<dict>
			<key>isa</key>
			<string>PBXBuildFile</string>
			<key>fileRef</key>
			<string>1DD70E29066E344600000000</string>
		</dict>
		<key>E7A30F043E88D15000000000</key>
		<dict>
			<key>isa</key>
			<string>PBXBuildFile</string>
			<key>fileRef</key>
			<string>1DD70E293E88D15000000000</string>
		</dict>
		<key>E7A30F04D51B04A100000000</key>
		<dict>
			<key>isa</key>
			<string>PBXBuildFile</string>
			<key>fileRef</key>
			<string>1DD70E29D51B04A100000000</string>
		</dict>
		<key>E7A30F04B43E6E2600000000</key>
		<dict>
			<key>isa</key>
			<string>PBXBuildFile</string>
			<key>fileRef</key>
			<string>1DD70E29B43E6E2600000000</string>
		</dict>
		<key>E7A30F04B9034BDB00000000</key>
		<dict>
			<key>isa</key>
			<string>PBXBuildFile</string>
			<key>fileRef</key>
			<string>1DD70E29B9034BDB00000000</string>
		</dict>
		<key>E7A30F043971075700000000</key>
		<dict>
			<key>isa</key>
			<string>PBXBuildFile</string>
			<key>fileRef</key>
			<string>1DD70E293971075700000000</string>
		</dict>
		<key>E7A30F04885B385A00000000</key>
		<dict>
			<key>isa</key>
			<string>PBXBuildFile</string>
			<key>fileRef</key>
			<string>1DD70E29885B385A00000000</string>
		</dict>
		<key>E7A30F0472C9A4E300000000</key>
		<dict>
			<key>isa</key>
			<string>PBXBuildFile</string>
			<key>fileRef</key>
			<string>1DD70E2972C9A4E300000000</string>
		</dict>
		<key>E7A30F04454DEDAA00000000</key>
		<dict>
			<key>isa</key>
			<string>PBXBuildFile</string>
			<key>fileRef</key>
			<string>1DD70E29454DEDAA00000000</string>
		</dict>
		<key>E7A30F04EEF6E59400000000</key>
		<dict>
			<key>isa</key>
			<string>PBXBuildFile</string>
			<key>fileRef</key>
			<string>1DD70E29EEF6E59400000000</string>
		</dict>
		<key>E7A30F049DF676BB00000000</key>
		<dict>
			<key>isa</key>
			<string>PBXBuildFile</string>
			<key>fileRef</key>
			<string>1DD70E299DF676BB00000000</string>
		</dict>
		<key>E7A30F04CDA1311100000000</key>
		<dict>
			<key>isa</key>
			<string>PBXBuildFile</string>
			<key>fileRef</key>
			<string>1DD70E29CDA1311100000000</string>
		</dict>
		<key>E7A30F043340F06D00000000</key>
		<dict>
			<key>isa</key>
			<string>PBXBuildFile</string>
			<key>fileRef</key>
			<string>1DD70E293340F06D00000000</string>
		</dict>
		<key>E7A30F04D6E5167300000000</key>
		<dict>
			<key>isa</key>
			<string>PBXBuildFile</string>
			<key>fileRef</key>
			<string>1DD70E29D6E5167300000000</string>
		</dict>
		<key>E7A30F048C6F6C7600000000</key>
		<dict>
			<key>isa</key>
			<string>PBXBuildFile</string>
			<key>fileRef</key>
			<string>1DD70E298C6F6C7600000000</string>
		</dict>
		<key>E7A30F0454702DBA00000000</key>
		<dict>
			<key>isa</key>
			<string>PBXBuildFile</string>
			<key>fileRef</key>
			<string>1DD70E2954702DBA00000000</string>
		</dict>
		<key>E7A30F04DDF5672800000000</key>
		<dict>
			<key>isa</key>
			<string>PBXBuildFile</string>
			<key>fileRef</key>
			<string>1DD70E29DDF5672800000000</string>
		</dict>
		<key>E7A30F044D24429500000000</key>
		<dict>
			<key>isa</key>
			<string>PBXBuildFile</string>
			<key>fileRef</key>
			<string>1DD70E294D24429500000000</string>
		</dict>
		<key>E7A30F043118C18D00000000</key>
		<dict>
			<key>isa</key>
			<string>PBXBuildFile</string>
			<key>fileRef</key>
			<string>1DD70E293118C18D00000000</string>
		</dict>
		<key>E7A30F04EABD23C300000000</key>
		<dict>
			<key>isa</key>
			<string>PBXBuildFile</string>
			<key>fileRef</key>
			<string>1DD70E29EABD23C300000000</string>
		</dict>
		<key>E7A30F046B15969E00000000</key>
		<dict>
			<key>isa</key>
			<string>PBXBuildFile</string>
			<key>fileRef</key>
			<string>1DD70E296B15969E00000000</string>
		</dict>
		<key>E7A30F04F981786C00000000</key>
		<dict>
			<key>isa</key>
			<string>PBXBuildFile</string>
			<key>fileRef</key>
			<string>1DD70E29F981786C00000000</string>
		</dict>
		<key>E7A30F04C0A73AFF00000000</key>
		<dict>
			<key>isa</key>
			<string>PBXBuildFile</string>
			<key>fileRef</key>
			<string>1DD70E29C0A73AFF00000000</string>
		</dict>
		<key>E7A30F0451512FA100000000</key>
		<dict>
			<key>isa</key>
			<string>PBXBuildFile</string>
			<key>fileRef</key>
			<string>1DD70E2951512FA100000000</string>
		</dict>
		<key>E7A30F04B54E63C000000000</key>
		<dict>
			<key>isa</key>
			<string>PBXBuildFile</string>
			<key>fileRef</key>
			<string>1DD70E29B54E63C000000000</string>
		</dict>
		<key>E7A30F0440C715A700000000</key>
		<dict>
			<key>isa</key>
			<string>PBXBuildFile</string>
			<key>fileRef</key>
			<string>1DD70E2940C715A700000000</string>
		</dict>
		<key>E7A30F04E114BD4C00000000</key>
		<dict>
			<key>isa</key>
			<string>PBXBuildFile</string>
			<key>fileRef</key>
			<string>1DD70E29E114BD4C00000000</string>
		</dict>
		<key>E7A30F049F2A0B3D00000000</key>
		<dict>
			<key>isa</key>
			<string>PBXBuildFile</string>
			<key>fileRef</key>
			<string>1DD70E299F2A0B3D00000000</string>
		</dict>
		<key>E7A30F04DA1C0E3600000000</key>
		<dict>
			<key>isa</key>
			<string>PBXBuildFile</string>
			<key>fileRef</key>
			<string>1DD70E29DA1C0E3600000000</string>
		</dict>
		<key>E7A30F04E19664F300000000</key>
		<dict>
			<key>isa</key>
			<string>PBXBuildFile</string>
			<key>fileRef</key>
			<string>1DD70E29E19664F300000000</string>
		</dict>
		<key>E7A30F0431AE576200000000</key>
		<dict>
			<key>isa</key>
			<string>PBXBuildFile</string>
			<key>fileRef</key>
			<string>1DD70E2931AE576200000000</string>
		</dict>
		<key>E7A30F0473BD38B500000000</key>
		<dict>
			<key>isa</key>
			<string>PBXBuildFile</string>
			<key>fileRef</key>
			<string>1DD70E2973BD38B500000000</string>
		</dict>
		<key>E7A30F04487252D800000000</key>
		<dict>
			<key>isa</key>
			<string>PBXBuildFile</string>
			<key>fileRef</key>
			<string>1DD70E29487252D800000000</string>
		</dict>
		<key>E7A30F04E556342B00000000</key>
		<dict>
			<key>isa</key>
			<string>PBXBuildFile</string>
			<key>fileRef</key>
			<string>1DD70E29E556342B00000000</string>
		</dict>
		<key>E7A30F042F32735900000000</key>
		<dict>
			<key>isa</key>
			<string>PBXBuildFile</string>
			<key>fileRef</key>
			<string>1DD70E292F32735900000000</string>
		</dict>
		<key>E7A30F047E06B7D900000000</key>
		<dict>
			<key>isa</key>
			<string>PBXBuildFile</string>
			<key>fileRef</key>
			<string>1DD70E297E06B7D900000000</string>
		</dict>
		<key>E7A30F04899110B000000000</key>
		<dict>
			<key>isa</key>
			<string>PBXBuildFile</string>
			<key>fileRef</key>
			<string>1DD70E29899110B000000000</string>
		</dict>
		<key>E7A30F04D30763CE00000000</key>
		<dict>
			<key>isa</key>
			<string>PBXBuildFile</string>
			<key>fileRef</key>
			<string>1DD70E29D30763CE00000000</string>
		</dict>
		<key>E7A30F04916711BC00000000</key>
		<dict>
			<key>isa</key>
			<string>PBXBuildFile</string>
			<key>fileRef</key>
			<string>1DD70E29916711BC00000000</string>
		</dict>
		<key>E7A30F046137373800000000</key>
		<dict>
			<key>isa</key>
			<string>PBXBuildFile</string>
			<key>fileRef</key>
			<string>1DD70E296137373800000000</string>
		</dict>
		<key>E7A30F041143867600000000</key>
		<dict>
			<key>isa</key>
			<string>PBXBuildFile</string>
			<key>fileRef</key>
			<string>1DD70E291143867600000000</string>
		</dict>
		<key>E7A30F047E537D2400000000</key>
		<dict>
			<key>isa</key>
			<string>PBXBuildFile</string>
			<key>fileRef</key>
			<string>1DD70E297E537D2400000000</string>
		</dict>
		<key>E7A30F04663C072900000000</key>
		<dict>
			<key>isa</key>
			<string>PBXBuildFile</string>
			<key>fileRef</key>
			<string>1DD70E29663C072900000000</string>
		</dict>
		<key>E7A30F04F16F6A8100000000</key>
		<dict>
			<key>isa</key>
			<string>PBXBuildFile</string>
			<key>fileRef</key>
			<string>1DD70E29F16F6A8100000000</string>
		</dict>
		<key>E7A30F048662D1D500000000</key>
		<dict>
			<key>isa</key>
			<string>PBXBuildFile</string>
			<key>fileRef</key>
			<string>1DD70E298662D1D500000000</string>
		</dict>
		<key>E7A30F04BEF724E200000000</key>
		<dict>
			<key>isa</key>
			<string>PBXBuildFile</string>
			<key>fileRef</key>
			<string>1DD70E29BEF724E200000000</string>
		</dict>
		<key>E7A30F04D21C01A600000000</key>
		<dict>
			<key>isa</key>
			<string>PBXBuildFile</string>
			<key>fileRef</key>
			<string>1DD70E29D21C01A600000000</string>
		</dict>
		<key>E7A30F04F252716C00000000</key>
		<dict>
			<key>isa</key>
			<string>PBXBuildFile</string>
			<key>fileRef</key>
			<string>1DD70E29F252716C00000000</string>
		</dict>
		<key>E7A30F0464B574A400000000</key>
		<dict>
			<key>isa</key>
			<string>PBXBuildFile</string>
			<key>fileRef</key>
			<string>1DD70E2964B574A400000000</string>
		</dict>
		<key>E7A30F04E1E40A5800000000</key>
		<dict>
			<key>isa</key>
			<string>PBXBuildFile</string>
			<key>fileRef</key>
			<string>1DD70E29E1E40A5800000000</string>
		</dict>
		<key>E7A30F044967C82E00000000</key>
		<dict>
			<key>isa</key>
			<string>PBXBuildFile</string>
			<key>fileRef</key>
			<string>1DD70E294967C82E00000000</string>
		</dict>
		<key>E7A30F045C9B84EE00000000</key>
		<dict>
			<key>isa</key>
			<string>PBXBuildFile</string>
			<key>fileRef</key>
			<string>1DD70E295C9B84EE00000000</string>
		</dict>
		<key>E7A30F0471BD7D0700000000</key>
		<dict>
			<key>isa</key>
			<string>PBXBuildFile</string>
			<key>fileRef</key>
			<string>1DD70E2971BD7D0700000000</string>
		</dict>
		<key>E7A30F04B12A8BF200000000</key>
		<dict>
			<key>isa</key>
			<string>PBXBuildFile</string>
			<key>fileRef</key>
			<string>1DD70E29B12A8BF200000000</string>
		</dict>
		<key>E7A30F0425BF992C00000000</key>
		<dict>
			<key>isa</key>
			<string>PBXBuildFile</string>
			<key>fileRef</key>
			<string>1DD70E2925BF992C00000000</string>
		</dict>
		<key>E7A30F0432682AEE00000000</key>
		<dict>
			<key>isa</key>
			<string>PBXBuildFile</string>
			<key>fileRef</key>
			<string>1DD70E2932682AEE00000000</string>
		</dict>
		<key>E7A30F04CA281D1600000000</key>
		<dict>
			<key>isa</key>
			<string>PBXBuildFile</string>
			<key>fileRef</key>
			<string>1DD70E29CA281D1600000000</string>
		</dict>
		<key>E7A30F042B02B54F00000000</key>
		<dict>
			<key>isa</key>
			<string>PBXBuildFile</string>
			<key>fileRef</key>
			<string>1DD70E292B02B54F00000000</string>
		</dict>
		<key>E7A30F04F608425800000000</key>
		<dict>
			<key>isa</key>
			<string>PBXBuildFile</string>
			<key>fileRef</key>
			<string>1DD70E29F608425800000000</string>
		</dict>
		<key>E7A30F04AB2888F000000000</key>
		<dict>
			<key>isa</key>
			<string>PBXBuildFile</string>
			<key>fileRef</key>
			<string>1DD70E29AB2888F000000000</string>
		</dict>
		<key>E7A30F0421580F0E00000000</key>
		<dict>
			<key>isa</key>
			<string>PBXBuildFile</string>
			<key>fileRef</key>
			<string>1DD70E2921580F0E00000000</string>
		</dict>
		<key>E7A30F043DC0157500000000</key>
		<dict>
			<key>isa</key>
			<string>PBXBuildFile</string>
			<key>fileRef</key>
			<string>1DD70E293DC0157500000000</string>
		</dict>
		<key>E7A30F04DDC7488400000000</key>
		<dict>
			<key>isa</key>
			<string>PBXBuildFile</string>
			<key>fileRef</key>
			<string>1DD70E29DDC7488400000000</string>
		</dict>
		<key>E7A30F0467FCD42200000000</key>
		<dict>
			<key>isa</key>
			<string>PBXBuildFile</string>
			<key>fileRef</key>
			<string>1DD70E2967FCD42200000000</string>
		</dict>
		<key>E7A30F04BAD8F3B700000000</key>
		<dict>
			<key>isa</key>
			<string>PBXBuildFile</string>
			<key>fileRef</key>
			<string>1DD70E29BAD8F3B700000000</string>
		</dict>
		<key>E7A30F04B304A6AA00000000</key>
		<dict>
			<key>isa</key>
			<string>PBXBuildFile</string>
			<key>fileRef</key>
			<string>1DD70E29B304A6AA00000000</string>
		</dict>
		<key>E7A30F047870D5DB00000000</key>
		<dict>
			<key>isa</key>
			<string>PBXBuildFile</string>
			<key>fileRef</key>
			<string>1DD70E297870D5DB00000000</string>
		</dict>
		<key>E7A30F04DFB0400700000000</key>
		<dict>
			<key>isa</key>
			<string>PBXBuildFile</string>
			<key>fileRef</key>
			<string>1DD70E29DFB0400700000000</string>
		</dict>
		<key>E7A30F04FC95B4EE00000000</key>
		<dict>
			<key>isa</key>
			<string>PBXBuildFile</string>
			<key>fileRef</key>
			<string>1DD70E29FC95B4EE00000000</string>
		</dict>
		<key>E7A30F040AABE6BB00000000</key>
		<dict>
			<key>isa</key>
			<string>PBXBuildFile</string>
			<key>fileRef</key>
			<string>1DD70E290AABE6BB00000000</string>
		</dict>
		<key>E7A30F046E0E50FE00000000</key>
		<dict>
			<key>isa</key>
			<string>PBXBuildFile</string>
			<key>fileRef</key>
			<string>1DD70E296E0E50FE00000000</string>
		</dict>
		<key>E7A30F047F527F8000000000</key>
		<dict>
			<key>isa</key>
			<string>PBXBuildFile</string>
			<key>fileRef</key>
			<string>1DD70E297F527F8000000000</string>
		</dict>
		<key>E7A30F049A4CA91D00000000</key>
		<dict>
			<key>isa</key>
			<string>PBXBuildFile</string>
			<key>fileRef</key>
			<string>1DD70E299A4CA91D00000000</string>
		</dict>
		<key>E7A30F04F8A7041700000000</key>
		<dict>
			<key>isa</key>
			<string>PBXBuildFile</string>
			<key>fileRef</key>
			<string>1DD70E29F8A7041700000000</string>
		</dict>
		<key>E7A30F04251847EC00000000</key>
		<dict>
			<key>isa</key>
			<string>PBXBuildFile</string>
			<key>fileRef</key>
			<string>1DD70E29251847EC00000000</string>
		</dict>
		<key>E7A30F048A2C7C6900000000</key>
		<dict>
			<key>isa</key>
			<string>PBXBuildFile</string>
			<key>fileRef</key>
			<string>1DD70E298A2C7C6900000000</string>
		</dict>
		<key>E7A30F044ECEA33800000000</key>
		<dict>
			<key>isa</key>
			<string>PBXBuildFile</string>
			<key>fileRef</key>
			<string>1DD70E294ECEA33800000000</string>
		</dict>
		<key>E7A30F04B6E75C6800000000</key>
		<dict>
			<key>isa</key>
			<string>PBXBuildFile</string>
			<key>fileRef</key>
			<string>1DD70E29B6E75C6800000000</string>
		</dict>
		<key>E7A30F042F0C967900000000</key>
		<dict>
			<key>isa</key>
			<string>PBXBuildFile</string>
			<key>fileRef</key>
			<string>1DD70E292F0C967900000000</string>
		</dict>
		<key>E7A30F04C1A8603D00000000</key>
		<dict>
			<key>isa</key>
			<string>PBXBuildFile</string>
			<key>fileRef</key>
			<string>1DD70E29C1A8603D00000000</string>
		</dict>
		<key>E7A30F04356408E600000000</key>
		<dict>
			<key>isa</key>
			<string>PBXBuildFile</string>
			<key>fileRef</key>
			<string>1DD70E29356408E600000000</string>
		</dict>
		<key>E7A30F04B518A3DF00000000</key>
		<dict>
			<key>isa</key>
			<string>PBXBuildFile</string>
			<key>fileRef</key>
			<string>1DD70E29B518A3DF00000000</string>
		</dict>
		<key>E7A30F042E26E96E00000000</key>
		<dict>
			<key>isa</key>
			<string>PBXBuildFile</string>
			<key>fileRef</key>
			<string>1DD70E292E26E96E00000000</string>
		</dict>
		<key>E7A30F043B6F99C700000000</key>
		<dict>
			<key>isa</key>
			<string>PBXBuildFile</string>
			<key>fileRef</key>
			<string>1DD70E293B6F99C700000000</string>
		</dict>
		<key>E7A30F04DE47811200000000</key>
		<dict>
			<key>isa</key>
			<string>PBXBuildFile</string>
			<key>fileRef</key>
			<string>1DD70E29DE47811200000000</string>
		</dict>
		<key>E7A30F04F9D5E97300000000</key>
		<dict>
			<key>isa</key>
			<string>PBXBuildFile</string>
			<key>fileRef</key>
			<string>1DD70E29F9D5E97300000000</string>
		</dict>
		<key>E7A30F04F60F921C00000000</key>
		<dict>
			<key>isa</key>
			<string>PBXBuildFile</string>
			<key>fileRef</key>
			<string>1DD70E29F60F921C00000000</string>
		</dict>
		<key>E7A30F04C37D920300000000</key>
		<dict>
			<key>isa</key>
			<string>PBXBuildFile</string>
			<key>fileRef</key>
			<string>1DD70E29C37D920300000000</string>
		</dict>
		<key>E7A30F0486E56F3E00000000</key>
		<dict>
			<key>isa</key>
			<string>PBXBuildFile</string>
			<key>fileRef</key>
			<string>1DD70E2986E56F3E00000000</string>
		</dict>
		<key>E7A30F04FF86CC4200000000</key>
		<dict>
			<key>isa</key>
			<string>PBXBuildFile</string>
			<key>fileRef</key>
			<string>1DD70E29FF86CC4200000000</string>
		</dict>
		<key>E7A30F048114A11C00000000</key>
		<dict>
			<key>isa</key>
			<string>PBXBuildFile</string>
			<key>fileRef</key>
			<string>1DD70E298114A11C00000000</string>
		</dict>
		<key>E7A30F04869F36C400000000</key>
		<dict>
			<key>isa</key>
			<string>PBXBuildFile</string>
			<key>fileRef</key>
			<string>1DD70E29869F36C400000000</string>
		</dict>
		<key>E7A30F0440A65CBA00000000</key>
		<dict>
			<key>isa</key>
			<string>PBXBuildFile</string>
			<key>fileRef</key>
			<string>1DD70E2940A65CBA00000000</string>
		</dict>
		<key>E7A30F043573747D00000000</key>
		<dict>
			<key>isa</key>
			<string>PBXBuildFile</string>
			<key>fileRef</key>
			<string>1DD70E293573747D00000000</string>
		</dict>
		<key>E7A30F04F943AD8F00000000</key>
		<dict>
			<key>isa</key>
			<string>PBXBuildFile</string>
			<key>fileRef</key>
			<string>1DD70E29F943AD8F00000000</string>
		</dict>
		<key>E7A30F04D0DAB6FE00000000</key>
		<dict>
			<key>isa</key>
			<string>PBXBuildFile</string>
			<key>fileRef</key>
			<string>1DD70E29D0DAB6FE00000000</string>
		</dict>
		<key>E7A30F04FD63DAC700000000</key>
		<dict>
			<key>isa</key>
			<string>PBXBuildFile</string>
			<key>fileRef</key>
			<string>1DD70E29FD63DAC700000000</string>
		</dict>
		<key>E7A30F04E185C65600000000</key>
		<dict>
			<key>isa</key>
			<string>PBXBuildFile</string>
			<key>fileRef</key>
			<string>1DD70E29E185C65600000000</string>
		</dict>
		<key>E7A30F04AFB1201700000000</key>
		<dict>
			<key>isa</key>
			<string>PBXBuildFile</string>
			<key>fileRef</key>
			<string>1DD70E29AFB1201700000000</string>
		</dict>
		<key>E7A30F04A478B71200000000</key>
		<dict>
			<key>isa</key>
			<string>PBXBuildFile</string>
			<key>fileRef</key>
			<string>1DD70E29A478B71200000000</string>
		</dict>
		<key>E7A30F040EFBEDC500000000</key>
		<dict>
			<key>isa</key>
			<string>PBXBuildFile</string>
			<key>fileRef</key>
			<string>1DD70E290EFBEDC500000000</string>
		</dict>
		<key>E7A30F04E8CAFED600000000</key>
		<dict>
			<key>isa</key>
			<string>PBXBuildFile</string>
			<key>fileRef</key>
			<string>1DD70E29E8CAFED600000000</string>
		</dict>
		<key>E7A30F04C4D59A0E00000000</key>
		<dict>
			<key>isa</key>
			<string>PBXBuildFile</string>
			<key>fileRef</key>
			<string>1DD70E29C4D59A0E00000000</string>
		</dict>
		<key>E7A30F0478A1F1CD00000000</key>
		<dict>
			<key>isa</key>
			<string>PBXBuildFile</string>
			<key>fileRef</key>
			<string>1DD70E2978A1F1CD00000000</string>
		</dict>
		<key>E7A30F04ECCAC63100000000</key>
		<dict>
			<key>isa</key>
			<string>PBXBuildFile</string>
			<key>fileRef</key>
			<string>1DD70E29ECCAC63100000000</string>
		</dict>
		<key>E7A30F041B31FB0C00000000</key>
		<dict>
			<key>isa</key>
			<string>PBXBuildFile</string>
			<key>fileRef</key>
			<string>1DD70E291B31FB0C00000000</string>
		</dict>
		<key>E7A30F04707493C600000000</key>
		<dict>
			<key>isa</key>
			<string>PBXBuildFile</string>
			<key>fileRef</key>
			<string>1DD70E29707493C600000000</string>
		</dict>
		<key>E7A30F040CEE98FC00000000</key>
		<dict>
			<key>isa</key>
			<string>PBXBuildFile</string>
			<key>fileRef</key>
			<string>1DD70E290CEE98FC00000000</string>
		</dict>
		<key>E7A30F047A6B370800000000</key>
		<dict>
			<key>isa</key>
			<string>PBXBuildFile</string>
			<key>fileRef</key>
			<string>1DD70E297A6B370800000000</string>
		</dict>
		<key>E7A30F04BD2EB69100000000</key>
		<dict>
			<key>isa</key>
			<string>PBXBuildFile</string>
			<key>fileRef</key>
			<string>1DD70E29BD2EB69100000000</string>
		</dict>
		<key>E7A30F0415A03A3D00000000</key>
		<dict>
			<key>isa</key>
			<string>PBXBuildFile</string>
			<key>fileRef</key>
			<string>1DD70E2915A03A3D00000000</string>
		</dict>
		<key>E7A30F047BA434A700000000</key>
		<dict>
			<key>isa</key>
			<string>PBXBuildFile</string>
			<key>fileRef</key>
			<string>1DD70E297BA434A700000000</string>
		</dict>
		<key>E7A30F04C024972400000000</key>
		<dict>
			<key>isa</key>
			<string>PBXBuildFile</string>
			<key>fileRef</key>
			<string>1DD70E29C024972400000000</string>
		</dict>
		<key>E7A30F048AF8393B00000000</key>
		<dict>
			<key>isa</key>
			<string>PBXBuildFile</string>
			<key>fileRef</key>
			<string>1DD70E298AF8393B00000000</string>
		</dict>
		<key>E7A30F0435B91CFC00000000</key>
		<dict>
			<key>isa</key>
			<string>PBXBuildFile</string>
			<key>fileRef</key>
			<string>1DD70E2935B91CFC00000000</string>
		</dict>
		<key>E7A30F04F682C23E00000000</key>
		<dict>
			<key>isa</key>
			<string>PBXBuildFile</string>
			<key>fileRef</key>
			<string>1DD70E29F682C23E00000000</string>
		</dict>
		<key>1870857F0000000000000000</key>
		<dict>
			<key>isa</key>
			<string>PBXSourcesBuildPhase</string>
			<key>files</key>
			<array>
				<string>E7A30F045CEC0C8800000000</string>
				<string>E7A30F04632B459B00000000</string>
				<string>E7A30F04BF29B8FE00000000</string>
				<string>E7A30F04F23B9BE300000000</string>
				<string>E7A30F04CA75EB5A00000000</string>
				<string>E7A30F0466A8699200000000</string>
				<string>E7A30F04783498E700000000</string>
				<string>E7A30F0401D6232400000000</string>
				<string>E7A30F04D9F683BF00000000</string>
				<string>E7A30F04EFD11DA800000000</string>
				<string>E7A30F04525F11DA00000000</string>
				<string>E7A30F04D864FDA100000000</string>
				<string>E7A30F04FC87631000000000</string>
				<string>E7A30F047BEE510C00000000</string>
				<string>E7A30F041F2B7B8200000000</string>
				<string>E7A30F0494353C6F00000000</string>
				<string>E7A30F04B60CCEB900000000</string>
				<string>E7A30F049EC89F2300000000</string>
				<string>E7A30F04D7F6DC2700000000</string>
				<string>E7A30F04049E11F900000000</string>
				<string>E7A30F04B0158D8F00000000</string>
				<string>E7A30F04FADB9BCF00000000</string>
				<string>E7A30F046CC696DC00000000</string>
				<string>E7A30F0421193E8800000000</string>
				<string>E7A30F04D78FB1F600000000</string>
				<string>E7A30F041CF1359300000000</string>
				<string>E7A30F04B6893AAF00000000</string>
				<string>E7A30F04066E344600000000</string>
				<string>E7A30F043E88D15000000000</string>
				<string>E7A30F04D51B04A100000000</string>
				<string>E7A30F04B43E6E2600000000</string>
				<string>E7A30F04B9034BDB00000000</string>
				<string>E7A30F043971075700000000</string>
				<string>E7A30F04885B385A00000000</string>
				<string>E7A30F0472C9A4E300000000</string>
				<string>E7A30F04454DEDAA00000000</string>
				<string>E7A30F04EEF6E59400000000</string>
				<string>E7A30F049DF676BB00000000</string>
				<string>E7A30F04CDA1311100000000</string>
				<string>E7A30F043340F06D00000000</string>
				<string>E7A30F04D6E5167300000000</string>
				<string>E7A30F048C6F6C7600000000</string>
				<string>E7A30F0454702DBA00000000</string>
				<string>E7A30F04DDF5672800000000</string>
				<string>E7A30F044D24429500000000</string>
				<string>E7A30F043118C18D00000000</string>
				<string>E7A30F04EABD23C300000000</string>
				<string>E7A30F046B15969E00000000</string>
				<string>E7A30F04F981786C00000000</string>
				<string>E7A30F04C0A73AFF00000000</string>
				<string>E7A30F0451512FA100000000</string>
				<string>E7A30F04B54E63C000000000</string>
				<string>E7A30F0440C715A700000000</string>
				<string>E7A30F04E114BD4C00000000</string>
				<string>E7A30F049F2A0B3D00000000</string>
				<string>E7A30F04DA1C0E3600000000</string>
				<string>E7A30F04E19664F300000000</string>
				<string>E7A30F0431AE576200000000</string>
				<string>E7A30F0473BD38B500000000</string>
				<string>E7A30F04487252D800000000</string>
				<string>E7A30F04E556342B00000000</string>
				<string>E7A30F042F32735900000000</string>
				<string>E7A30F047E06B7D900000000</string>
				<string>E7A30F04899110B000000000</string>
				<string>E7A30F04D30763CE00000000</string>
				<string>E7A30F04916711BC00000000</string>
				<string>E7A30F046137373800000000</string>
				<string>E7A30F041143867600000000</string>
				<string>E7A30F047E537D2400000000</string>
				<string>E7A30F04663C072900000000</string>
				<string>E7A30F04F16F6A8100000000</string>
				<string>E7A30F048662D1D500000000</string>
				<string>E7A30F04BEF724E200000000</string>
				<string>E7A30F04D21C01A600000000</string>
				<string>E7A30F04F252716C00000000</string>
				<string>E7A30F0464B574A400000000</string>
				<string>E7A30F04E1E40A5800000000</string>
				<string>E7A30F044967C82E00000000</string>
				<string>E7A30F045C9B84EE00000000</string>
				<string>E7A30F0471BD7D0700000000</string>
				<string>E7A30F04B12A8BF200000000</string>
				<string>E7A30F0425BF992C00000000</string>
				<string>E7A30F0432682AEE00000000</string>
				<string>E7A30F04CA281D1600000000</string>
				<string>E7A30F042B02B54F00000000</string>
				<string>E7A30F04F608425800000000</string>
				<string>E7A30F04AB2888F000000000</string>
				<string>E7A30F0421580F0E00000000</string>
				<string>E7A30F043DC0157500000000</string>
				<string>E7A30F04DDC7488400000000</string>
				<string>E7A30F0467FCD42200000000</string>
				<string>E7A30F04BAD8F3B700000000</string>
				<string>E7A30F04B304A6AA00000000</string>
				<string>E7A30F047870D5DB00000000</string>
				<string>E7A30F04DFB0400700000000</string>
				<string>E7A30F04FC95B4EE00000000</string>
				<string>E7A30F040AABE6BB00000000</string>
				<string>E7A30F046E0E50FE00000000</string>
				<string>E7A30F047F527F8000000000</string>
				<string>E7A30F049A4CA91D00000000</string>
				<string>E7A30F04F8A7041700000000</string>
				<string>E7A30F04251847EC00000000</string>
				<string>E7A30F048A2C7C6900000000</string>
				<string>E7A30F044ECEA33800000000</string>
				<string>E7A30F04B6E75C6800000000</string>
				<string>E7A30F042F0C967900000000</string>
				<string>E7A30F04C1A8603D00000000</string>
				<string>E7A30F04356408E600000000</string>
				<string>E7A30F04B518A3DF00000000</string>
				<string>E7A30F042E26E96E00000000</string>
				<string>E7A30F043B6F99C700000000</string>
				<string>E7A30F04DE47811200000000</string>
				<string>E7A30F04F9D5E97300000000</string>
				<string>E7A30F04F60F921C00000000</string>
				<string>E7A30F04C37D920300000000</string>
				<string>E7A30F0486E56F3E00000000</string>
				<string>E7A30F04FF86CC4200000000</string>
				<string>E7A30F048114A11C00000000</string>
				<string>E7A30F04869F36C400000000</string>
				<string>E7A30F0440A65CBA00000000</string>
				<string>E7A30F043573747D00000000</string>
				<string>E7A30F04F943AD8F00000000</string>
				<string>E7A30F04D0DAB6FE00000000</string>
				<string>E7A30F04FD63DAC700000000</string>
				<string>E7A30F04E185C65600000000</string>
				<string>E7A30F04AFB1201700000000</string>
				<string>E7A30F04A478B71200000000</string>
				<string>E7A30F040EFBEDC500000000</string>
				<string>E7A30F04E8CAFED600000000</string>
				<string>E7A30F04C4D59A0E00000000</string>
				<string>E7A30F0478A1F1CD00000000</string>
				<string>E7A30F04ECCAC63100000000</string>
				<string>E7A30F041B31FB0C00000000</string>
				<string>E7A30F04707493C600000000</string>
				<string>E7A30F040CEE98FC00000000</string>
				<string>E7A30F047A6B370800000000</string>
				<string>E7A30F04BD2EB69100000000</string>
				<string>E7A30F0415A03A3D00000000</string>
				<string>E7A30F047BA434A700000000</string>
				<string>E7A30F04C024972400000000</string>
				<string>E7A30F048AF8393B00000000</string>
				<string>E7A30F0435B91CFC00000000</string>
				<string>E7A30F04F682C23E00000000</string>
			</array>
		</dict>
		<key>E7A30F04AE317AA300000000</key>
		<dict>
			<key>isa</key>
			<string>PBXBuildFile</string>
			<key>fileRef</key>
			<string>1DD70E29AE317AA300000000</string>
		</dict>
		<key>E7A30F0432FCFFB000000000</key>
		<dict>
			<key>isa</key>
			<string>PBXBuildFile</string>
			<key>fileRef</key>
			<string>1DD70E2932FCFFB000000000</string>
		</dict>
		<key>E7A30F04A613725A00000000</key>
		<dict>
			<key>isa</key>
			<string>PBXBuildFile</string>
			<key>fileRef</key>
			<string>1DD70E29A613725A00000000</string>
		</dict>
		<key>E7A30F04DB6520C800000000</key>
		<dict>
			<key>isa</key>
			<string>PBXBuildFile</string>
			<key>fileRef</key>
			<string>1DD70E29DB6520C800000000</string>
		</dict>
		<key>E7A30F04D65BA68200000000</key>
		<dict>
			<key>isa</key>
			<string>PBXBuildFile</string>
			<key>fileRef</key>
			<string>1DD70E29D65BA68200000000</string>
		</dict>
		<key>4F426D880000000000000000</key>
		<dict>
			<key>isa</key>
			<string>PBXFrameworksBuildPhase</string>
			<key>files</key>
			<array>
				<string>E7A30F04AE317AA300000000</string>
				<string>E7A30F0432FCFFB000000000</string>
				<string>E7A30F04A613725A00000000</string>
				<string>E7A30F04DB6520C800000000</string>
				<string>E7A30F04D65BA68200000000</string>
			</array>
		</dict>
		<key>4952437303EDA63300000000</key>
		<dict>
			<key>isa</key>
			<string>XCBuildConfiguration</string>
			<key>name</key>
			<string>Debug</string>
			<key>buildSettings</key>
			<dict>
			</dict>
			<key>baseConfigurationReference</key>
			<string>1DD70E29E1A31EE700000000</string>
		</dict>
		<key>4952437350C7218900000000</key>
		<dict>
			<key>isa</key>
			<string>XCBuildConfiguration</string>
			<key>name</key>
			<string>Profile</string>
			<key>buildSettings</key>
			<dict>
			</dict>
			<key>baseConfigurationReference</key>
			<string>1DD70E29EA79989100000000</string>
		</dict>
		<key>49524373A439BFE700000000</key>
		<dict>
			<key>isa</key>
			<string>XCBuildConfiguration</string>
			<key>name</key>
			<string>Release</string>
			<key>buildSettings</key>
			<dict>
			</dict>
			<key>baseConfigurationReference</key>
			<string>1DD70E295E1043F300000000</string>
		</dict>
		<key>218C37090000000000000000</key>
		<dict>
			<key>isa</key>
			<string>XCConfigurationList</string>
			<key>buildConfigurations</key>
			<array>
				<string>4952437303EDA63300000000</string>
				<string>4952437350C7218900000000</string>
				<string>49524373A439BFE700000000</string>
			</array>
			<key>defaultConfigurationIsVisible</key>
			<false/>
		</dict>
		<key>E66DC04E45993C0E00000000</key>
		<dict>
			<key>isa</key>
			<string>PBXNativeTarget</string>
			<key>name</key>
			<string>SyncCore#shared</string>
			<key>productName</key>
			<string>SyncCore</string>
			<key>productReference</key>
			<string>1DD70E297A51CDA100000000</string>
			<key>productType</key>
			<string>com.apple.product-type.library.dynamic</string>
			<key>dependencies</key>
			<array>
			</array>
			<key>buildPhases</key>
			<array>
				<string>1870857F0000000000000000</string>
				<string>4F426D880000000000000000</string>
			</array>
			<key>buildConfigurationList</key>
			<string>218C37090000000000000000</string>
		</dict>
		<key>4952437303EDA63300000001</key>
		<dict>
			<key>isa</key>
			<string>XCBuildConfiguration</string>
			<key>name</key>
			<string>Debug</string>
			<key>buildSettings</key>
			<dict>
			</dict>
		</dict>
		<key>4952437350C7218900000001</key>
		<dict>
			<key>isa</key>
			<string>XCBuildConfiguration</string>
			<key>name</key>
			<string>Profile</string>
			<key>buildSettings</key>
			<dict>
			</dict>
		</dict>
		<key>49524373A439BFE700000001</key>
		<dict>
			<key>isa</key>
			<string>XCBuildConfiguration</string>
			<key>name</key>
			<string>Release</string>
			<key>buildSettings</key>
			<dict>
			</dict>
		</dict>
		<key>218C37090000000000000001</key>
		<dict>
			<key>isa</key>
			<string>XCConfigurationList</string>
			<key>buildConfigurations</key>
			<array>
				<string>4952437303EDA63300000001</string>
				<string>4952437350C7218900000001</string>
				<string>49524373A439BFE700000001</string>
			</array>
			<key>defaultConfigurationIsVisible</key>
			<false/>
		</dict>
		<key>96C84793701BDCFA00000000</key>
		<dict>
			<key>isa</key>
			<string>PBXProject</string>
			<key>mainGroup</key>
			<string>B401C979EFB6AC4600000000</string>
			<key>targets</key>
			<array>
				<string>E66DC04E45993C0E00000000</string>
			</array>
			<key>buildConfigurationList</key>
			<string>218C37090000000000000001</string>
			<key>compatibilityVersion</key>
			<string>Xcode 3.2</string>
			<key>attributes</key>
			<dict>
				<key>LastUpgradeCheck</key>
				<string>9999</string>
			</dict>
		</dict>
	</dict>
	<key>rootObject</key>
	<string>96C84793701BDCFA00000000</string>
</dict>
</plist>