<?xml version="1.0" encoding="UTF-8"?>
<!DOCTYPE plist PUBLIC "-//Apple//DTD PLIST 1.0//EN" "http://www.apple.com/DTDs/PropertyList-1.0.dtd">
<plist version="1.0">
<dict>
	<key>archiveVersion</key>
	<string>1</string>
	<key>classes</key>
	<dict>
	</dict>
	<key>objectVersion</key>
	<string>46</string>
	<key>objects</key>
	<dict>
		<key>1DD70E294D76073100000000</key>
		<dict>
			<key>isa</key>
			<string>PBXFileReference</string>
			<key>name</key>
			<string>HL-Debug.xcconfig</string>
			<key>path</key>
			<string>../buck-out/gen/HL/HL-Debug.xcconfig</string>
			<key>sourceTree</key>
			<string>SOURCE_ROOT</string>
			<key>explicitFileType</key>
			<string>text.xcconfig</string>
		</dict>
		<key>1DD70E29AD33965B00000000</key>
		<dict>
			<key>isa</key>
			<string>PBXFileReference</string>
			<key>name</key>
			<string>HL-Profile.xcconfig</string>
			<key>path</key>
			<string>../buck-out/gen/HL/HL-Profile.xcconfig</string>
			<key>sourceTree</key>
			<string>SOURCE_ROOT</string>
			<key>explicitFileType</key>
			<string>text.xcconfig</string>
		</dict>
		<key>1DD70E2920CA41BD00000000</key>
		<dict>
			<key>isa</key>
			<string>PBXFileReference</string>
			<key>name</key>
			<string>HL-Release.xcconfig</string>
			<key>path</key>
			<string>../buck-out/gen/HL/HL-Release.xcconfig</string>
			<key>sourceTree</key>
			<string>SOURCE_ROOT</string>
			<key>explicitFileType</key>
			<string>text.xcconfig</string>
		</dict>
		<key>B401C9792F7F325000000000</key>
		<dict>
			<key>isa</key>
			<string>PBXGroup</string>
			<key>name</key>
			<string>Buck (Do Not Modify)</string>
			<key>sourceTree</key>
			<string><![CDATA[<group>]]></string>
			<key>children</key>
			<array>
				<string>1DD70E294D76073100000000</string>
				<string>1DD70E29AD33965B00000000</string>
				<string>1DD70E2920CA41BD00000000</string>
			</array>
		</dict>
		<key>B401C979B781F65D00000000</key>
		<dict>
			<key>isa</key>
			<string>PBXGroup</string>
			<key>name</key>
			<string>Configurations</string>
			<key>sourceTree</key>
			<string><![CDATA[<group>]]></string>
			<key>children</key>
			<array>
				<string>B401C9792F7F325000000000</string>
			</array>
		</dict>
		<key>1DD70E29F90A469C00000000</key>
		<dict>
			<key>isa</key>
			<string>PBXFileReference</string>
			<key>name</key>
			<string>libAlamofire.a</string>
			<key>path</key>
			<string>libAlamofire.a</string>
			<key>sourceTree</key>
			<string>BUILT_PRODUCTS_DIR</string>
			<key>explicitFileType</key>
			<string>archive.ar</string>
		</dict>
		<key>1DD70E29C66214C000000000</key>
		<dict>
			<key>isa</key>
			<string>PBXFileReference</string>
			<key>name</key>
			<string>libCryptoSwift.a</string>
			<key>path</key>
			<string>libCryptoSwift.a</string>
			<key>sourceTree</key>
			<string>BUILT_PRODUCTS_DIR</string>
			<key>explicitFileType</key>
			<string>archive.ar</string>
		</dict>
		<key>1DD70E29EEF119BE00000000</key>
		<dict>
			<key>isa</key>
			<string>PBXFileReference</string>
			<key>name</key>
			<string>libDifferentiator.a</string>
			<key>path</key>
			<string>libDifferentiator.a</string>
			<key>sourceTree</key>
			<string>BUILT_PRODUCTS_DIR</string>
			<key>explicitFileType</key>
			<string>archive.ar</string>
		</dict>
		<key>1DD70E297CE9DBDB00000000</key>
		<dict>
			<key>isa</key>
			<string>PBXFileReference</string>
			<key>name</key>
			<string>libESPullToRefresh.a</string>
			<key>path</key>
			<string>libESPullToRefresh.a</string>
			<key>sourceTree</key>
			<string>BUILT_PRODUCTS_DIR</string>
			<key>explicitFileType</key>
			<string>archive.ar</string>
		</dict>
		<key>1DD70E299B10B03B00000000</key>
		<dict>
			<key>isa</key>
			<string>PBXFileReference</string>
			<key>name</key>
			<string>libJXPatternLock.a</string>
			<key>path</key>
			<string>libJXPatternLock.a</string>
			<key>sourceTree</key>
			<string>BUILT_PRODUCTS_DIR</string>
			<key>explicitFileType</key>
			<string>archive.ar</string>
		</dict>
		<key>1DD70E29ACEDB17400000000</key>
		<dict>
			<key>isa</key>
			<string>PBXFileReference</string>
			<key>name</key>
			<string>libKingfisher.a</string>
			<key>path</key>
			<string>libKingfisher.a</string>
			<key>sourceTree</key>
			<string>BUILT_PRODUCTS_DIR</string>
			<key>explicitFileType</key>
			<string>archive.ar</string>
		</dict>
		<key>1DD70E29F216B68200000000</key>
		<dict>
			<key>isa</key>
			<string>PBXFileReference</string>
			<key>name</key>
			<string>libMoya.a</string>
			<key>path</key>
			<string>libMoya.a</string>
			<key>sourceTree</key>
			<string>BUILT_PRODUCTS_DIR</string>
			<key>explicitFileType</key>
			<string>archive.ar</string>
		</dict>
		<key>1DD70E29AC7B6E1300000000</key>
		<dict>
			<key>isa</key>
			<string>PBXFileReference</string>
			<key>name</key>
			<string>libPromiseKit.a</string>
			<key>path</key>
			<string>libPromiseKit.a</string>
			<key>sourceTree</key>
			<string>BUILT_PRODUCTS_DIR</string>
			<key>explicitFileType</key>
			<string>archive.ar</string>
		</dict>
		<key>1DD70E299FA7671100000000</key>
		<dict>
			<key>isa</key>
			<string>PBXFileReference</string>
			<key>name</key>
			<string>libRxCocoa.a</string>
			<key>path</key>
			<string>libRxCocoa.a</string>
			<key>sourceTree</key>
			<string>BUILT_PRODUCTS_DIR</string>
			<key>explicitFileType</key>
			<string>archive.ar</string>
		</dict>
		<key>1DD70E296415E13600000000</key>
		<dict>
			<key>isa</key>
			<string>PBXFileReference</string>
			<key>name</key>
			<string>libRxDataSources.a</string>
			<key>path</key>
			<string>libRxDataSources.a</string>
			<key>sourceTree</key>
			<string>BUILT_PRODUCTS_DIR</string>
			<key>explicitFileType</key>
			<string>archive.ar</string>
		</dict>
		<key>1DD70E29A88D3A1900000000</key>
		<dict>
			<key>isa</key>
			<string>PBXFileReference</string>
			<key>name</key>
			<string>libRxRelay.a</string>
			<key>path</key>
			<string>libRxRelay.a</string>
			<key>sourceTree</key>
			<string>BUILT_PRODUCTS_DIR</string>
			<key>explicitFileType</key>
			<string>archive.ar</string>
		</dict>
		<key>1DD70E29FC029D1B00000000</key>
		<dict>
			<key>isa</key>
			<string>PBXFileReference</string>
			<key>name</key>
			<string>libRxSwift.a</string>
			<key>path</key>
			<string>libRxSwift.a</string>
			<key>sourceTree</key>
			<string>BUILT_PRODUCTS_DIR</string>
			<key>explicitFileType</key>
			<string>archive.ar</string>
		</dict>
		<key>1DD70E296AD4004600000000</key>
		<dict>
			<key>isa</key>
			<string>PBXFileReference</string>
			<key>name</key>
			<string>libSwiftyJSON.a</string>
			<key>path</key>
			<string>libSwiftyJSON.a</string>
			<key>sourceTree</key>
			<string>BUILT_PRODUCTS_DIR</string>
			<key>explicitFileType</key>
			<string>archive.ar</string>
		</dict>
		<key>1DD70E29FD9D17B500000000</key>
		<dict>
			<key>isa</key>
			<string>PBXFileReference</string>
			<key>name</key>
			<string>libThen.a</string>
			<key>path</key>
			<string>libThen.a</string>
			<key>sourceTree</key>
			<string>BUILT_PRODUCTS_DIR</string>
			<key>explicitFileType</key>
			<string>archive.ar</string>
		</dict>
		<key>B401C97968022A5500000000</key>
		<dict>
			<key>isa</key>
			<string>PBXGroup</string>
			<key>name</key>
			<string>Frameworks</string>
			<key>sourceTree</key>
			<string><![CDATA[<group>]]></string>
			<key>children</key>
			<array>
				<string>1DD70E29F90A469C00000000</string>
				<string>1DD70E29C66214C000000000</string>
				<string>1DD70E29EEF119BE00000000</string>
				<string>1DD70E297CE9DBDB00000000</string>
				<string>1DD70E299B10B03B00000000</string>
				<string>1DD70E29ACEDB17400000000</string>
				<string>1DD70E29F216B68200000000</string>
				<string>1DD70E29AC7B6E1300000000</string>
				<string>1DD70E299FA7671100000000</string>
				<string>1DD70E296415E13600000000</string>
				<string>1DD70E29A88D3A1900000000</string>
				<string>1DD70E29FC029D1B00000000</string>
				<string>1DD70E296AD4004600000000</string>
				<string>1DD70E29FD9D17B500000000</string>
			</array>
		</dict>
		<key>1DD70E29001F47FB00000000</key>
		<dict>
			<key>isa</key>
			<string>PBXFileReference</string>
			<key>name</key>
			<string>BUCK</string>
			<key>path</key>
			<string>BUCK</string>
			<key>sourceTree</key>
			<string>SOURCE_ROOT</string>
			<key>explicitFileType</key>
			<string>text.script.python</string>
		</dict>
		<key>1DD70E29DD1233D800000000</key>
		<dict>
			<key>isa</key>
			<string>PBXFileReference</string>
			<key>name</key>
			<string>HL.xcassets</string>
			<key>path</key>
			<string>Sources/HL.xcassets</string>
			<key>sourceTree</key>
			<string>SOURCE_ROOT</string>
			<key>explicitFileType</key>
			<string>folder.assetcatalog</string>
		</dict>
		<key>B401C979013EDE0500000000</key>
		<dict>
			<key>isa</key>
			<string>PBXGroup</string>
			<key>name</key>
			<string>Resources</string>
			<key>sourceTree</key>
			<string><![CDATA[<group>]]></string>
			<key>children</key>
			<array>
				<string>1DD70E29DD1233D800000000</string>
			</array>
		</dict>
		<key>1DD70E29D194110800000000</key>
		<dict>
			<key>isa</key>
			<string>PBXFileReference</string>
			<key>name</key>
			<string>AppConfig.swift</string>
			<key>path</key>
			<string>Sources/Config/AppConfig.swift</string>
			<key>sourceTree</key>
			<string>SOURCE_ROOT</string>
		</dict>
		<key>1DD70E29C02C47F000000000</key>
		<dict>
			<key>isa</key>
			<string>PBXFileReference</string>
			<key>name</key>
			<string>ChatMsgConfig.swift</string>
			<key>path</key>
			<string>Sources/Config/ChatMsgConfig.swift</string>
			<key>sourceTree</key>
			<string>SOURCE_ROOT</string>
		</dict>
		<key>1DD70E2990E08BFF00000000</key>
		<dict>
			<key>isa</key>
			<string>PBXFileReference</string>
			<key>name</key>
			<string>LanguageConfig.swift</string>
			<key>path</key>
			<string>Sources/Config/LanguageConfig.swift</string>
			<key>sourceTree</key>
			<string>SOURCE_ROOT</string>
		</dict>
		<key>B401C97978A46F6200000000</key>
		<dict>
			<key>isa</key>
			<string>PBXGroup</string>
			<key>name</key>
			<string>Config</string>
			<key>path</key>
			<string>Sources/Config</string>
			<key>sourceTree</key>
			<string>SOURCE_ROOT</string>
			<key>children</key>
			<array>
				<string>1DD70E29D194110800000000</string>
				<string>1DD70E29C02C47F000000000</string>
				<string>1DD70E2990E08BFF00000000</string>
			</array>
		</dict>
		<key>1DD70E29F86561AF00000000</key>
		<dict>
			<key>isa</key>
			<string>PBXFileReference</string>
			<key>name</key>
			<string>JY+Date.swift</string>
			<key>path</key>
			<string>Sources/Extension/JYExtension/JY+Date.swift</string>
			<key>sourceTree</key>
			<string>SOURCE_ROOT</string>
		</dict>
		<key>1DD70E2910305C3F00000000</key>
		<dict>
			<key>isa</key>
			<string>PBXFileReference</string>
			<key>name</key>
			<string>JY+NSAttributedString.swift</string>
			<key>path</key>
			<string>Sources/Extension/JYExtension/JY+NSAttributedString.swift</string>
			<key>sourceTree</key>
			<string>SOURCE_ROOT</string>
		</dict>
		<key>1DD70E29B140511100000000</key>
		<dict>
			<key>isa</key>
			<string>PBXFileReference</string>
			<key>name</key>
			<string>JY+Refresher.swift</string>
			<key>path</key>
			<string>Sources/Extension/JYExtension/JY+Refresher.swift</string>
			<key>sourceTree</key>
			<string>SOURCE_ROOT</string>
		</dict>
		<key>1DD70E295EF7B4D200000000</key>
		<dict>
			<key>isa</key>
			<string>PBXFileReference</string>
			<key>name</key>
			<string>JY+String.swift</string>
			<key>path</key>
			<string>Sources/Extension/JYExtension/JY+String.swift</string>
			<key>sourceTree</key>
			<string>SOURCE_ROOT</string>
		</dict>
		<key>1DD70E29C02CBCB400000000</key>
		<dict>
			<key>isa</key>
			<string>PBXFileReference</string>
			<key>name</key>
			<string>JY.swift</string>
			<key>path</key>
			<string>Sources/Extension/JYExtension/JY.swift</string>
			<key>sourceTree</key>
			<string>SOURCE_ROOT</string>
		</dict>
		<key>1DD70E29874CF4E700000000</key>
		<dict>
			<key>isa</key>
			<string>PBXFileReference</string>
			<key>name</key>
			<string>JY_Codable.swift</string>
			<key>path</key>
			<string>Sources/Extension/JYExtension/JY_Codable.swift</string>
			<key>sourceTree</key>
			<string>SOURCE_ROOT</string>
		</dict>
		<key>B401C9794A933BB000000000</key>
		<dict>
			<key>isa</key>
			<string>PBXGroup</string>
			<key>name</key>
			<string>JYExtension</string>
			<key>path</key>
			<string>Sources/Extension/JYExtension</string>
			<key>sourceTree</key>
			<string>SOURCE_ROOT</string>
			<key>children</key>
			<array>
				<string>1DD70E29F86561AF00000000</string>
				<string>1DD70E2910305C3F00000000</string>
				<string>1DD70E29B140511100000000</string>
				<string>1DD70E295EF7B4D200000000</string>
				<string>1DD70E29C02CBCB400000000</string>
				<string>1DD70E29874CF4E700000000</string>
			</array>
		</dict>
		<key>1DD70E2903EB562600000000</key>
		<dict>
			<key>isa</key>
			<string>PBXFileReference</string>
			<key>name</key>
			<string>Font-Extension.swift</string>
			<key>path</key>
			<string>Sources/Extension/Font-Extension.swift</string>
			<key>sourceTree</key>
			<string>SOURCE_ROOT</string>
		</dict>
		<key>1DD70E2947E7B11400000000</key>
		<dict>
			<key>isa</key>
			<string>PBXFileReference</string>
			<key>name</key>
			<string>RxSwift-Operators.swift</string>
			<key>path</key>
			<string>Sources/Extension/RxSwift-Operators.swift</string>
			<key>sourceTree</key>
			<string>SOURCE_ROOT</string>
		</dict>
		<key>1DD70E2921B806E600000000</key>
		<dict>
			<key>isa</key>
			<string>PBXFileReference</string>
			<key>name</key>
			<string>UIColor-Extension.swift</string>
			<key>path</key>
			<string>Sources/Extension/UIColor-Extension.swift</string>
			<key>sourceTree</key>
			<string>SOURCE_ROOT</string>
		</dict>
		<key>1DD70E298A8890DE00000000</key>
		<dict>
			<key>isa</key>
			<string>PBXFileReference</string>
			<key>name</key>
			<string>UIImage-Extension.swift</string>
			<key>path</key>
			<string>Sources/Extension/UIImage-Extension.swift</string>
			<key>sourceTree</key>
			<string>SOURCE_ROOT</string>
		</dict>
		<key>B401C97952EF3C1F00000000</key>
		<dict>
			<key>isa</key>
			<string>PBXGroup</string>
			<key>name</key>
			<string>Extension</string>
			<key>path</key>
			<string>Sources/Extension</string>
			<key>sourceTree</key>
			<string>SOURCE_ROOT</string>
			<key>children</key>
			<array>
				<string>B401C9794A933BB000000000</string>
				<string>1DD70E2903EB562600000000</string>
				<string>1DD70E2947E7B11400000000</string>
				<string>1DD70E2921B806E600000000</string>
				<string>1DD70E298A8890DE00000000</string>
			</array>
		</dict>
		<key>1DD70E290D65BAA600000000</key>
		<dict>
			<key>isa</key>
			<string>PBXFileReference</string>
			<key>name</key>
			<string>ModelProtocol.swift</string>
			<key>path</key>
			<string>Sources/Protocol/ModelProtocol.swift</string>
			<key>sourceTree</key>
			<string>SOURCE_ROOT</string>
		</dict>
		<key>1DD70E290F2F29DE00000000</key>
		<dict>
			<key>isa</key>
			<string>PBXFileReference</string>
			<key>name</key>
			<string>ViewControllerProtocol.swift</string>
			<key>path</key>
			<string>Sources/Protocol/ViewControllerProtocol.swift</string>
			<key>sourceTree</key>
			<string>SOURCE_ROOT</string>
		</dict>
		<key>1DD70E296EA6256200000000</key>
		<dict>
			<key>isa</key>
			<string>PBXFileReference</string>
			<key>name</key>
			<string>ViewProtocol.swift</string>
			<key>path</key>
			<string>Sources/Protocol/ViewProtocol.swift</string>
			<key>sourceTree</key>
			<string>SOURCE_ROOT</string>
		</dict>
		<key>B401C979C8E4F2B800000000</key>
		<dict>
			<key>isa</key>
			<string>PBXGroup</string>
			<key>name</key>
			<string>Protocol</string>
			<key>path</key>
			<string>Sources/Protocol</string>
			<key>sourceTree</key>
			<string>SOURCE_ROOT</string>
			<key>children</key>
			<array>
				<string>1DD70E290D65BAA600000000</string>
				<string>1DD70E290F2F29DE00000000</string>
				<string>1DD70E296EA6256200000000</string>
			</array>
		</dict>
		<key>1DD70E29475C87E100000000</key>
		<dict>
			<key>isa</key>
			<string>PBXFileReference</string>
			<key>name</key>
			<string>PlainPing.swift</string>
			<key>path</key>
			<string>Sources/Util/SimplePing/PlainPing.swift</string>
			<key>sourceTree</key>
			<string>SOURCE_ROOT</string>
		</dict>
		<key>1DD70E29B1EED75E00000000</key>
		<dict>
			<key>isa</key>
			<string>PBXFileReference</string>
			<key>name</key>
			<string>SimplePing.h</string>
			<key>path</key>
			<string>Sources/Util/SimplePing/SimplePing.h</string>
			<key>sourceTree</key>
			<string>SOURCE_ROOT</string>
			<key>lastKnownFileType</key>
			<string>sourcecode.c.h</string>
		</dict>
		<key>1DD70E29B1EED76300000000</key>
		<dict>
			<key>isa</key>
			<string>PBXFileReference</string>
			<key>name</key>
			<string>SimplePing.m</string>
			<key>path</key>
			<string>Sources/Util/SimplePing/SimplePing.m</string>
			<key>sourceTree</key>
			<string>SOURCE_ROOT</string>
			<key>lastKnownFileType</key>
			<string>sourcecode.c.objc</string>
		</dict>
		<key>1DD70E2960962EB000000000</key>
		<dict>
			<key>isa</key>
			<string>PBXFileReference</string>
			<key>name</key>
			<string>SimplePingAdapter.swift</string>
			<key>path</key>
			<string>Sources/Util/SimplePing/SimplePingAdapter.swift</string>
			<key>sourceTree</key>
			<string>SOURCE_ROOT</string>
		</dict>
		<key>B401C979217BDA6400000000</key>
		<dict>
			<key>isa</key>
			<string>PBXGroup</string>
			<key>name</key>
			<string>SimplePing</string>
			<key>path</key>
			<string>Sources/Util/SimplePing</string>
			<key>sourceTree</key>
			<string>SOURCE_ROOT</string>
			<key>children</key>
			<array>
				<string>1DD70E29475C87E100000000</string>
				<string>1DD70E29B1EED75E00000000</string>
				<string>1DD70E29B1EED76300000000</string>
				<string>1DD70E2960962EB000000000</string>
			</array>
		</dict>
		<key>1DD70E2966536E4400000000</key>
		<dict>
			<key>isa</key>
			<string>PBXFileReference</string>
			<key>name</key>
			<string>ChatMsgConversion.swift</string>
			<key>path</key>
			<string>Sources/Util/ChatMsgConversion.swift</string>
			<key>sourceTree</key>
			<string>SOURCE_ROOT</string>
		</dict>
		<key>1DD70E29C0EB08E400000000</key>
		<dict>
			<key>isa</key>
			<string>PBXFileReference</string>
			<key>name</key>
			<string>ProxyManager.swift</string>
			<key>path</key>
			<string>Sources/Util/ProxyManager.swift</string>
			<key>sourceTree</key>
			<string>SOURCE_ROOT</string>
		</dict>
		<key>B401C9790028642200000000</key>
		<dict>
			<key>isa</key>
			<string>PBXGroup</string>
			<key>name</key>
			<string>Util</string>
			<key>path</key>
			<string>Sources/Util</string>
			<key>sourceTree</key>
			<string>SOURCE_ROOT</string>
			<key>children</key>
			<array>
				<string>B401C979217BDA6400000000</string>
				<string>1DD70E2966536E4400000000</string>
				<string>1DD70E29C0EB08E400000000</string>
			</array>
		</dict>
		<key>1DD70E29FC79A9DB00000000</key>
		<dict>
			<key>isa</key>
			<string>PBXFileReference</string>
			<key>name</key>
			<string>HLTest.swift</string>
			<key>path</key>
			<string>Sources/HLTest.swift</string>
			<key>sourceTree</key>
			<string>SOURCE_ROOT</string>
		</dict>
		<key>B401C979EAB5339800000000</key>
		<dict>
			<key>isa</key>
			<string>PBXGroup</string>
			<key>name</key>
			<string>Sources</string>
			<key>sourceTree</key>
			<string><![CDATA[<group>]]></string>
			<key>children</key>
			<array>
				<string>B401C97978A46F6200000000</string>
				<string>B401C97952EF3C1F00000000</string>
				<string>B401C979C8E4F2B800000000</string>
				<string>B401C9790028642200000000</string>
				<string>1DD70E29FC79A9DB00000000</string>
			</array>
		</dict>
		<key>B401C9790000090400000000</key>
		<dict>
			<key>isa</key>
			<string>PBXGroup</string>
			<key>name</key>
			<string>HL</string>
			<key>sourceTree</key>
			<string><![CDATA[<group>]]></string>
			<key>children</key>
			<array>
				<string>1DD70E29001F47FB00000000</string>
				<string>B401C979013EDE0500000000</string>
				<string>B401C979EAB5339800000000</string>
			</array>
		</dict>
		<key>1DD70E2909D4B5FC00000000</key>
		<dict>
			<key>isa</key>
			<string>PBXFileReference</string>
			<key>name</key>
			<string>libHL.a</string>
			<key>path</key>
			<string>libHL.a</string>
			<key>sourceTree</key>
			<string>BUILT_PRODUCTS_DIR</string>
			<key>explicitFileType</key>
			<string>archive.ar</string>
		</dict>
		<key>B401C979C806358400000000</key>
		<dict>
			<key>isa</key>
			<string>PBXGroup</string>
			<key>name</key>
			<string>Products</string>
			<key>sourceTree</key>
			<string><![CDATA[<group>]]></string>
			<key>children</key>
			<array>
				<string>1DD70E2909D4B5FC00000000</string>
			</array>
		</dict>
		<key>B401C979EFB6AC4600000000</key>
		<dict>
			<key>isa</key>
			<string>PBXGroup</string>
			<key>name</key>
			<string>mainGroup</string>
			<key>sourceTree</key>
			<string><![CDATA[<group>]]></string>
			<key>children</key>
			<array>
				<string>B401C979B781F65D00000000</string>
				<string>B401C97968022A5500000000</string>
				<string>B401C9790000090400000000</string>
				<string>B401C979C806358400000000</string>
			</array>
		</dict>
		<key>E7A30F04D194110800000000</key>
		<dict>
			<key>isa</key>
			<string>PBXBuildFile</string>
			<key>fileRef</key>
			<string>1DD70E29D194110800000000</string>
		</dict>
		<key>E7A30F04C02C47F000000000</key>
		<dict>
			<key>isa</key>
			<string>PBXBuildFile</string>
			<key>fileRef</key>
			<string>1DD70E29C02C47F000000000</string>
		</dict>
		<key>E7A30F0490E08BFF00000000</key>
		<dict>
			<key>isa</key>
			<string>PBXBuildFile</string>
			<key>fileRef</key>
			<string>1DD70E2990E08BFF00000000</string>
		</dict>
		<key>E7A30F04F86561AF00000000</key>
		<dict>
			<key>isa</key>
			<string>PBXBuildFile</string>
			<key>fileRef</key>
			<string>1DD70E29F86561AF00000000</string>
		</dict>
		<key>E7A30F0410305C3F00000000</key>
		<dict>
			<key>isa</key>
			<string>PBXBuildFile</string>
			<key>fileRef</key>
			<string>1DD70E2910305C3F00000000</string>
		</dict>
		<key>E7A30F04B140511100000000</key>
		<dict>
			<key>isa</key>
			<string>PBXBuildFile</string>
			<key>fileRef</key>
			<string>1DD70E29B140511100000000</string>
		</dict>
		<key>E7A30F045EF7B4D200000000</key>
		<dict>
			<key>isa</key>
			<string>PBXBuildFile</string>
			<key>fileRef</key>
			<string>1DD70E295EF7B4D200000000</string>
		</dict>
		<key>E7A30F04C02CBCB400000000</key>
		<dict>
			<key>isa</key>
			<string>PBXBuildFile</string>
			<key>fileRef</key>
			<string>1DD70E29C02CBCB400000000</string>
		</dict>
		<key>E7A30F04874CF4E700000000</key>
		<dict>
			<key>isa</key>
			<string>PBXBuildFile</string>
			<key>fileRef</key>
			<string>1DD70E29874CF4E700000000</string>
		</dict>
		<key>E7A30F0403EB562600000000</key>
		<dict>
			<key>isa</key>
			<string>PBXBuildFile</string>
			<key>fileRef</key>
			<string>1DD70E2903EB562600000000</string>
		</dict>
		<key>E7A30F0447E7B11400000000</key>
		<dict>
			<key>isa</key>
			<string>PBXBuildFile</string>
			<key>fileRef</key>
			<string>1DD70E2947E7B11400000000</string>
		</dict>
		<key>E7A30F0421B806E600000000</key>
		<dict>
			<key>isa</key>
			<string>PBXBuildFile</string>
			<key>fileRef</key>
			<string>1DD70E2921B806E600000000</string>
		</dict>
		<key>E7A30F048A8890DE00000000</key>
		<dict>
			<key>isa</key>
			<string>PBXBuildFile</string>
			<key>fileRef</key>
			<string>1DD70E298A8890DE00000000</string>
		</dict>
		<key>E7A30F040D65BAA600000000</key>
		<dict>
			<key>isa</key>
			<string>PBXBuildFile</string>
			<key>fileRef</key>
			<string>1DD70E290D65BAA600000000</string>
		</dict>
		<key>E7A30F040F2F29DE00000000</key>
		<dict>
			<key>isa</key>
			<string>PBXBuildFile</string>
			<key>fileRef</key>
			<string>1DD70E290F2F29DE00000000</string>
		</dict>
		<key>E7A30F046EA6256200000000</key>
		<dict>
			<key>isa</key>
			<string>PBXBuildFile</string>
			<key>fileRef</key>
			<string>1DD70E296EA6256200000000</string>
		</dict>
		<key>E7A30F04475C87E100000000</key>
		<dict>
			<key>isa</key>
			<string>PBXBuildFile</string>
			<key>fileRef</key>
			<string>1DD70E29475C87E100000000</string>
		</dict>
		<key>E7A30F04B1EED76300000000</key>
		<dict>
			<key>isa</key>
			<string>PBXBuildFile</string>
			<key>fileRef</key>
			<string>1DD70E29B1EED76300000000</string>
		</dict>
		<key>E7A30F0460962EB000000000</key>
		<dict>
			<key>isa</key>
			<string>PBXBuildFile</string>
			<key>fileRef</key>
			<string>1DD70E2960962EB000000000</string>
		</dict>
		<key>E7A30F0466536E4400000000</key>
		<dict>
			<key>isa</key>
			<string>PBXBuildFile</string>
			<key>fileRef</key>
			<string>1DD70E2966536E4400000000</string>
		</dict>
		<key>E7A30F04C0EB08E400000000</key>
		<dict>
			<key>isa</key>
			<string>PBXBuildFile</string>
			<key>fileRef</key>
			<string>1DD70E29C0EB08E400000000</string>
		</dict>
		<key>E7A30F04FC79A9DB00000000</key>
		<dict>
			<key>isa</key>
			<string>PBXBuildFile</string>
			<key>fileRef</key>
			<string>1DD70E29FC79A9DB00000000</string>
		</dict>
		<key>1870857F0000000000000000</key>
		<dict>
			<key>isa</key>
			<string>PBXSourcesBuildPhase</string>
			<key>files</key>
			<array>
				<string>E7A30F04D194110800000000</string>
				<string>E7A30F04C02C47F000000000</string>
				<string>E7A30F0490E08BFF00000000</string>
				<string>E7A30F04F86561AF00000000</string>
				<string>E7A30F0410305C3F00000000</string>
				<string>E7A30F04B140511100000000</string>
				<string>E7A30F045EF7B4D200000000</string>
				<string>E7A30F04C02CBCB400000000</string>
				<string>E7A30F04874CF4E700000000</string>
				<string>E7A30F0403EB562600000000</string>
				<string>E7A30F0447E7B11400000000</string>
				<string>E7A30F0421B806E600000000</string>
				<string>E7A30F048A8890DE00000000</string>
				<string>E7A30F040D65BAA600000000</string>
				<string>E7A30F040F2F29DE00000000</string>
				<string>E7A30F046EA6256200000000</string>
				<string>E7A30F04475C87E100000000</string>
				<string>E7A30F04B1EED76300000000</string>
				<string>E7A30F0460962EB000000000</string>
				<string>E7A30F0466536E4400000000</string>
				<string>E7A30F04C0EB08E400000000</string>
				<string>E7A30F04FC79A9DB00000000</string>
			</array>
		</dict>
		<key>E7A30F04F90A469C00000000</key>
		<dict>
			<key>isa</key>
			<string>PBXBuildFile</string>
			<key>fileRef</key>
			<string>1DD70E29F90A469C00000000</string>
		</dict>
		<key>E7A30F04C66214C000000000</key>
		<dict>
			<key>isa</key>
			<string>PBXBuildFile</string>
			<key>fileRef</key>
			<string>1DD70E29C66214C000000000</string>
		</dict>
		<key>E7A30F04EEF119BE00000000</key>
		<dict>
			<key>isa</key>
			<string>PBXBuildFile</string>
			<key>fileRef</key>
			<string>1DD70E29EEF119BE00000000</string>
		</dict>
		<key>E7A30F047CE9DBDB00000000</key>
		<dict>
			<key>isa</key>
			<string>PBXBuildFile</string>
			<key>fileRef</key>
			<string>1DD70E297CE9DBDB00000000</string>
		</dict>
		<key>E7A30F049B10B03B00000000</key>
		<dict>
			<key>isa</key>
			<string>PBXBuildFile</string>
			<key>fileRef</key>
			<string>1DD70E299B10B03B00000000</string>
		</dict>
		<key>E7A30F04ACEDB17400000000</key>
		<dict>
			<key>isa</key>
			<string>PBXBuildFile</string>
			<key>fileRef</key>
			<string>1DD70E29ACEDB17400000000</string>
		</dict>
		<key>E7A30F04FC029D1B00000000</key>
		<dict>
			<key>isa</key>
			<string>PBXBuildFile</string>
			<key>fileRef</key>
			<string>1DD70E29FC029D1B00000000</string>
		</dict>
		<key>E7A30F04F216B68200000000</key>
		<dict>
			<key>isa</key>
			<string>PBXBuildFile</string>
			<key>fileRef</key>
			<string>1DD70E29F216B68200000000</string>
		</dict>
		<key>E7A30F04AC7B6E1300000000</key>
		<dict>
			<key>isa</key>
			<string>PBXBuildFile</string>
			<key>fileRef</key>
			<string>1DD70E29AC7B6E1300000000</string>
		</dict>
		<key>E7A30F04A88D3A1900000000</key>
		<dict>
			<key>isa</key>
			<string>PBXBuildFile</string>
			<key>fileRef</key>
			<string>1DD70E29A88D3A1900000000</string>
		</dict>
		<key>E7A30F049FA7671100000000</key>
		<dict>
			<key>isa</key>
			<string>PBXBuildFile</string>
			<key>fileRef</key>
			<string>1DD70E299FA7671100000000</string>
		</dict>
		<key>E7A30F046415E13600000000</key>
		<dict>
			<key>isa</key>
			<string>PBXBuildFile</string>
			<key>fileRef</key>
			<string>1DD70E296415E13600000000</string>
		</dict>
		<key>E7A30F046AD4004600000000</key>
		<dict>
			<key>isa</key>
			<string>PBXBuildFile</string>
			<key>fileRef</key>
			<string>1DD70E296AD4004600000000</string>
		</dict>
		<key>E7A30F04FD9D17B500000000</key>
		<dict>
			<key>isa</key>
			<string>PBXBuildFile</string>
			<key>fileRef</key>
			<string>1DD70E29FD9D17B500000000</string>
		</dict>
		<key>FAF5FAC90000000000000000</key>
		<dict>
			<key>isa</key>
			<string>PBXCopyFilesBuildPhase</string>
			<key>files</key>
			<array>
				<string>E7A30F04F90A469C00000000</string>
				<string>E7A30F04C66214C000000000</string>
				<string>E7A30F04EEF119BE00000000</string>
				<string>E7A30F047CE9DBDB00000000</string>
				<string>E7A30F049B10B03B00000000</string>
				<string>E7A30F04ACEDB17400000000</string>
				<string>E7A30F04FC029D1B00000000</string>
				<string>E7A30F04F216B68200000000</string>
				<string>E7A30F04AC7B6E1300000000</string>
				<string>E7A30F04A88D3A1900000000</string>
				<string>E7A30F049FA7671100000000</string>
				<string>E7A30F046415E13600000000</string>
				<string>E7A30F046AD4004600000000</string>
				<string>E7A30F04FD9D17B500000000</string>
			</array>
			<key>name</key>
			<string>Fake Swift Dependencies (Copy Files Phase)</string>
			<key>runOnlyForDeploymentPostprocessing</key>
			<integer>1</integer>
			<key>dstSubfolderSpec</key>
			<integer>16</integer>
			<key>dstPath</key>
			<string></string>
		</dict>
		<key>4952437303EDA63300000000</key>
		<dict>
			<key>isa</key>
			<string>XCBuildConfiguration</string>
			<key>name</key>
			<string>Debug</string>
			<key>buildSettings</key>
			<dict>
			</dict>
			<key>baseConfigurationReference</key>
			<string>1DD70E294D76073100000000</string>
		</dict>
		<key>4952437350C7218900000000</key>
		<dict>
			<key>isa</key>
			<string>XCBuildConfiguration</string>
			<key>name</key>
			<string>Profile</string>
			<key>buildSettings</key>
			<dict>
			</dict>
			<key>baseConfigurationReference</key>
			<string>1DD70E29AD33965B00000000</string>
		</dict>
		<key>49524373A439BFE700000000</key>
		<dict>
			<key>isa</key>
			<string>XCBuildConfiguration</string>
			<key>name</key>
			<string>Release</string>
			<key>buildSettings</key>
			<dict>
			</dict>
			<key>baseConfigurationReference</key>
			<string>1DD70E2920CA41BD00000000</string>
		</dict>
		<key>218C37090000000000000000</key>
		<dict>
			<key>isa</key>
			<string>XCConfigurationList</string>
			<key>buildConfigurations</key>
			<array>
				<string>4952437303EDA63300000000</string>
				<string>4952437350C7218900000000</string>
				<string>49524373A439BFE700000000</string>
			</array>
			<key>defaultConfigurationIsVisible</key>
			<false/>
		</dict>
		<key>E66DC04E0000090400000000</key>
		<dict>
			<key>isa</key>
			<string>PBXNativeTarget</string>
			<key>name</key>
			<string>HL</string>
			<key>productName</key>
			<string>HL</string>
			<key>productReference</key>
			<string>1DD70E2909D4B5FC00000000</string>
			<key>productType</key>
			<string>com.apple.product-type.library.static</string>
			<key>dependencies</key>
			<array>
			</array>
			<key>buildPhases</key>
			<array>
				<string>1870857F0000000000000000</string>
				<string>FAF5FAC90000000000000000</string>
			</array>
			<key>buildConfigurationList</key>
			<string>218C37090000000000000000</string>
		</dict>
		<key>4952437303EDA63300000001</key>
		<dict>
			<key>isa</key>
			<string>XCBuildConfiguration</string>
			<key>name</key>
			<string>Debug</string>
			<key>buildSettings</key>
			<dict>
			</dict>
		</dict>
		<key>4952437350C7218900000001</key>
		<dict>
			<key>isa</key>
			<string>XCBuildConfiguration</string>
			<key>name</key>
			<string>Profile</string>
			<key>buildSettings</key>
			<dict>
			</dict>
		</dict>
		<key>49524373A439BFE700000001</key>
		<dict>
			<key>isa</key>
			<string>XCBuildConfiguration</string>
			<key>name</key>
			<string>Release</string>
			<key>buildSettings</key>
			<dict>
			</dict>
		</dict>
		<key>218C37090000000000000001</key>
		<dict>
			<key>isa</key>
			<string>XCConfigurationList</string>
			<key>buildConfigurations</key>
			<array>
				<string>4952437303EDA63300000001</string>
				<string>4952437350C7218900000001</string>
				<string>49524373A439BFE700000001</string>
			</array>
			<key>defaultConfigurationIsVisible</key>
			<false/>
		</dict>
		<key>96C847930000090400000000</key>
		<dict>
			<key>isa</key>
			<string>PBXProject</string>
			<key>mainGroup</key>
			<string>B401C979EFB6AC4600000000</string>
			<key>targets</key>
			<array>
				<string>E66DC04E0000090400000000</string>
			</array>
			<key>buildConfigurationList</key>
			<string>218C37090000000000000001</string>
			<key>compatibilityVersion</key>
			<string>Xcode 3.2</string>
			<key>attributes</key>
			<dict>
				<key>LastUpgradeCheck</key>
				<string>9999</string>
			</dict>
		</dict>
	</dict>
	<key>rootObject</key>
	<string>96C847930000090400000000</string>
</dict>
</plist>