// !$*UTF8*$!
{
	archiveVersion = 1;
	classes = {
	};
	objectVersion = 46;
	objects = {

/* Begin PBXBuildFile section */
		9485A5DE2428859F0046FE67 /* ChatMsgConversion.swift in Sources */ = {isa = PBXBuildFile; fileRef = 9485A5DD2428859F0046FE67 /* ChatMsgConversion.swift */; };
		9485A5E2242888C10046FE67 /* ModelProtocol.swift in Sources */ = {isa = PBXBuildFile; fileRef = 9485A5E1242888C10046FE67 /* ModelProtocol.swift */; };
		9485A5E42428894A0046FE67 /* ViewProtocol.swift in Sources */ = {isa = PBXBuildFile; fileRef = 9485A5E32428894A0046FE67 /* ViewProtocol.swift */; };
		9485A5E62428895C0046FE67 /* ViewControllerProtocol.swift in Sources */ = {isa = PBXBuildFile; fileRef = 9485A5E52428895C0046FE67 /* ViewControllerProtocol.swift */; };
		9485A5E924288CBB0046FE67 /* ChatMsgConfig.swift in Sources */ = {isa = PBXBuildFile; fileRef = 9485A5E824288CBB0046FE67 /* ChatMsgConfig.swift */; };
		9485A5EF242890DE0046FE67 /* LanguageConfig.swift in Sources */ = {isa = PBXBuildFile; fileRef = 9485A5EE242890DE0046FE67 /* LanguageConfig.swift */; };
		E7A30F046415E13600000000 /* libRxDataSources.a in Fake Swift Dependencies (Copy Files Phase) */ = {isa = PBXBuildFile; fileRef = 1DD70E296415E13600000000 /* libRxDataSources.a */; };
		E7A30F046AD4004600000000 /* libSwiftyJSON.a in Fake Swift Dependencies (Copy Files Phase) */ = {isa = PBXBuildFile; fileRef = 1DD70E296AD4004600000000 /* libSwiftyJSON.a */; };
		E7A30F047CE9DBDB00000000 /* libESPullToRefresh.a in Fake Swift Dependencies (Copy Files Phase) */ = {isa = PBXBuildFile; fileRef = 1DD70E297CE9DBDB00000000 /* libESPullToRefresh.a */; };
		E7A30F049B10B03B00000000 /* libJXPatternLock.a in Fake Swift Dependencies (Copy Files Phase) */ = {isa = PBXBuildFile; fileRef = 1DD70E299B10B03B00000000 /* libJXPatternLock.a */; };
		E7A30F049FA7671100000000 /* libRxCocoa.a in Fake Swift Dependencies (Copy Files Phase) */ = {isa = PBXBuildFile; fileRef = 1DD70E299FA7671100000000 /* libRxCocoa.a */; };
		E7A30F04A88D3A1900000000 /* libRxRelay.a in Fake Swift Dependencies (Copy Files Phase) */ = {isa = PBXBuildFile; fileRef = 1DD70E29A88D3A1900000000 /* libRxRelay.a */; };
		E7A30F04AC7B6E1300000000 /* libPromiseKit.a in Fake Swift Dependencies (Copy Files Phase) */ = {isa = PBXBuildFile; fileRef = 1DD70E29AC7B6E1300000000 /* libPromiseKit.a */; };
		E7A30F04ACEDB17400000000 /* libKingfisher.a in Fake Swift Dependencies (Copy Files Phase) */ = {isa = PBXBuildFile; fileRef = 1DD70E29ACEDB17400000000 /* libKingfisher.a */; };
		E7A30F04EEF119BE00000000 /* libDifferentiator.a in Fake Swift Dependencies (Copy Files Phase) */ = {isa = PBXBuildFile; fileRef = 1DD70E29EEF119BE00000000 /* libDifferentiator.a */; };
		E7A30F04F216B68200000000 /* libMoya.a in Fake Swift Dependencies (Copy Files Phase) */ = {isa = PBXBuildFile; fileRef = 1DD70E29F216B68200000000 /* libMoya.a */; };
		E7A30F04F90A469C00000000 /* libAlamofire.a in Fake Swift Dependencies (Copy Files Phase) */ = {isa = PBXBuildFile; fileRef = 1DD70E29F90A469C00000000 /* libAlamofire.a */; };
		E7A30F04FC029D1B00000000 /* libRxSwift.a in Fake Swift Dependencies (Copy Files Phase) */ = {isa = PBXBuildFile; fileRef = 1DD70E29FC029D1B00000000 /* libRxSwift.a */; };
		E7A30F04FC79A9DB00000000 /* HLTest.swift in Sources */ = {isa = PBXBuildFile; fileRef = 1DD70E29FC79A9DB00000000 /* HLTest.swift */; };
		E7A30F04FD9D17B500000000 /* libThen.a in Fake Swift Dependencies (Copy Files Phase) */ = {isa = PBXBuildFile; fileRef = 1DD70E29FD9D17B500000000 /* libThen.a */; };
/* End PBXBuildFile section */

/* Begin PBXCopyFilesBuildPhase section */
		FAF5FAC90000000000000000 /* Fake Swift Dependencies (Copy Files Phase) */ = {
			isa = PBXCopyFilesBuildPhase;
			buildActionMask = 0;
			dstPath = "";
			dstSubfolderSpec = 16;
			files = (
				E7A30F04F90A469C00000000 /* libAlamofire.a in Fake Swift Dependencies (Copy Files Phase) */,
				E7A30F04EEF119BE00000000 /* libDifferentiator.a in Fake Swift Dependencies (Copy Files Phase) */,
				E7A30F047CE9DBDB00000000 /* libESPullToRefresh.a in Fake Swift Dependencies (Copy Files Phase) */,
				E7A30F049B10B03B00000000 /* libJXPatternLock.a in Fake Swift Dependencies (Copy Files Phase) */,
				E7A30F04ACEDB17400000000 /* libKingfisher.a in Fake Swift Dependencies (Copy Files Phase) */,
				E7A30F04FC029D1B00000000 /* libRxSwift.a in Fake Swift Dependencies (Copy Files Phase) */,
				E7A30F04F216B68200000000 /* libMoya.a in Fake Swift Dependencies (Copy Files Phase) */,
				E7A30F04AC7B6E1300000000 /* libPromiseKit.a in Fake Swift Dependencies (Copy Files Phase) */,
				E7A30F04A88D3A1900000000 /* libRxRelay.a in Fake Swift Dependencies (Copy Files Phase) */,
				E7A30F049FA7671100000000 /* libRxCocoa.a in Fake Swift Dependencies (Copy Files Phase) */,
				E7A30F046415E13600000000 /* libRxDataSources.a in Fake Swift Dependencies (Copy Files Phase) */,
				E7A30F046AD4004600000000 /* libSwiftyJSON.a in Fake Swift Dependencies (Copy Files Phase) */,
				E7A30F04FD9D17B500000000 /* libThen.a in Fake Swift Dependencies (Copy Files Phase) */,
			);
			name = "Fake Swift Dependencies (Copy Files Phase)";
			runOnlyForDeploymentPostprocessing = 1;
		};
/* End PBXCopyFilesBuildPhase section */

/* Begin PBXFileReference section */
		1DD70E29001F47FB00000000 /* BUCK */ = {isa = PBXFileReference; explicitFileType = text.script.python; path = BUCK; sourceTree = SOURCE_ROOT; };
		1DD70E2909D4B5FC00000000 /* libHL.a */ = {isa = PBXFileReference; explicitFileType = archive.ar; path = libHL.a; sourceTree = BUILT_PRODUCTS_DIR; };
		1DD70E2920CA41BD00000000 /* HL-Release.xcconfig */ = {isa = PBXFileReference; explicitFileType = text.xcconfig; name = "HL-Release.xcconfig"; path = "../buck-out/gen/HL/HL-Release.xcconfig"; sourceTree = SOURCE_ROOT; };
		1DD70E294D76073100000000 /* HL-Debug.xcconfig */ = {isa = PBXFileReference; explicitFileType = text.xcconfig; name = "HL-Debug.xcconfig"; path = "../buck-out/gen/HL/HL-Debug.xcconfig"; sourceTree = SOURCE_ROOT; };
		1DD70E296415E13600000000 /* libRxDataSources.a */ = {isa = PBXFileReference; explicitFileType = archive.ar; path = libRxDataSources.a; sourceTree = BUILT_PRODUCTS_DIR; };
		1DD70E296AD4004600000000 /* libSwiftyJSON.a */ = {isa = PBXFileReference; explicitFileType = archive.ar; path = libSwiftyJSON.a; sourceTree = BUILT_PRODUCTS_DIR; };
		1DD70E297CE9DBDB00000000 /* libESPullToRefresh.a */ = {isa = PBXFileReference; explicitFileType = archive.ar; path = libESPullToRefresh.a; sourceTree = BUILT_PRODUCTS_DIR; };
		1DD70E299B10B03B00000000 /* libJXPatternLock.a */ = {isa = PBXFileReference; explicitFileType = archive.ar; path = libJXPatternLock.a; sourceTree = BUILT_PRODUCTS_DIR; };
		1DD70E299FA7671100000000 /* libRxCocoa.a */ = {isa = PBXFileReference; explicitFileType = archive.ar; path = libRxCocoa.a; sourceTree = BUILT_PRODUCTS_DIR; };
		1DD70E29A88D3A1900000000 /* libRxRelay.a */ = {isa = PBXFileReference; explicitFileType = archive.ar; path = libRxRelay.a; sourceTree = BUILT_PRODUCTS_DIR; };
		1DD70E29AC7B6E1300000000 /* libPromiseKit.a */ = {isa = PBXFileReference; explicitFileType = archive.ar; path = libPromiseKit.a; sourceTree = BUILT_PRODUCTS_DIR; };
		1DD70E29ACEDB17400000000 /* libKingfisher.a */ = {isa = PBXFileReference; explicitFileType = archive.ar; path = libKingfisher.a; sourceTree = BUILT_PRODUCTS_DIR; };
		1DD70E29AD33965B00000000 /* HL-Profile.xcconfig */ = {isa = PBXFileReference; explicitFileType = text.xcconfig; name = "HL-Profile.xcconfig"; path = "../buck-out/gen/HL/HL-Profile.xcconfig"; sourceTree = SOURCE_ROOT; };
		1DD70E29EEF119BE00000000 /* libDifferentiator.a */ = {isa = PBXFileReference; explicitFileType = archive.ar; path = libDifferentiator.a; sourceTree = BUILT_PRODUCTS_DIR; };
		1DD70E29F216B68200000000 /* libMoya.a */ = {isa = PBXFileReference; explicitFileType = archive.ar; path = libMoya.a; sourceTree = BUILT_PRODUCTS_DIR; };
		1DD70E29F90A469C00000000 /* libAlamofire.a */ = {isa = PBXFileReference; explicitFileType = archive.ar; path = libAlamofire.a; sourceTree = BUILT_PRODUCTS_DIR; };
		1DD70E29FC029D1B00000000 /* libRxSwift.a */ = {isa = PBXFileReference; explicitFileType = archive.ar; path = libRxSwift.a; sourceTree = BUILT_PRODUCTS_DIR; };
		1DD70E29FC79A9DB00000000 /* HLTest.swift */ = {isa = PBXFileReference; lastKnownFileType = sourcecode.swift; name = HLTest.swift; path = Sources/HLTest.swift; sourceTree = SOURCE_ROOT; };
		1DD70E29FD9D17B500000000 /* libThen.a */ = {isa = PBXFileReference; explicitFileType = archive.ar; path = libThen.a; sourceTree = BUILT_PRODUCTS_DIR; };
		9485A5DD2428859F0046FE67 /* ChatMsgConversion.swift */ = {isa = PBXFileReference; lastKnownFileType = sourcecode.swift; path = ChatMsgConversion.swift; sourceTree = "<group>"; };
		9485A5E1242888C10046FE67 /* ModelProtocol.swift */ = {isa = PBXFileReference; lastKnownFileType = sourcecode.swift; path = ModelProtocol.swift; sourceTree = "<group>"; };
		9485A5E32428894A0046FE67 /* ViewProtocol.swift */ = {isa = PBXFileReference; lastKnownFileType = sourcecode.swift; path = ViewProtocol.swift; sourceTree = "<group>"; };
		9485A5E52428895C0046FE67 /* ViewControllerProtocol.swift */ = {isa = PBXFileReference; lastKnownFileType = sourcecode.swift; path = ViewControllerProtocol.swift; sourceTree = "<group>"; };
		9485A5E824288CBB0046FE67 /* ChatMsgConfig.swift */ = {isa = PBXFileReference; lastKnownFileType = sourcecode.swift; path = ChatMsgConfig.swift; sourceTree = "<group>"; };
		9485A5EE242890DE0046FE67 /* LanguageConfig.swift */ = {isa = PBXFileReference; fileEncoding = 4; lastKnownFileType = sourcecode.swift; path = LanguageConfig.swift; sourceTree = "<group>"; };
/* End PBXFileReference section */

/* Begin PBXGroup section */
		9485A5DC242869B90046FE67 /* Util */ = {
			isa = PBXGroup;
			children = (
				9485A5DD2428859F0046FE67 /* ChatMsgConversion.swift */,
			);
			name = Util;
			path = Sources/Util;
			sourceTree = "<group>";
		};
		9485A5E0242887C90046FE67 /* Protocol */ = {
			isa = PBXGroup;
			children = (
				9485A5E1242888C10046FE67 /* ModelProtocol.swift */,
				9485A5E32428894A0046FE67 /* ViewProtocol.swift */,
				9485A5E52428895C0046FE67 /* ViewControllerProtocol.swift */,
			);
			name = Protocol;
			path = Sources/Protocol;
			sourceTree = "<group>";
		};
		9485A5E724288C060046FE67 /* Config */ = {
			isa = PBXGroup;
			children = (
				9485A5E824288CBB0046FE67 /* ChatMsgConfig.swift */,
				9485A5EE242890DE0046FE67 /* LanguageConfig.swift */,
			);
			name = Config;
			path = Sources/Config;
			sourceTree = "<group>";
		};
		B401C9790000090400000000 /* HL */ = {
			isa = PBXGroup;
			children = (
				1DD70E29001F47FB00000000 /* BUCK */,
				B401C979EAB5339800000000 /* Sources */,
			);
			name = HL;
			sourceTree = "<group>";
		};
		B401C9792F7F325000000000 /* Buck (Do Not Modify) */ = {
			isa = PBXGroup;
			children = (
				1DD70E294D76073100000000 /* HL-Debug.xcconfig */,
				1DD70E29AD33965B00000000 /* HL-Profile.xcconfig */,
				1DD70E2920CA41BD00000000 /* HL-Release.xcconfig */,
			);
			name = "Buck (Do Not Modify)";
			sourceTree = "<group>";
		};
		B401C97968022A5500000000 /* Frameworks */ = {
			isa = PBXGroup;
			children = (
				1DD70E29F90A469C00000000 /* libAlamofire.a */,
				1DD70E29EEF119BE00000000 /* libDifferentiator.a */,
				1DD70E297CE9DBDB00000000 /* libESPullToRefresh.a */,
				1DD70E299B10B03B00000000 /* libJXPatternLock.a */,
				1DD70E29ACEDB17400000000 /* libKingfisher.a */,
				1DD70E29F216B68200000000 /* libMoya.a */,
				1DD70E29AC7B6E1300000000 /* libPromiseKit.a */,
				1DD70E299FA7671100000000 /* libRxCocoa.a */,
				1DD70E296415E13600000000 /* libRxDataSources.a */,
				1DD70E29A88D3A1900000000 /* libRxRelay.a */,
				1DD70E29FC029D1B00000000 /* libRxSwift.a */,
				1DD70E296AD4004600000000 /* libSwiftyJSON.a */,
				1DD70E29FD9D17B500000000 /* libThen.a */,
			);
			name = Frameworks;
			sourceTree = "<group>";
		};
		B401C979B781F65D00000000 /* Configurations */ = {
			isa = PBXGroup;
			children = (
				B401C9792F7F325000000000 /* Buck (Do Not Modify) */,
			);
			name = Configurations;
			sourceTree = "<group>";
		};
		B401C979C806358400000000 /* Products */ = {
			isa = PBXGroup;
			children = (
				1DD70E2909D4B5FC00000000 /* libHL.a */,
			);
			name = Products;
			sourceTree = "<group>";
		};
		B401C979EAB5339800000000 /* Sources */ = {
			isa = PBXGroup;
			children = (
				1DD70E29FC79A9DB00000000 /* HLTest.swift */,
				9485A5E724288C060046FE67 /* Config */,
				9485A5DC242869B90046FE67 /* Util */,
				9485A5E0242887C90046FE67 /* Protocol */,
			);
			name = Sources;
			sourceTree = "<group>";
		};
		B401C979EFB6AC4600000000 /* mainGroup */ = {
			isa = PBXGroup;
			children = (
				B401C979B781F65D00000000 /* Configurations */,
				B401C97968022A5500000000 /* Frameworks */,
				B401C9790000090400000000 /* HL */,
				B401C979C806358400000000 /* Products */,
			);
			name = mainGroup;
			sourceTree = "<group>";
		};
/* End PBXGroup section */

/* Begin PBXNativeTarget section */
		E66DC04E0000090400000000 /* HL */ = {
			isa = PBXNativeTarget;
			buildConfigurationList = 218C37090000000000000000 /* Build configuration list for PBXNativeTarget "HL" */;
			buildPhases = (
				1870857F0000000000000000 /* Sources */,
				FAF5FAC90000000000000000 /* Fake Swift Dependencies (Copy Files Phase) */,
			);
			buildRules = (
			);
			dependencies = (
			);
			name = HL;
			productName = HL;
			productReference = 1DD70E2909D4B5FC00000000 /* libHL.a */;
			productType = "com.apple.product-type.library.static";
		};
/* End PBXNativeTarget section */

/* Begin PBXProject section */
		96C847930000090400000000 /* Project object */ = {
			isa = PBXProject;
			attributes = {
				LastUpgradeCheck = 9999;
			};
			buildConfigurationList = 218C37090000000000000001 /* Build configuration list for PBXProject "HL" */;
			compatibilityVersion = "Xcode 3.2";
			developmentRegion = en;
			hasScannedForEncodings = 0;
			knownRegions = (
				en,
				Base,
			);
			mainGroup = B401C979EFB6AC4600000000 /* mainGroup */;
			projectDirPath = "";
			projectRoot = "";
			targets = (
				E66DC04E0000090400000000 /* HL */,
			);
		};
/* End PBXProject section */

/* Begin PBXSourcesBuildPhase section */
		1870857F0000000000000000 /* Sources */ = {
			isa = PBXSourcesBuildPhase;
			buildActionMask = 0;
			files = (
				E7A30F04FC79A9DB00000000 /* HLTest.swift in Sources */,
				9485A5E2242888C10046FE67 /* ModelProtocol.swift in Sources */,
				9485A5E42428894A0046FE67 /* ViewProtocol.swift in Sources */,
				9485A5E62428895C0046FE67 /* ViewControllerProtocol.swift in Sources */,
				9485A5DE2428859F0046FE67 /* ChatMsgConversion.swift in Sources */,
				9485A5EF242890DE0046FE67 /* LanguageConfig.swift in Sources */,
				9485A5E924288CBB0046FE67 /* ChatMsgConfig.swift in Sources */,
			);
			runOnlyForDeploymentPostprocessing = 0;
		};
/* End PBXSourcesBuildPhase section */

/* Begin XCBuildConfiguration section */
		4952437303EDA63300000000 /* Debug */ = {
			isa = XCBuildConfiguration;
			baseConfigurationReference = 1DD70E294D76073100000000 /* HL-Debug.xcconfig */;
			buildSettings = {
			};
			name = Debug;
		};
		4952437303EDA63300000001 /* Debug */ = {
			isa = XCBuildConfiguration;
			buildSettings = {
			};
			name = Debug;
		};
		4952437350C7218900000000 /* Profile */ = {
			isa = XCBuildConfiguration;
			baseConfigurationReference = 1DD70E29AD33965B00000000 /* HL-Profile.xcconfig */;
			buildSettings = {
			};
			name = Profile;
		};
		4952437350C7218900000001 /* Profile */ = {
			isa = XCBuildConfiguration;
			buildSettings = {
			};
			name = Profile;
		};
		49524373A439BFE700000000 /* Release */ = {
			isa = XCBuildConfiguration;
			baseConfigurationReference = 1DD70E2920CA41BD00000000 /* HL-Release.xcconfig */;
			buildSettings = {
			};
			name = Release;
		};
		49524373A439BFE700000001 /* Release */ = {
			isa = XCBuildConfiguration;
			buildSettings = {
			};
			name = Release;
		};
/* End XCBuildConfiguration section */

/* Begin XCConfigurationList section */
		218C37090000000000000000 /* Build configuration list for PBXNativeTarget "HL" */ = {
			isa = XCConfigurationList;
			buildConfigurations = (
				4952437303EDA63300000000 /* Debug */,
				4952437350C7218900000000 /* Profile */,
				49524373A439BFE700000000 /* Release */,
			);
			defaultConfigurationIsVisible = 0;
			defaultConfigurationName = Release;
		};
		218C37090000000000000001 /* Build configuration list for PBXProject "HL" */ = {
			isa = XCConfigurationList;
			buildConfigurations = (
				4952437303EDA63300000001 /* Debug */,
				4952437350C7218900000001 /* Profile */,
				49524373A439BFE700000001 /* Release */,
			);
			defaultConfigurationIsVisible = 0;
			defaultConfigurationName = Release;
		};
/* End XCConfigurationList section */
	};
	rootObject = 96C847930000090400000000 /* Project object */;
}
